{
  "version": 4,
  "terraform_version": "1.12.2",
  "serial": 480,
  "lineage": "d8b8f24e-efc4-7393-3bea-079a6558bf04",
  "outputs": {
    "alb_dns_name": {
      "value": "konecta-ass1-dev-alb-2094459706.us-east-1.elb.amazonaws.com",
      "type": "string"
    },
    "api_gateway_service_name": {
      "value": "konecta-ass1-dev-api-gateway",
      "type": "string"
    },
    "authentication_service_name": {
      "value": "konecta-ass1-dev-authentication-service",
      "type": "string"
    },
    "cluster_id": {
      "value": "arn:aws:ecs:us-east-1:585768179815:cluster/konecta-ass1-dev-cluster",
      "type": "string"
    },
    "cluster_name": {
      "value": "konecta-ass1-dev-cluster",
      "type": "string"
    },
    "private_subnet_ids": {
      "value": [
        "subnet-0582b6c829c182676",
        "subnet-065bdde15d9247621"
      ],
      "type": [
        "tuple",
        [
          "string",
          "string"
        ]
      ]
    },
    "public_subnet_ids": {
      "value": [
        "subnet-08d581eda956a088b",
        "subnet-0e7360c276d692b93"
      ],
      "type": [
        "tuple",
        [
          "string",
          "string"
        ]
      ]
    },
    "rds_endpoint": {
      "value": "konecta-ass1-dev-db.ckj2g0ue01hn.us-east-1.rds.amazonaws.com:1433",
      "type": "string"
    },
    "service_discovery_namespace": {
      "value": "konecta-ass1.local",
      "type": "string"
    },
    "vpc_id": {
      "value": "vpc-0ea9fa2e27abda476",
      "type": "string"
    }
  },
  "resources": [
    {
      "module": "module.ecr",
      "mode": "managed",
      "type": "aws_ecr_repository",
      "name": "api_gateway",
      "provider": "provider[\"registry.terraform.io/hashicorp/aws\"]",
      "instances": [
        {
          "schema_version": 0,
          "attributes": {
            "arn": "arn:aws:ecr:us-east-1:585768179815:repository/konecta-ass1-dev-api-gateway",
            "encryption_configuration": [
              {
                "encryption_type": "AES256",
                "kms_key": ""
              }
            ],
            "force_delete": null,
            "id": "konecta-ass1-dev-api-gateway",
            "image_scanning_configuration": [
              {
                "scan_on_push": true
              }
            ],
            "image_tag_mutability": "MUTABLE",
            "name": "konecta-ass1-dev-api-gateway",
            "registry_id": "585768179815",
            "repository_url": "585768179815.dkr.ecr.us-east-1.amazonaws.com/konecta-ass1-dev-api-gateway",
            "tags": {
              "Environment": "dev",
              "Name": "konecta-ass1-dev-api-gateway",
              "Service": "api-gateway"
            },
            "tags_all": {
              "Environment": "dev",
              "Name": "konecta-ass1-dev-api-gateway",
              "Service": "api-gateway"
            },
            "timeouts": null
          },
          "sensitive_attributes": [],
          "identity_schema_version": 0,
          "private": "eyJlMmJmYjczMC1lY2FhLTExZTYtOGY4OC0zNDM2M2JjN2M0YzAiOnsiZGVsZXRlIjoxMjAwMDAwMDAwMDAwfX0="
        }
      ]
    },
    {
      "module": "module.ecr",
      "mode": "managed",
      "type": "aws_ecr_repository",
      "name": "authentication_service",
      "provider": "provider[\"registry.terraform.io/hashicorp/aws\"]",
      "instances": [
        {
          "schema_version": 0,
          "attributes": {
            "arn": "arn:aws:ecr:us-east-1:585768179815:repository/konecta-ass1-dev-authentication-service",
            "encryption_configuration": [
              {
                "encryption_type": "AES256",
                "kms_key": ""
              }
            ],
            "force_delete": null,
            "id": "konecta-ass1-dev-authentication-service",
            "image_scanning_configuration": [
              {
                "scan_on_push": true
              }
            ],
            "image_tag_mutability": "MUTABLE",
            "name": "konecta-ass1-dev-authentication-service",
            "registry_id": "585768179815",
            "repository_url": "585768179815.dkr.ecr.us-east-1.amazonaws.com/konecta-ass1-dev-authentication-service",
            "tags": {
              "Environment": "dev",
              "Name": "konecta-ass1-dev-authentication-service",
              "Service": "authentication-service"
            },
            "tags_all": {
              "Environment": "dev",
              "Name": "konecta-ass1-dev-authentication-service",
              "Service": "authentication-service"
            },
            "timeouts": null
          },
          "sensitive_attributes": [],
          "identity_schema_version": 0,
          "private": "eyJlMmJmYjczMC1lY2FhLTExZTYtOGY4OC0zNDM2M2JjN2M0YzAiOnsiZGVsZXRlIjoxMjAwMDAwMDAwMDAwfX0="
        }
      ]
    },
    {
      "module": "module.ecr",
      "mode": "managed",
      "type": "aws_ecr_repository",
      "name": "config_server",
      "provider": "provider[\"registry.terraform.io/hashicorp/aws\"]",
      "instances": [
        {
          "schema_version": 0,
          "attributes": {
            "arn": "arn:aws:ecr:us-east-1:585768179815:repository/konecta-ass1-dev-config-server",
            "encryption_configuration": [
              {
                "encryption_type": "AES256",
                "kms_key": ""
              }
            ],
            "force_delete": null,
            "id": "konecta-ass1-dev-config-server",
            "image_scanning_configuration": [
              {
                "scan_on_push": true
              }
            ],
            "image_tag_mutability": "MUTABLE",
            "name": "konecta-ass1-dev-config-server",
            "registry_id": "585768179815",
            "repository_url": "585768179815.dkr.ecr.us-east-1.amazonaws.com/konecta-ass1-dev-config-server",
            "tags": {
              "Environment": "dev",
              "Name": "konecta-ass1-dev-config-server",
              "Service": "config-server"
            },
            "tags_all": {
              "Environment": "dev",
              "Name": "konecta-ass1-dev-config-server",
              "Service": "config-server"
            },
            "timeouts": null
          },
          "sensitive_attributes": [],
          "identity_schema_version": 0,
          "private": "eyJlMmJmYjczMC1lY2FhLTExZTYtOGY4OC0zNDM2M2JjN2M0YzAiOnsiZGVsZXRlIjoxMjAwMDAwMDAwMDAwfX0="
        }
      ]
    },
    {
      "module": "module.ecr",
      "mode": "managed",
      "type": "aws_ecr_repository",
      "name": "finance_service",
      "provider": "provider[\"registry.terraform.io/hashicorp/aws\"]",
      "instances": [
        {
          "schema_version": 0,
          "attributes": {
            "arn": "arn:aws:ecr:us-east-1:585768179815:repository/konecta-ass1-dev-finance-service",
            "encryption_configuration": [
              {
                "encryption_type": "AES256",
                "kms_key": ""
              }
            ],
            "force_delete": null,
            "id": "konecta-ass1-dev-finance-service",
            "image_scanning_configuration": [
              {
                "scan_on_push": true
              }
            ],
            "image_tag_mutability": "MUTABLE",
            "name": "konecta-ass1-dev-finance-service",
            "registry_id": "585768179815",
            "repository_url": "585768179815.dkr.ecr.us-east-1.amazonaws.com/konecta-ass1-dev-finance-service",
            "tags": {
              "Environment": "dev",
              "Name": "konecta-ass1-dev-finance-service",
              "Service": "finance-service"
            },
            "tags_all": {
              "Environment": "dev",
              "Name": "konecta-ass1-dev-finance-service",
              "Service": "finance-service"
            },
            "timeouts": null
          },
          "sensitive_attributes": [],
          "identity_schema_version": 0,
          "private": "eyJlMmJmYjczMC1lY2FhLTExZTYtOGY4OC0zNDM2M2JjN2M0YzAiOnsiZGVsZXRlIjoxMjAwMDAwMDAwMDAwfX0="
        }
      ]
    },
    {
      "module": "module.ecr",
      "mode": "managed",
      "type": "aws_ecr_repository",
      "name": "hr_model",
      "provider": "provider[\"registry.terraform.io/hashicorp/aws\"]",
      "instances": [
        {
          "schema_version": 0,
          "attributes": {
            "arn": "arn:aws:ecr:us-east-1:585768179815:repository/konecta-ass1-dev-hr-model",
            "encryption_configuration": [
              {
                "encryption_type": "AES256",
                "kms_key": ""
              }
            ],
            "force_delete": null,
            "id": "konecta-ass1-dev-hr-model",
            "image_scanning_configuration": [
              {
                "scan_on_push": true
              }
            ],
            "image_tag_mutability": "MUTABLE",
            "name": "konecta-ass1-dev-hr-model",
            "registry_id": "585768179815",
            "repository_url": "585768179815.dkr.ecr.us-east-1.amazonaws.com/konecta-ass1-dev-hr-model",
            "tags": {
              "Environment": "dev",
              "Name": "konecta-ass1-dev-hr-model",
              "Service": "hr-model"
            },
            "tags_all": {
              "Environment": "dev",
              "Name": "konecta-ass1-dev-hr-model",
              "Service": "hr-model"
            },
            "timeouts": null
          },
          "sensitive_attributes": [],
          "identity_schema_version": 0,
          "private": "eyJlMmJmYjczMC1lY2FhLTExZTYtOGY4OC0zNDM2M2JjN2M0YzAiOnsiZGVsZXRlIjoxMjAwMDAwMDAwMDAwfX0="
        }
      ]
    },
    {
      "module": "module.ecr",
      "mode": "managed",
      "type": "aws_ecr_repository",
      "name": "hr_service",
      "provider": "provider[\"registry.terraform.io/hashicorp/aws\"]",
      "instances": [
        {
          "schema_version": 0,
          "attributes": {
            "arn": "arn:aws:ecr:us-east-1:585768179815:repository/konecta-ass1-dev-hr-service",
            "encryption_configuration": [
              {
                "encryption_type": "AES256",
                "kms_key": ""
              }
            ],
            "force_delete": null,
            "id": "konecta-ass1-dev-hr-service",
            "image_scanning_configuration": [
              {
                "scan_on_push": true
              }
            ],
            "image_tag_mutability": "MUTABLE",
            "name": "konecta-ass1-dev-hr-service",
            "registry_id": "585768179815",
            "repository_url": "585768179815.dkr.ecr.us-east-1.amazonaws.com/konecta-ass1-dev-hr-service",
            "tags": {
              "Environment": "dev",
              "Name": "konecta-ass1-dev-hr-service",
              "Service": "hr-service"
            },
            "tags_all": {
              "Environment": "dev",
              "Name": "konecta-ass1-dev-hr-service",
              "Service": "hr-service"
            },
            "timeouts": null
          },
          "sensitive_attributes": [],
          "identity_schema_version": 0,
          "private": "eyJlMmJmYjczMC1lY2FhLTExZTYtOGY4OC0zNDM2M2JjN2M0YzAiOnsiZGVsZXRlIjoxMjAwMDAwMDAwMDAwfX0="
        }
      ]
    },
    {
      "module": "module.ecr",
      "mode": "managed",
      "type": "aws_ecr_repository",
      "name": "inventory_service",
      "provider": "provider[\"registry.terraform.io/hashicorp/aws\"]",
      "instances": [
        {
          "schema_version": 0,
          "attributes": {
            "arn": "arn:aws:ecr:us-east-1:585768179815:repository/konecta-ass1-dev-inventory-service",
            "encryption_configuration": [
              {
                "encryption_type": "AES256",
                "kms_key": ""
              }
            ],
            "force_delete": null,
            "id": "konecta-ass1-dev-inventory-service",
            "image_scanning_configuration": [
              {
                "scan_on_push": true
              }
            ],
            "image_tag_mutability": "MUTABLE",
            "name": "konecta-ass1-dev-inventory-service",
            "registry_id": "585768179815",
            "repository_url": "585768179815.dkr.ecr.us-east-1.amazonaws.com/konecta-ass1-dev-inventory-service",
            "tags": {
              "Environment": "dev",
              "Name": "konecta-ass1-dev-inventory-service",
              "Service": "inventory-service"
            },
            "tags_all": {
              "Environment": "dev",
              "Name": "konecta-ass1-dev-inventory-service",
              "Service": "inventory-service"
            },
            "timeouts": null
          },
          "sensitive_attributes": [],
          "identity_schema_version": 0,
          "private": "eyJlMmJmYjczMC1lY2FhLTExZTYtOGY4OC0zNDM2M2JjN2M0YzAiOnsiZGVsZXRlIjoxMjAwMDAwMDAwMDAwfX0="
        }
      ]
    },
    {
      "module": "module.ecr",
      "mode": "managed",
      "type": "aws_ecr_repository",
      "name": "prophet_model",
      "provider": "provider[\"registry.terraform.io/hashicorp/aws\"]",
      "instances": [
        {
          "schema_version": 0,
          "attributes": {
            "arn": "arn:aws:ecr:us-east-1:585768179815:repository/konecta-ass1-dev-prophet-model",
            "encryption_configuration": [
              {
                "encryption_type": "AES256",
                "kms_key": ""
              }
            ],
            "force_delete": null,
            "id": "konecta-ass1-dev-prophet-model",
            "image_scanning_configuration": [
              {
                "scan_on_push": true
              }
            ],
            "image_tag_mutability": "MUTABLE",
            "name": "konecta-ass1-dev-prophet-model",
            "registry_id": "585768179815",
            "repository_url": "585768179815.dkr.ecr.us-east-1.amazonaws.com/konecta-ass1-dev-prophet-model",
            "tags": {
              "Environment": "dev",
              "Name": "konecta-ass1-dev-prophet-model",
              "Service": "prophet-model"
            },
            "tags_all": {
              "Environment": "dev",
              "Name": "konecta-ass1-dev-prophet-model",
              "Service": "prophet-model"
            },
            "timeouts": null
          },
          "sensitive_attributes": [],
          "identity_schema_version": 0,
          "private": "eyJlMmJmYjczMC1lY2FhLTExZTYtOGY4OC0zNDM2M2JjN2M0YzAiOnsiZGVsZXRlIjoxMjAwMDAwMDAwMDAwfX0="
        }
      ]
    },
    {
      "module": "module.ecr",
      "mode": "managed",
      "type": "aws_ecr_repository",
      "name": "reporting_service",
      "provider": "provider[\"registry.terraform.io/hashicorp/aws\"]",
      "instances": [
        {
          "schema_version": 0,
          "attributes": {
            "arn": "arn:aws:ecr:us-east-1:585768179815:repository/konecta-ass1-dev-reporting-service",
            "encryption_configuration": [
              {
                "encryption_type": "AES256",
                "kms_key": ""
              }
            ],
            "force_delete": null,
            "id": "konecta-ass1-dev-reporting-service",
            "image_scanning_configuration": [
              {
                "scan_on_push": true
              }
            ],
            "image_tag_mutability": "MUTABLE",
            "name": "konecta-ass1-dev-reporting-service",
            "registry_id": "585768179815",
            "repository_url": "585768179815.dkr.ecr.us-east-1.amazonaws.com/konecta-ass1-dev-reporting-service",
            "tags": {
              "Environment": "dev",
              "Name": "konecta-ass1-dev-reporting-service",
              "Service": "reporting-service"
            },
            "tags_all": {
              "Environment": "dev",
              "Name": "konecta-ass1-dev-reporting-service",
              "Service": "reporting-service"
            },
            "timeouts": null
          },
          "sensitive_attributes": [],
          "identity_schema_version": 0,
          "private": "eyJlMmJmYjczMC1lY2FhLTExZTYtOGY4OC0zNDM2M2JjN2M0YzAiOnsiZGVsZXRlIjoxMjAwMDAwMDAwMDAwfX0="
        }
      ]
    },
    {
      "module": "module.ecr",
      "mode": "managed",
      "type": "aws_ecr_repository",
      "name": "user_management_service",
      "provider": "provider[\"registry.terraform.io/hashicorp/aws\"]",
      "instances": [
        {
          "schema_version": 0,
          "attributes": {
            "arn": "arn:aws:ecr:us-east-1:585768179815:repository/konecta-ass1-dev-user-management-service",
            "encryption_configuration": [
              {
                "encryption_type": "AES256",
                "kms_key": ""
              }
            ],
            "force_delete": null,
            "id": "konecta-ass1-dev-user-management-service",
            "image_scanning_configuration": [
              {
                "scan_on_push": true
              }
            ],
            "image_tag_mutability": "MUTABLE",
            "name": "konecta-ass1-dev-user-management-service",
            "registry_id": "585768179815",
            "repository_url": "585768179815.dkr.ecr.us-east-1.amazonaws.com/konecta-ass1-dev-user-management-service",
            "tags": {
              "Environment": "dev",
              "Name": "konecta-ass1-dev-user-management-service",
              "Service": "user-management-service"
            },
            "tags_all": {
              "Environment": "dev",
              "Name": "konecta-ass1-dev-user-management-service",
              "Service": "user-management-service"
            },
            "timeouts": null
          },
          "sensitive_attributes": [],
          "identity_schema_version": 0,
          "private": "eyJlMmJmYjczMC1lY2FhLTExZTYtOGY4OC0zNDM2M2JjN2M0YzAiOnsiZGVsZXRlIjoxMjAwMDAwMDAwMDAwfX0="
        }
      ]
    },
    {
      "module": "module.ecs",
      "mode": "managed",
      "type": "aws_cloudwatch_log_group",
      "name": "ecs",
      "provider": "provider[\"registry.terraform.io/hashicorp/aws\"]",
      "instances": [
        {
          "schema_version": 0,
          "attributes": {
            "arn": "arn:aws:logs:us-east-1:585768179815:log-group:/ecs/konecta-ass1-dev",
            "id": "/ecs/konecta-ass1-dev",
            "kms_key_id": "",
            "log_group_class": "STANDARD",
            "name": "/ecs/konecta-ass1-dev",
            "name_prefix": "",
            "retention_in_days": 30,
            "skip_destroy": false,
            "tags": {},
            "tags_all": {}
          },
          "sensitive_attributes": [],
          "identity_schema_version": 0,
          "private": "bnVsbA=="
        }
      ]
    },
    {
      "module": "module.ecs",
      "mode": "managed",
      "type": "aws_ecs_cluster",
      "name": "main",
      "provider": "provider[\"registry.terraform.io/hashicorp/aws\"]",
      "instances": [
        {
          "schema_version": 0,
          "attributes": {
            "arn": "arn:aws:ecs:us-east-1:585768179815:cluster/konecta-ass1-dev-cluster",
            "configuration": [],
            "id": "arn:aws:ecs:us-east-1:585768179815:cluster/konecta-ass1-dev-cluster",
            "name": "konecta-ass1-dev-cluster",
            "service_connect_defaults": [],
            "setting": [
              {
                "name": "containerInsights",
                "value": "enabled"
              }
            ],
            "tags": {},
            "tags_all": {}
          },
          "sensitive_attributes": [],
          "identity_schema_version": 0,
          "private": "bnVsbA==",
          "create_before_destroy": true
        }
      ]
    },
    {
      "module": "module.ecs",
      "mode": "managed",
      "type": "aws_ecs_service",
      "name": "api_gateway",
      "provider": "provider[\"registry.terraform.io/hashicorp/aws\"]",
      "instances": [
        {
          "schema_version": 1,
          "attributes": {
            "alarms": [],
            "availability_zone_rebalancing": "DISABLED",
            "capacity_provider_strategy": [],
            "cluster": "arn:aws:ecs:us-east-1:585768179815:cluster/konecta-ass1-dev-cluster",
            "deployment_circuit_breaker": [
              {
                "enable": false,
                "rollback": false
              }
            ],
            "deployment_controller": [
              {
                "type": "ECS"
              }
            ],
            "deployment_maximum_percent": 200,
            "deployment_minimum_healthy_percent": 100,
            "desired_count": 2,
            "enable_ecs_managed_tags": false,
            "enable_execute_command": false,
            "force_delete": null,
            "force_new_deployment": null,
            "health_check_grace_period_seconds": 0,
            "iam_role": "/aws-service-role/ecs.amazonaws.com/AWSServiceRoleForECS",
            "id": "arn:aws:ecs:us-east-1:585768179815:service/konecta-ass1-dev-cluster/konecta-ass1-dev-api-gateway",
            "launch_type": "FARGATE",
            "load_balancer": [
              {
                "container_name": "api-gateway",
                "container_port": 8080,
                "elb_name": "",
                "target_group_arn": "arn:aws:elasticloadbalancing:us-east-1:585768179815:targetgroup/konecta-ass1-dev-api-gateway-tg/8d12b4fbff2af81e"
              }
            ],
            "name": "konecta-ass1-dev-api-gateway",
            "network_configuration": [
              {
                "assign_public_ip": false,
                "security_groups": [
                  "sg-08ed165cb6079f030"
                ],
                "subnets": [
                  "subnet-0582b6c829c182676",
                  "subnet-065bdde15d9247621"
                ]
              }
            ],
            "ordered_placement_strategy": [],
            "placement_constraints": [],
            "platform_version": "LATEST",
            "propagate_tags": "NONE",
            "scheduling_strategy": "REPLICA",
            "service_connect_configuration": [],
            "service_registries": [
              {
                "container_name": "",
                "container_port": 0,
                "port": 0,
                "registry_arn": "arn:aws:servicediscovery:us-east-1:585768179815:service/srv-neppgintkrzrso4p"
              }
            ],
            "tags": null,
            "tags_all": {},
            "task_definition": "arn:aws:ecs:us-east-1:585768179815:task-definition/konecta-ass1-dev-api-gateway:6",
            "timeouts": null,
            "triggers": {},
            "volume_configuration": [],
            "vpc_lattice_configurations": [],
            "wait_for_steady_state": false
          },
          "sensitive_attributes": [],
          "identity_schema_version": 0,
          "private": "eyJlMmJmYjczMC1lY2FhLTExZTYtOGY4OC0zNDM2M2JjN2M0YzAiOnsiY3JlYXRlIjoxMjAwMDAwMDAwMDAwLCJkZWxldGUiOjEyMDAwMDAwMDAwMDAsInVwZGF0ZSI6MTIwMDAwMDAwMDAwMH0sInNjaGVtYV92ZXJzaW9uIjoiMSJ9",
          "dependencies": [
            "module.ecr.aws_ecr_repository.api_gateway",
            "module.ecr.aws_ecr_repository.authentication_service",
            "module.ecr.aws_ecr_repository.config_server",
            "module.ecs.aws_cloudwatch_log_group.ecs",
            "module.ecs.aws_ecs_cluster.main",
            "module.ecs.aws_ecs_service.authentication_service",
            "module.ecs.aws_ecs_service.config_server",
            "module.ecs.aws_ecs_task_definition.api_gateway",
            "module.ecs.aws_ecs_task_definition.authentication_service",
            "module.ecs.aws_ecs_task_definition.config_server",
            "module.ecs.aws_lb.alb",
            "module.ecs.aws_lb_listener.api_gateway",
            "module.ecs.aws_lb_target_group.api_gateway",
            "module.ecs.aws_service_discovery_private_dns_namespace.this",
            "module.ecs.aws_service_discovery_service.api_gateway",
            "module.ecs.aws_service_discovery_service.authentication_service",
            "module.ecs.aws_service_discovery_service.config_server",
            "module.iam.aws_iam_role.ecs_execution",
            "module.rds.aws_db_instance.this",
            "module.rds.aws_db_subnet_group.this",
            "module.security_groups.aws_security_group.alb",
            "module.security_groups.aws_security_group.frontend_ecs",
            "module.security_groups.aws_security_group.rds",
            "module.vpc.aws_subnet.private",
            "module.vpc.aws_subnet.public",
            "module.vpc.aws_vpc.main"
          ]
        }
      ]
    },
    {
      "module": "module.ecs",
      "mode": "managed",
      "type": "aws_ecs_service",
      "name": "authentication_service",
      "provider": "provider[\"registry.terraform.io/hashicorp/aws\"]",
      "instances": [
        {
          "schema_version": 1,
          "attributes": {
            "alarms": [],
            "availability_zone_rebalancing": "DISABLED",
            "capacity_provider_strategy": [],
            "cluster": "arn:aws:ecs:us-east-1:585768179815:cluster/konecta-ass1-dev-cluster",
            "deployment_circuit_breaker": [
              {
                "enable": false,
                "rollback": false
              }
            ],
            "deployment_controller": [
              {
                "type": "ECS"
              }
            ],
            "deployment_maximum_percent": 200,
            "deployment_minimum_healthy_percent": 100,
            "desired_count": 2,
            "enable_ecs_managed_tags": false,
            "enable_execute_command": false,
            "force_delete": null,
            "force_new_deployment": null,
            "health_check_grace_period_seconds": 0,
            "iam_role": "/aws-service-role/ecs.amazonaws.com/AWSServiceRoleForECS",
            "id": "arn:aws:ecs:us-east-1:585768179815:service/konecta-ass1-dev-cluster/konecta-ass1-dev-authentication-service",
            "launch_type": "FARGATE",
            "load_balancer": [],
            "name": "konecta-ass1-dev-authentication-service",
            "network_configuration": [
              {
                "assign_public_ip": false,
                "security_groups": [
                  "sg-08ed165cb6079f030"
                ],
                "subnets": [
                  "subnet-0582b6c829c182676",
                  "subnet-065bdde15d9247621"
                ]
              }
            ],
            "ordered_placement_strategy": [],
            "placement_constraints": [],
            "platform_version": "LATEST",
            "propagate_tags": "NONE",
            "scheduling_strategy": "REPLICA",
            "service_connect_configuration": [],
            "service_registries": [
              {
                "container_name": "",
                "container_port": 0,
                "port": 0,
                "registry_arn": "arn:aws:servicediscovery:us-east-1:585768179815:service/srv-nzutce6t7mcrq34q"
              }
            ],
            "tags": null,
            "tags_all": {},
            "task_definition": "arn:aws:ecs:us-east-1:585768179815:task-definition/konecta-ass1-dev-authentication-service:5",
            "timeouts": null,
            "triggers": {},
            "volume_configuration": [],
            "vpc_lattice_configurations": [],
            "wait_for_steady_state": false
          },
          "sensitive_attributes": [],
          "identity_schema_version": 0,
          "private": "eyJlMmJmYjczMC1lY2FhLTExZTYtOGY4OC0zNDM2M2JjN2M0YzAiOnsiY3JlYXRlIjoxMjAwMDAwMDAwMDAwLCJkZWxldGUiOjEyMDAwMDAwMDAwMDAsInVwZGF0ZSI6MTIwMDAwMDAwMDAwMH0sInNjaGVtYV92ZXJzaW9uIjoiMSJ9",
          "dependencies": [
            "module.ecr.aws_ecr_repository.authentication_service",
            "module.ecr.aws_ecr_repository.config_server",
            "module.ecs.aws_cloudwatch_log_group.ecs",
            "module.ecs.aws_ecs_cluster.main",
            "module.ecs.aws_ecs_service.config_server",
            "module.ecs.aws_ecs_task_definition.authentication_service",
            "module.ecs.aws_ecs_task_definition.config_server",
            "module.ecs.aws_service_discovery_private_dns_namespace.this",
            "module.ecs.aws_service_discovery_service.authentication_service",
            "module.ecs.aws_service_discovery_service.config_server",
            "module.iam.aws_iam_role.ecs_execution",
            "module.rds.aws_db_instance.this",
            "module.rds.aws_db_subnet_group.this",
            "module.security_groups.aws_security_group.alb",
            "module.security_groups.aws_security_group.frontend_ecs",
            "module.security_groups.aws_security_group.rds",
            "module.vpc.aws_subnet.private",
            "module.vpc.aws_vpc.main"
          ]
        }
      ]
    },
    {
      "module": "module.ecs",
      "mode": "managed",
      "type": "aws_ecs_service",
      "name": "config_server",
      "provider": "provider[\"registry.terraform.io/hashicorp/aws\"]",
      "instances": [
        {
          "schema_version": 1,
          "attributes": {
            "alarms": [],
            "availability_zone_rebalancing": "DISABLED",
            "capacity_provider_strategy": [],
            "cluster": "arn:aws:ecs:us-east-1:585768179815:cluster/konecta-ass1-dev-cluster",
            "deployment_circuit_breaker": [
              {
                "enable": false,
                "rollback": false
              }
            ],
            "deployment_controller": [
              {
                "type": "ECS"
              }
            ],
            "deployment_maximum_percent": 200,
            "deployment_minimum_healthy_percent": 100,
            "desired_count": 1,
            "enable_ecs_managed_tags": false,
            "enable_execute_command": false,
            "force_delete": null,
            "force_new_deployment": null,
            "health_check_grace_period_seconds": 0,
            "iam_role": "/aws-service-role/ecs.amazonaws.com/AWSServiceRoleForECS",
            "id": "arn:aws:ecs:us-east-1:585768179815:service/konecta-ass1-dev-cluster/konecta-ass1-dev-config-server",
            "launch_type": "FARGATE",
            "load_balancer": [],
            "name": "konecta-ass1-dev-config-server",
            "network_configuration": [
              {
                "assign_public_ip": false,
                "security_groups": [
                  "sg-08ed165cb6079f030"
                ],
                "subnets": [
                  "subnet-0582b6c829c182676",
                  "subnet-065bdde15d9247621"
                ]
              }
            ],
            "ordered_placement_strategy": [],
            "placement_constraints": [],
            "platform_version": "LATEST",
            "propagate_tags": "NONE",
            "scheduling_strategy": "REPLICA",
            "service_connect_configuration": [],
            "service_registries": [
              {
                "container_name": "",
                "container_port": 0,
                "port": 0,
                "registry_arn": "arn:aws:servicediscovery:us-east-1:585768179815:service/srv-t5t3rfdfi7dfhcak"
              }
            ],
            "tags": {},
            "tags_all": {},
            "task_definition": "arn:aws:ecs:us-east-1:585768179815:task-definition/konecta-ass1-dev-config-server:4",
            "timeouts": null,
            "triggers": {},
            "volume_configuration": [],
            "vpc_lattice_configurations": [],
            "wait_for_steady_state": false
          },
          "sensitive_attributes": [],
          "identity_schema_version": 0,
          "private": "eyJlMmJmYjczMC1lY2FhLTExZTYtOGY4OC0zNDM2M2JjN2M0YzAiOnsiY3JlYXRlIjoxMjAwMDAwMDAwMDAwLCJkZWxldGUiOjEyMDAwMDAwMDAwMDAsInVwZGF0ZSI6MTIwMDAwMDAwMDAwMH0sInNjaGVtYV92ZXJzaW9uIjoiMSJ9",
          "dependencies": [
            "module.ecr.aws_ecr_repository.authentication_service",
            "module.ecr.aws_ecr_repository.config_server",
            "module.ecs.aws_cloudwatch_log_group.ecs",
            "module.ecs.aws_ecs_cluster.main",
            "module.ecs.aws_ecs_task_definition.config_server",
            "module.ecs.aws_service_discovery_private_dns_namespace.this",
            "module.ecs.aws_service_discovery_service.config_server",
            "module.iam.aws_iam_role.ecs_execution",
            "module.security_groups.aws_security_group.alb",
            "module.security_groups.aws_security_group.frontend_ecs",
            "module.vpc.aws_subnet.private",
            "module.vpc.aws_vpc.main"
          ]
        }
      ]
    },
    {
      "module": "module.ecs",
      "mode": "managed",
      "type": "aws_ecs_service",
      "name": "finance_service",
      "provider": "provider[\"registry.terraform.io/hashicorp/aws\"]",
      "instances": [
        {
          "schema_version": 1,
          "attributes": {
            "alarms": [],
            "availability_zone_rebalancing": "DISABLED",
            "capacity_provider_strategy": [],
            "cluster": "arn:aws:ecs:us-east-1:585768179815:cluster/konecta-ass1-dev-cluster",
            "deployment_circuit_breaker": [
              {
                "enable": false,
                "rollback": false
              }
            ],
            "deployment_controller": [
              {
                "type": "ECS"
              }
            ],
            "deployment_maximum_percent": 200,
            "deployment_minimum_healthy_percent": 100,
            "desired_count": 2,
            "enable_ecs_managed_tags": false,
            "enable_execute_command": false,
            "force_delete": null,
            "force_new_deployment": null,
            "health_check_grace_period_seconds": 0,
            "iam_role": "/aws-service-role/ecs.amazonaws.com/AWSServiceRoleForECS",
            "id": "arn:aws:ecs:us-east-1:585768179815:service/konecta-ass1-dev-cluster/konecta-ass1-dev-finance-service",
            "launch_type": "FARGATE",
            "load_balancer": [],
            "name": "konecta-ass1-dev-finance-service",
            "network_configuration": [
              {
                "assign_public_ip": false,
                "security_groups": [
                  "sg-08ed165cb6079f030"
                ],
                "subnets": [
                  "subnet-0582b6c829c182676",
                  "subnet-065bdde15d9247621"
                ]
              }
            ],
            "ordered_placement_strategy": [],
            "placement_constraints": [],
            "platform_version": "LATEST",
            "propagate_tags": "NONE",
            "scheduling_strategy": "REPLICA",
            "service_connect_configuration": [],
            "service_registries": [
              {
                "container_name": "",
                "container_port": 0,
                "port": 0,
                "registry_arn": "arn:aws:servicediscovery:us-east-1:585768179815:service/srv-jjbhxgm262sctbbw"
              }
            ],
            "tags": null,
            "tags_all": {},
            "task_definition": "arn:aws:ecs:us-east-1:585768179815:task-definition/konecta-ass1-dev-finance-service:5",
            "timeouts": null,
            "triggers": {},
            "volume_configuration": [],
            "vpc_lattice_configurations": [],
            "wait_for_steady_state": false
          },
          "sensitive_attributes": [],
          "identity_schema_version": 0,
          "private": "eyJlMmJmYjczMC1lY2FhLTExZTYtOGY4OC0zNDM2M2JjN2M0YzAiOnsiY3JlYXRlIjoxMjAwMDAwMDAwMDAwLCJkZWxldGUiOjEyMDAwMDAwMDAwMDAsInVwZGF0ZSI6MTIwMDAwMDAwMDAwMH0sInNjaGVtYV92ZXJzaW9uIjoiMSJ9",
          "dependencies": [
            "module.ecr.aws_ecr_repository.authentication_service",
            "module.ecr.aws_ecr_repository.config_server",
            "module.ecr.aws_ecr_repository.finance_service",
            "module.ecs.aws_cloudwatch_log_group.ecs",
            "module.ecs.aws_ecs_cluster.main",
            "module.ecs.aws_ecs_service.config_server",
            "module.ecs.aws_ecs_task_definition.config_server",
            "module.ecs.aws_ecs_task_definition.finance_service",
            "module.ecs.aws_service_discovery_private_dns_namespace.this",
            "module.ecs.aws_service_discovery_service.config_server",
            "module.ecs.aws_service_discovery_service.finance_service",
            "module.iam.aws_iam_role.ecs_execution",
            "module.rds.aws_db_instance.this",
            "module.rds.aws_db_subnet_group.this",
            "module.security_groups.aws_security_group.alb",
            "module.security_groups.aws_security_group.frontend_ecs",
            "module.security_groups.aws_security_group.rds",
            "module.vpc.aws_subnet.private",
            "module.vpc.aws_vpc.main"
          ]
        }
      ]
    },
    {
      "module": "module.ecs",
      "mode": "managed",
      "type": "aws_ecs_service",
      "name": "hr_model",
      "provider": "provider[\"registry.terraform.io/hashicorp/aws\"]",
      "instances": [
        {
          "schema_version": 1,
          "attributes": {
            "alarms": [],
            "availability_zone_rebalancing": "DISABLED",
            "capacity_provider_strategy": [],
            "cluster": "arn:aws:ecs:us-east-1:585768179815:cluster/konecta-ass1-dev-cluster",
            "deployment_circuit_breaker": [
              {
                "enable": false,
                "rollback": false
              }
            ],
            "deployment_controller": [
              {
                "type": "ECS"
              }
            ],
            "deployment_maximum_percent": 200,
            "deployment_minimum_healthy_percent": 100,
            "desired_count": 1,
            "enable_ecs_managed_tags": false,
            "enable_execute_command": false,
            "force_delete": null,
            "force_new_deployment": null,
            "health_check_grace_period_seconds": 0,
            "iam_role": "/aws-service-role/ecs.amazonaws.com/AWSServiceRoleForECS",
            "id": "arn:aws:ecs:us-east-1:585768179815:service/konecta-ass1-dev-cluster/konecta-ass1-dev-hr-model",
            "launch_type": "FARGATE",
            "load_balancer": [],
            "name": "konecta-ass1-dev-hr-model",
            "network_configuration": [
              {
                "assign_public_ip": false,
                "security_groups": [
                  "sg-08ed165cb6079f030"
                ],
                "subnets": [
                  "subnet-0582b6c829c182676",
                  "subnet-065bdde15d9247621"
                ]
              }
            ],
            "ordered_placement_strategy": [],
            "placement_constraints": [],
            "platform_version": "LATEST",
            "propagate_tags": "NONE",
            "scheduling_strategy": "REPLICA",
            "service_connect_configuration": [],
            "service_registries": [],
            "tags": {},
            "tags_all": {},
            "task_definition": "arn:aws:ecs:us-east-1:585768179815:task-definition/konecta-ass1-dev-hr-model:4",
            "timeouts": null,
            "triggers": {},
            "volume_configuration": [],
            "vpc_lattice_configurations": [],
            "wait_for_steady_state": false
          },
          "sensitive_attributes": [],
          "identity_schema_version": 0,
          "private": "eyJlMmJmYjczMC1lY2FhLTExZTYtOGY4OC0zNDM2M2JjN2M0YzAiOnsiY3JlYXRlIjoxMjAwMDAwMDAwMDAwLCJkZWxldGUiOjEyMDAwMDAwMDAwMDAsInVwZGF0ZSI6MTIwMDAwMDAwMDAwMH0sInNjaGVtYV92ZXJzaW9uIjoiMSJ9",
          "dependencies": [
            "module.ecr.aws_ecr_repository.authentication_service",
            "module.ecr.aws_ecr_repository.hr_model",
            "module.ecs.aws_cloudwatch_log_group.ecs",
            "module.ecs.aws_ecs_cluster.main",
            "module.ecs.aws_ecs_task_definition.hr_model",
            "module.iam.aws_iam_role.ecs_execution",
            "module.security_groups.aws_security_group.alb",
            "module.security_groups.aws_security_group.frontend_ecs",
            "module.vpc.aws_subnet.private",
            "module.vpc.aws_vpc.main"
          ]
        }
      ]
    },
    {
      "module": "module.ecs",
      "mode": "managed",
      "type": "aws_ecs_service",
      "name": "hr_service",
      "provider": "provider[\"registry.terraform.io/hashicorp/aws\"]",
      "instances": [
        {
          "schema_version": 1,
          "attributes": {
            "alarms": [],
            "availability_zone_rebalancing": "DISABLED",
            "capacity_provider_strategy": [],
            "cluster": "arn:aws:ecs:us-east-1:585768179815:cluster/konecta-ass1-dev-cluster",
            "deployment_circuit_breaker": [
              {
                "enable": false,
                "rollback": false
              }
            ],
            "deployment_controller": [
              {
                "type": "ECS"
              }
            ],
            "deployment_maximum_percent": 200,
            "deployment_minimum_healthy_percent": 100,
            "desired_count": 2,
            "enable_ecs_managed_tags": false,
            "enable_execute_command": false,
            "force_delete": null,
            "force_new_deployment": null,
            "health_check_grace_period_seconds": 0,
            "iam_role": "/aws-service-role/ecs.amazonaws.com/AWSServiceRoleForECS",
            "id": "arn:aws:ecs:us-east-1:585768179815:service/konecta-ass1-dev-cluster/konecta-ass1-dev-hr-service",
            "launch_type": "FARGATE",
            "load_balancer": [],
            "name": "konecta-ass1-dev-hr-service",
            "network_configuration": [
              {
                "assign_public_ip": false,
                "security_groups": [
                  "sg-08ed165cb6079f030"
                ],
                "subnets": [
                  "subnet-0582b6c829c182676",
                  "subnet-065bdde15d9247621"
                ]
              }
            ],
            "ordered_placement_strategy": [],
            "placement_constraints": [],
            "platform_version": "LATEST",
            "propagate_tags": "NONE",
            "scheduling_strategy": "REPLICA",
            "service_connect_configuration": [],
            "service_registries": [
              {
                "container_name": "",
                "container_port": 0,
                "port": 0,
                "registry_arn": "arn:aws:servicediscovery:us-east-1:585768179815:service/srv-gw3wpqvoptuajp33"
              }
            ],
            "tags": null,
            "tags_all": {},
            "task_definition": "arn:aws:ecs:us-east-1:585768179815:task-definition/konecta-ass1-dev-hr-service:5",
            "timeouts": null,
            "triggers": {},
            "volume_configuration": [],
            "vpc_lattice_configurations": [],
            "wait_for_steady_state": false
          },
          "sensitive_attributes": [],
          "identity_schema_version": 0,
          "private": "eyJlMmJmYjczMC1lY2FhLTExZTYtOGY4OC0zNDM2M2JjN2M0YzAiOnsiY3JlYXRlIjoxMjAwMDAwMDAwMDAwLCJkZWxldGUiOjEyMDAwMDAwMDAwMDAsInVwZGF0ZSI6MTIwMDAwMDAwMDAwMH0sInNjaGVtYV92ZXJzaW9uIjoiMSJ9",
          "dependencies": [
            "module.ecr.aws_ecr_repository.authentication_service",
            "module.ecr.aws_ecr_repository.config_server",
            "module.ecr.aws_ecr_repository.hr_service",
            "module.ecs.aws_cloudwatch_log_group.ecs",
            "module.ecs.aws_ecs_cluster.main",
            "module.ecs.aws_ecs_service.config_server",
            "module.ecs.aws_ecs_task_definition.config_server",
            "module.ecs.aws_ecs_task_definition.hr_service",
            "module.ecs.aws_service_discovery_private_dns_namespace.this",
            "module.ecs.aws_service_discovery_service.config_server",
            "module.ecs.aws_service_discovery_service.hr_service",
            "module.iam.aws_iam_role.ecs_execution",
            "module.rds.aws_db_instance.this",
            "module.rds.aws_db_subnet_group.this",
            "module.security_groups.aws_security_group.alb",
            "module.security_groups.aws_security_group.frontend_ecs",
            "module.security_groups.aws_security_group.rds",
            "module.vpc.aws_subnet.private",
            "module.vpc.aws_vpc.main"
          ]
        }
      ]
    },
    {
      "module": "module.ecs",
      "mode": "managed",
      "type": "aws_ecs_service",
      "name": "inventory_service",
      "provider": "provider[\"registry.terraform.io/hashicorp/aws\"]",
      "instances": [
        {
          "schema_version": 1,
          "attributes": {
            "alarms": [],
            "availability_zone_rebalancing": "DISABLED",
            "capacity_provider_strategy": [],
            "cluster": "arn:aws:ecs:us-east-1:585768179815:cluster/konecta-ass1-dev-cluster",
            "deployment_circuit_breaker": [
              {
                "enable": false,
                "rollback": false
              }
            ],
            "deployment_controller": [
              {
                "type": "ECS"
              }
            ],
            "deployment_maximum_percent": 200,
            "deployment_minimum_healthy_percent": 100,
            "desired_count": 2,
            "enable_ecs_managed_tags": false,
            "enable_execute_command": false,
            "force_delete": null,
            "force_new_deployment": null,
            "health_check_grace_period_seconds": 0,
            "iam_role": "/aws-service-role/ecs.amazonaws.com/AWSServiceRoleForECS",
            "id": "arn:aws:ecs:us-east-1:585768179815:service/konecta-ass1-dev-cluster/konecta-ass1-dev-inventory-service",
            "launch_type": "FARGATE",
            "load_balancer": [],
            "name": "konecta-ass1-dev-inventory-service",
            "network_configuration": [
              {
                "assign_public_ip": false,
                "security_groups": [
                  "sg-08ed165cb6079f030"
                ],
                "subnets": [
                  "subnet-0582b6c829c182676",
                  "subnet-065bdde15d9247621"
                ]
              }
            ],
            "ordered_placement_strategy": [],
            "placement_constraints": [],
            "platform_version": "LATEST",
            "propagate_tags": "NONE",
            "scheduling_strategy": "REPLICA",
            "service_connect_configuration": [],
            "service_registries": [
              {
                "container_name": "",
                "container_port": 0,
                "port": 0,
                "registry_arn": "arn:aws:servicediscovery:us-east-1:585768179815:service/srv-ehwfxcpznleynhti"
              }
            ],
            "tags": null,
            "tags_all": {},
            "task_definition": "arn:aws:ecs:us-east-1:585768179815:task-definition/konecta-ass1-dev-inventory-service:5",
            "timeouts": null,
            "triggers": {},
            "volume_configuration": [],
            "vpc_lattice_configurations": [],
            "wait_for_steady_state": false
          },
          "sensitive_attributes": [],
          "identity_schema_version": 0,
          "private": "eyJlMmJmYjczMC1lY2FhLTExZTYtOGY4OC0zNDM2M2JjN2M0YzAiOnsiY3JlYXRlIjoxMjAwMDAwMDAwMDAwLCJkZWxldGUiOjEyMDAwMDAwMDAwMDAsInVwZGF0ZSI6MTIwMDAwMDAwMDAwMH0sInNjaGVtYV92ZXJzaW9uIjoiMSJ9",
          "dependencies": [
            "module.ecr.aws_ecr_repository.authentication_service",
            "module.ecr.aws_ecr_repository.config_server",
            "module.ecr.aws_ecr_repository.inventory_service",
            "module.ecs.aws_cloudwatch_log_group.ecs",
            "module.ecs.aws_ecs_cluster.main",
            "module.ecs.aws_ecs_service.config_server",
            "module.ecs.aws_ecs_task_definition.config_server",
            "module.ecs.aws_ecs_task_definition.inventory_service",
            "module.ecs.aws_service_discovery_private_dns_namespace.this",
            "module.ecs.aws_service_discovery_service.config_server",
            "module.ecs.aws_service_discovery_service.inventory_service",
            "module.iam.aws_iam_role.ecs_execution",
            "module.rds.aws_db_instance.this",
            "module.rds.aws_db_subnet_group.this",
            "module.security_groups.aws_security_group.alb",
            "module.security_groups.aws_security_group.frontend_ecs",
            "module.security_groups.aws_security_group.rds",
            "module.vpc.aws_subnet.private",
            "module.vpc.aws_vpc.main"
          ]
        }
      ]
    },
    {
      "module": "module.ecs",
      "mode": "managed",
      "type": "aws_ecs_service",
      "name": "prophet_model",
      "provider": "provider[\"registry.terraform.io/hashicorp/aws\"]",
      "instances": [
        {
          "schema_version": 1,
          "attributes": {
            "alarms": [],
            "availability_zone_rebalancing": "DISABLED",
            "capacity_provider_strategy": [],
            "cluster": "arn:aws:ecs:us-east-1:585768179815:cluster/konecta-ass1-dev-cluster",
            "deployment_circuit_breaker": [
              {
                "enable": false,
                "rollback": false
              }
            ],
            "deployment_controller": [
              {
                "type": "ECS"
              }
            ],
            "deployment_maximum_percent": 200,
            "deployment_minimum_healthy_percent": 100,
            "desired_count": 1,
            "enable_ecs_managed_tags": false,
            "enable_execute_command": false,
            "force_delete": null,
            "force_new_deployment": null,
            "health_check_grace_period_seconds": 0,
            "iam_role": "/aws-service-role/ecs.amazonaws.com/AWSServiceRoleForECS",
            "id": "arn:aws:ecs:us-east-1:585768179815:service/konecta-ass1-dev-cluster/konecta-ass1-dev-prophet-model",
            "launch_type": "FARGATE",
            "load_balancer": [],
            "name": "konecta-ass1-dev-prophet-model",
            "network_configuration": [
              {
                "assign_public_ip": false,
                "security_groups": [
                  "sg-08ed165cb6079f030"
                ],
                "subnets": [
                  "subnet-0582b6c829c182676",
                  "subnet-065bdde15d9247621"
                ]
              }
            ],
            "ordered_placement_strategy": [],
            "placement_constraints": [],
            "platform_version": "LATEST",
            "propagate_tags": "NONE",
            "scheduling_strategy": "REPLICA",
            "service_connect_configuration": [],
            "service_registries": [],
            "tags": {},
            "tags_all": {},
            "task_definition": "arn:aws:ecs:us-east-1:585768179815:task-definition/konecta-ass1-dev-prophet-model:4",
            "timeouts": null,
            "triggers": {},
            "volume_configuration": [],
            "vpc_lattice_configurations": [],
            "wait_for_steady_state": false
          },
          "sensitive_attributes": [],
          "identity_schema_version": 0,
          "private": "eyJlMmJmYjczMC1lY2FhLTExZTYtOGY4OC0zNDM2M2JjN2M0YzAiOnsiY3JlYXRlIjoxMjAwMDAwMDAwMDAwLCJkZWxldGUiOjEyMDAwMDAwMDAwMDAsInVwZGF0ZSI6MTIwMDAwMDAwMDAwMH0sInNjaGVtYV92ZXJzaW9uIjoiMSJ9",
          "dependencies": [
            "module.ecr.aws_ecr_repository.authentication_service",
            "module.ecr.aws_ecr_repository.prophet_model",
            "module.ecs.aws_cloudwatch_log_group.ecs",
            "module.ecs.aws_ecs_cluster.main",
            "module.ecs.aws_ecs_task_definition.prophet_model",
            "module.iam.aws_iam_role.ecs_execution",
            "module.security_groups.aws_security_group.alb",
            "module.security_groups.aws_security_group.frontend_ecs",
            "module.vpc.aws_subnet.private",
            "module.vpc.aws_vpc.main"
          ]
        }
      ]
    },
    {
      "module": "module.ecs",
      "mode": "managed",
      "type": "aws_ecs_service",
      "name": "reporting_service",
      "provider": "provider[\"registry.terraform.io/hashicorp/aws\"]",
      "instances": [
        {
          "schema_version": 1,
          "attributes": {
            "alarms": [],
            "availability_zone_rebalancing": "DISABLED",
            "capacity_provider_strategy": [],
            "cluster": "arn:aws:ecs:us-east-1:585768179815:cluster/konecta-ass1-dev-cluster",
            "deployment_circuit_breaker": [
              {
                "enable": false,
                "rollback": false
              }
            ],
            "deployment_controller": [
              {
                "type": "ECS"
              }
            ],
            "deployment_maximum_percent": 200,
            "deployment_minimum_healthy_percent": 100,
            "desired_count": 2,
            "enable_ecs_managed_tags": false,
            "enable_execute_command": false,
            "force_delete": null,
            "force_new_deployment": null,
            "health_check_grace_period_seconds": 0,
            "iam_role": "/aws-service-role/ecs.amazonaws.com/AWSServiceRoleForECS",
            "id": "arn:aws:ecs:us-east-1:585768179815:service/konecta-ass1-dev-cluster/konecta-ass1-dev-reporting-service",
            "launch_type": "FARGATE",
            "load_balancer": [],
            "name": "konecta-ass1-dev-reporting-service",
            "network_configuration": [
              {
                "assign_public_ip": false,
                "security_groups": [
                  "sg-08ed165cb6079f030"
                ],
                "subnets": [
                  "subnet-0582b6c829c182676",
                  "subnet-065bdde15d9247621"
                ]
              }
            ],
            "ordered_placement_strategy": [],
            "placement_constraints": [],
            "platform_version": "LATEST",
            "propagate_tags": "NONE",
            "scheduling_strategy": "REPLICA",
            "service_connect_configuration": [],
            "service_registries": [
              {
                "container_name": "",
                "container_port": 0,
                "port": 0,
                "registry_arn": "arn:aws:servicediscovery:us-east-1:585768179815:service/srv-nzsojdodrgsonun5"
              }
            ],
            "tags": null,
            "tags_all": {},
            "task_definition": "arn:aws:ecs:us-east-1:585768179815:task-definition/konecta-ass1-dev-reporting-service:4",
            "timeouts": null,
            "triggers": {},
            "volume_configuration": [],
            "vpc_lattice_configurations": [],
            "wait_for_steady_state": false
          },
          "sensitive_attributes": [],
          "identity_schema_version": 0,
          "private": "eyJlMmJmYjczMC1lY2FhLTExZTYtOGY4OC0zNDM2M2JjN2M0YzAiOnsiY3JlYXRlIjoxMjAwMDAwMDAwMDAwLCJkZWxldGUiOjEyMDAwMDAwMDAwMDAsInVwZGF0ZSI6MTIwMDAwMDAwMDAwMH0sInNjaGVtYV92ZXJzaW9uIjoiMSJ9",
          "dependencies": [
            "module.ecr.aws_ecr_repository.authentication_service",
            "module.ecr.aws_ecr_repository.config_server",
            "module.ecr.aws_ecr_repository.finance_service",
            "module.ecr.aws_ecr_repository.hr_service",
            "module.ecr.aws_ecr_repository.inventory_service",
            "module.ecr.aws_ecr_repository.reporting_service",
            "module.ecs.aws_cloudwatch_log_group.ecs",
            "module.ecs.aws_ecs_cluster.main",
            "module.ecs.aws_ecs_service.config_server",
            "module.ecs.aws_ecs_service.finance_service",
            "module.ecs.aws_ecs_service.hr_service",
            "module.ecs.aws_ecs_service.inventory_service",
            "module.ecs.aws_ecs_task_definition.config_server",
            "module.ecs.aws_ecs_task_definition.finance_service",
            "module.ecs.aws_ecs_task_definition.hr_service",
            "module.ecs.aws_ecs_task_definition.inventory_service",
            "module.ecs.aws_ecs_task_definition.reporting_service",
            "module.ecs.aws_service_discovery_private_dns_namespace.this",
            "module.ecs.aws_service_discovery_service.config_server",
            "module.ecs.aws_service_discovery_service.finance_service",
            "module.ecs.aws_service_discovery_service.hr_service",
            "module.ecs.aws_service_discovery_service.inventory_service",
            "module.ecs.aws_service_discovery_service.reporting_service",
            "module.iam.aws_iam_role.ecs_execution",
            "module.rds.aws_db_instance.this",
            "module.rds.aws_db_subnet_group.this",
            "module.security_groups.aws_security_group.alb",
            "module.security_groups.aws_security_group.frontend_ecs",
            "module.security_groups.aws_security_group.rds",
            "module.vpc.aws_subnet.private",
            "module.vpc.aws_vpc.main"
          ]
        }
      ]
    },
    {
      "module": "module.ecs",
      "mode": "managed",
      "type": "aws_ecs_service",
      "name": "user_management_service",
      "provider": "provider[\"registry.terraform.io/hashicorp/aws\"]",
      "instances": [
        {
          "schema_version": 1,
          "attributes": {
            "alarms": [],
            "availability_zone_rebalancing": "DISABLED",
            "capacity_provider_strategy": [],
            "cluster": "arn:aws:ecs:us-east-1:585768179815:cluster/konecta-ass1-dev-cluster",
            "deployment_circuit_breaker": [
              {
                "enable": false,
                "rollback": false
              }
            ],
            "deployment_controller": [
              {
                "type": "ECS"
              }
            ],
            "deployment_maximum_percent": 200,
            "deployment_minimum_healthy_percent": 100,
            "desired_count": 2,
            "enable_ecs_managed_tags": false,
            "enable_execute_command": false,
            "force_delete": null,
            "force_new_deployment": null,
            "health_check_grace_period_seconds": 0,
            "iam_role": "/aws-service-role/ecs.amazonaws.com/AWSServiceRoleForECS",
            "id": "arn:aws:ecs:us-east-1:585768179815:service/konecta-ass1-dev-cluster/konecta-ass1-dev-user-management-service",
            "launch_type": "FARGATE",
            "load_balancer": [],
            "name": "konecta-ass1-dev-user-management-service",
            "network_configuration": [
              {
                "assign_public_ip": false,
                "security_groups": [
                  "sg-08ed165cb6079f030"
                ],
                "subnets": [
                  "subnet-0582b6c829c182676",
                  "subnet-065bdde15d9247621"
                ]
              }
            ],
            "ordered_placement_strategy": [],
            "placement_constraints": [],
            "platform_version": "LATEST",
            "propagate_tags": "NONE",
            "scheduling_strategy": "REPLICA",
            "service_connect_configuration": [],
            "service_registries": [
              {
                "container_name": "",
                "container_port": 0,
                "port": 0,
                "registry_arn": "arn:aws:servicediscovery:us-east-1:585768179815:service/srv-2z6kufr6tjy3get3"
              }
            ],
            "tags": null,
            "tags_all": {},
            "task_definition": "arn:aws:ecs:us-east-1:585768179815:task-definition/konecta-ass1-dev-user-management-service:5",
            "timeouts": null,
            "triggers": {},
            "volume_configuration": [],
            "vpc_lattice_configurations": [],
            "wait_for_steady_state": false
          },
          "sensitive_attributes": [],
          "identity_schema_version": 0,
          "private": "eyJlMmJmYjczMC1lY2FhLTExZTYtOGY4OC0zNDM2M2JjN2M0YzAiOnsiY3JlYXRlIjoxMjAwMDAwMDAwMDAwLCJkZWxldGUiOjEyMDAwMDAwMDAwMDAsInVwZGF0ZSI6MTIwMDAwMDAwMDAwMH0sInNjaGVtYV92ZXJzaW9uIjoiMSJ9",
          "dependencies": [
            "module.ecr.aws_ecr_repository.authentication_service",
            "module.ecr.aws_ecr_repository.config_server",
            "module.ecr.aws_ecr_repository.user_management_service",
            "module.ecs.aws_cloudwatch_log_group.ecs",
            "module.ecs.aws_ecs_cluster.main",
            "module.ecs.aws_ecs_service.config_server",
            "module.ecs.aws_ecs_task_definition.config_server",
            "module.ecs.aws_ecs_task_definition.user_management_service",
            "module.ecs.aws_service_discovery_private_dns_namespace.this",
            "module.ecs.aws_service_discovery_service.config_server",
            "module.ecs.aws_service_discovery_service.user_management_service",
            "module.iam.aws_iam_role.ecs_execution",
            "module.rds.aws_db_instance.this",
            "module.rds.aws_db_subnet_group.this",
            "module.security_groups.aws_security_group.alb",
            "module.security_groups.aws_security_group.frontend_ecs",
            "module.security_groups.aws_security_group.rds",
            "module.vpc.aws_subnet.private",
            "module.vpc.aws_vpc.main"
          ]
        }
      ]
    },
    {
      "module": "module.ecs",
      "mode": "managed",
      "type": "aws_ecs_task_definition",
      "name": "api_gateway",
      "provider": "provider[\"registry.terraform.io/hashicorp/aws\"]",
      "instances": [
        {
          "schema_version": 1,
          "attributes": {
            "arn": "arn:aws:ecs:us-east-1:585768179815:task-definition/konecta-ass1-dev-api-gateway:6",
            "arn_without_revision": "arn:aws:ecs:us-east-1:585768179815:task-definition/konecta-ass1-dev-api-gateway",
            "container_definitions": "[{\"environment\":[{\"name\":\"AUTH_JWKS_URI\",\"value\":\"http://authentication-service.konecta-ass1.local:7280/.well-known/jwks.json\"},{\"name\":\"AUTH_SERVICE_URI\",\"value\":\"http://authentication-service.konecta-ass1.local:7280\"},{\"name\":\"CONSUL_HOST\",\"value\":\"\"},{\"name\":\"CONSUL_PORT\",\"value\":\"8500\"},{\"name\":\"CONSUL_REGISTER\",\"value\":\"false\"},{\"name\":\"FINANCE_SERVICE_URI\",\"value\":\"http://finance-service.konecta-ass1.local:5003\"},{\"name\":\"HR_SERVICE_URI\",\"value\":\"http://hr-service.konecta-ass1.local:5005\"},{\"name\":\"INVENTORY_SERVICE_URI\",\"value\":\"http://inventory-service.konecta-ass1.local:5020\"},{\"name\":\"REPORTING_SERVICE_URI\",\"value\":\"http://reporting-service.konecta-ass1.local:8085\"},{\"name\":\"SERVER_PORT\",\"value\":\"8080\"},{\"name\":\"SPRING_APPLICATION_NAME\",\"value\":\"api-gateway\"},{\"name\":\"SPRING_CLOUD_CONFIG_FAILFAST\",\"value\":\"false\"},{\"name\":\"SPRING_CLOUD_CONFIG_URI\",\"value\":\"http://config-server.konecta-ass1.local:8888\"},{\"name\":\"USER_MANAGEMENT_SERVICE_URI\",\"value\":\"http://user-management-service.konecta-ass1.local:5078\"}],\"essential\":true,\"image\":\"585768179815.dkr.ecr.us-east-1.amazonaws.com/konecta-ass1-dev-api-gateway:latest\",\"logConfiguration\":{\"logDriver\":\"awslogs\",\"options\":{\"awslogs-group\":\"/ecs/konecta-ass1-dev\",\"awslogs-region\":\"us-east-1\",\"awslogs-stream-prefix\":\"api-gateway\"}},\"mountPoints\":[],\"name\":\"api-gateway\",\"portMappings\":[{\"containerPort\":8080,\"hostPort\":8080,\"protocol\":\"tcp\"}],\"systemControls\":[],\"volumesFrom\":[]}]",
            "cpu": "512",
            "enable_fault_injection": false,
            "ephemeral_storage": [],
            "execution_role_arn": "arn:aws:iam::585768179815:role/konecta-ass1-dev-ecs-execution-role",
            "family": "konecta-ass1-dev-api-gateway",
            "id": "konecta-ass1-dev-api-gateway",
            "inference_accelerator": [],
            "ipc_mode": "",
            "memory": "1024",
            "network_mode": "awsvpc",
            "pid_mode": "",
            "placement_constraints": [],
            "proxy_configuration": [],
            "requires_compatibilities": [
              "FARGATE"
            ],
            "revision": 6,
            "runtime_platform": [],
            "skip_destroy": false,
            "tags": {},
            "tags_all": {},
            "task_role_arn": "",
            "track_latest": false,
            "volume": []
          },
          "sensitive_attributes": [],
          "identity_schema_version": 0,
          "private": "eyJzY2hlbWFfdmVyc2lvbiI6IjEifQ==",
          "dependencies": [
            "module.ecr.aws_ecr_repository.api_gateway",
            "module.ecr.aws_ecr_repository.authentication_service",
            "module.ecs.aws_cloudwatch_log_group.ecs",
            "module.ecs.aws_service_discovery_private_dns_namespace.this",
            "module.iam.aws_iam_role.ecs_execution",
            "module.vpc.aws_vpc.main"
          ]
        }
      ]
    },
    {
      "module": "module.ecs",
      "mode": "managed",
      "type": "aws_ecs_task_definition",
      "name": "authentication_service",
      "provider": "provider[\"registry.terraform.io/hashicorp/aws\"]",
      "instances": [
        {
          "schema_version": 1,
          "attributes": {
            "arn": "arn:aws:ecs:us-east-1:585768179815:task-definition/konecta-ass1-dev-authentication-service:5",
            "arn_without_revision": "arn:aws:ecs:us-east-1:585768179815:task-definition/konecta-ass1-dev-authentication-service",
            "container_definitions": "[{\"environment\":[{\"name\":\"ASPNETCORE_ENVIRONMENT\",\"value\":\"dev\"},{\"name\":\"ConnectionStrings__DefaultConnection\",\"value\":\"Server=konecta-ass1-dev-db.ckj2g0ue01hn.us-east-1.rds.amazonaws.com,1433;Database=Konecta_Auth;User Id=dbuser;Password=KonectaERP2024!DevPass;TrustServerCertificate=True;\"},{\"name\":\"Consul__Host\",\"value\":\"\"},{\"name\":\"SPRING__APPLICATION__NAME\",\"value\":\"authentication-service\"},{\"name\":\"SPRING__CLOUD__CONFIG__URI\",\"value\":\"http://config-server.konecta-ass1.local:8888\"}],\"essential\":true,\"image\":\"585768179815.dkr.ecr.us-east-1.amazonaws.com/konecta-ass1-dev-authentication-service:latest\",\"logConfiguration\":{\"logDriver\":\"awslogs\",\"options\":{\"awslogs-group\":\"/ecs/konecta-ass1-dev\",\"awslogs-region\":\"us-east-1\",\"awslogs-stream-prefix\":\"authentication-service\"}},\"mountPoints\":[],\"name\":\"authentication-service\",\"portMappings\":[{\"containerPort\":7280,\"hostPort\":7280,\"protocol\":\"tcp\"}],\"systemControls\":[],\"volumesFrom\":[]}]",
            "cpu": "512",
            "enable_fault_injection": false,
            "ephemeral_storage": [],
            "execution_role_arn": "arn:aws:iam::585768179815:role/konecta-ass1-dev-ecs-execution-role",
            "family": "konecta-ass1-dev-authentication-service",
            "id": "konecta-ass1-dev-authentication-service",
            "inference_accelerator": [],
            "ipc_mode": "",
            "memory": "1024",
            "network_mode": "awsvpc",
            "pid_mode": "",
            "placement_constraints": [],
            "proxy_configuration": [],
            "requires_compatibilities": [
              "FARGATE"
            ],
            "revision": 5,
            "runtime_platform": [],
            "skip_destroy": false,
            "tags": null,
            "tags_all": {},
            "task_role_arn": "",
            "track_latest": false,
            "volume": []
          },
          "sensitive_attributes": [
            [
              {
                "type": "get_attr",
                "value": "container_definitions"
              }
            ]
          ],
          "identity_schema_version": 0,
          "private": "eyJzY2hlbWFfdmVyc2lvbiI6IjEifQ==",
          "dependencies": [
            "module.ecr.aws_ecr_repository.authentication_service",
            "module.ecs.aws_cloudwatch_log_group.ecs",
            "module.ecs.aws_service_discovery_private_dns_namespace.this",
            "module.iam.aws_iam_role.ecs_execution",
            "module.rds.aws_db_instance.this",
            "module.rds.aws_db_subnet_group.this",
            "module.security_groups.aws_security_group.alb",
            "module.security_groups.aws_security_group.frontend_ecs",
            "module.security_groups.aws_security_group.rds",
            "module.vpc.aws_subnet.private",
            "module.vpc.aws_vpc.main"
          ]
        }
      ]
    },
    {
      "module": "module.ecs",
      "mode": "managed",
      "type": "aws_ecs_task_definition",
      "name": "config_server",
      "provider": "provider[\"registry.terraform.io/hashicorp/aws\"]",
      "instances": [
        {
          "schema_version": 1,
          "attributes": {
            "arn": "arn:aws:ecs:us-east-1:585768179815:task-definition/konecta-ass1-dev-config-server:4",
            "arn_without_revision": "arn:aws:ecs:us-east-1:585768179815:task-definition/konecta-ass1-dev-config-server",
            "container_definitions": "[{\"environment\":[{\"name\":\"CONSUL_HOST\",\"value\":\"\"},{\"name\":\"CONSUL_PORT\",\"value\":\"8500\"},{\"name\":\"SERVER_PORT\",\"value\":\"8888\"}],\"essential\":true,\"image\":\"585768179815.dkr.ecr.us-east-1.amazonaws.com/konecta-ass1-dev-config-server:latest\",\"logConfiguration\":{\"logDriver\":\"awslogs\",\"options\":{\"awslogs-region\":\"us-east-1\",\"awslogs-stream-prefix\":\"config-server\",\"awslogs-group\":\"/ecs/konecta-ass1-dev\"}},\"mountPoints\":[],\"name\":\"config-server\",\"portMappings\":[{\"containerPort\":8888,\"hostPort\":8888,\"protocol\":\"tcp\"}],\"systemControls\":[],\"volumesFrom\":[]}]",
            "cpu": "256",
            "enable_fault_injection": false,
            "ephemeral_storage": [],
            "execution_role_arn": "arn:aws:iam::585768179815:role/konecta-ass1-dev-ecs-execution-role",
            "family": "konecta-ass1-dev-config-server",
            "id": "konecta-ass1-dev-config-server",
            "inference_accelerator": [],
            "ipc_mode": "",
            "memory": "512",
            "network_mode": "awsvpc",
            "pid_mode": "",
            "placement_constraints": [],
            "proxy_configuration": [],
            "requires_compatibilities": [
              "FARGATE"
            ],
            "revision": 4,
            "runtime_platform": [],
            "skip_destroy": false,
            "tags": {},
            "tags_all": {},
            "task_role_arn": "",
            "track_latest": false,
            "volume": []
          },
          "sensitive_attributes": [],
          "identity_schema_version": 0,
          "private": "eyJzY2hlbWFfdmVyc2lvbiI6IjEifQ==",
          "dependencies": [
            "module.ecr.aws_ecr_repository.authentication_service",
            "module.ecr.aws_ecr_repository.config_server",
            "module.ecs.aws_cloudwatch_log_group.ecs",
            "module.iam.aws_iam_role.ecs_execution"
          ]
        }
      ]
    },
    {
      "module": "module.ecs",
      "mode": "managed",
      "type": "aws_ecs_task_definition",
      "name": "finance_service",
      "provider": "provider[\"registry.terraform.io/hashicorp/aws\"]",
      "instances": [
        {
          "schema_version": 1,
          "attributes": {
            "arn": "arn:aws:ecs:us-east-1:585768179815:task-definition/konecta-ass1-dev-finance-service:5",
            "arn_without_revision": "arn:aws:ecs:us-east-1:585768179815:task-definition/konecta-ass1-dev-finance-service",
            "container_definitions": "[{\"environment\":[{\"name\":\"ASPNETCORE_ENVIRONMENT\",\"value\":\"dev\"},{\"name\":\"ConnectionStrings__DefaultConnection\",\"value\":\"Server=konecta-ass1-dev-db.ckj2g0ue01hn.us-east-1.rds.amazonaws.com,1433;Database=Konecta_Finance;User Id=dbuser;Password=KonectaERP2024!DevPass;TrustServerCertificate=True;\"},{\"name\":\"Consul__Host\",\"value\":\"\"},{\"name\":\"JwtSettings__JwksUri\",\"value\":\"http://authentication-service.konecta-ass1.local:7280/.well-known/jwks.json\"},{\"name\":\"SPRING__APPLICATION__NAME\",\"value\":\"finance-service\"},{\"name\":\"SPRING__CLOUD__CONFIG__URI\",\"value\":\"http://config-server.konecta-ass1.local:8888\"}],\"essential\":true,\"image\":\"585768179815.dkr.ecr.us-east-1.amazonaws.com/konecta-ass1-dev-finance-service:latest\",\"logConfiguration\":{\"logDriver\":\"awslogs\",\"options\":{\"awslogs-group\":\"/ecs/konecta-ass1-dev\",\"awslogs-region\":\"us-east-1\",\"awslogs-stream-prefix\":\"finance-service\"}},\"mountPoints\":[],\"name\":\"finance-service\",\"portMappings\":[{\"containerPort\":5003,\"hostPort\":5003,\"protocol\":\"tcp\"}],\"systemControls\":[],\"volumesFrom\":[]}]",
            "cpu": "512",
            "enable_fault_injection": false,
            "ephemeral_storage": [],
            "execution_role_arn": "arn:aws:iam::585768179815:role/konecta-ass1-dev-ecs-execution-role",
            "family": "konecta-ass1-dev-finance-service",
            "id": "konecta-ass1-dev-finance-service",
            "inference_accelerator": [],
            "ipc_mode": "",
            "memory": "1024",
            "network_mode": "awsvpc",
            "pid_mode": "",
            "placement_constraints": [],
            "proxy_configuration": [],
            "requires_compatibilities": [
              "FARGATE"
            ],
            "revision": 5,
            "runtime_platform": [],
            "skip_destroy": false,
            "tags": null,
            "tags_all": {},
            "task_role_arn": "",
            "track_latest": false,
            "volume": []
          },
          "sensitive_attributes": [
            [
              {
                "type": "get_attr",
                "value": "container_definitions"
              }
            ]
          ],
          "identity_schema_version": 0,
          "private": "eyJzY2hlbWFfdmVyc2lvbiI6IjEifQ==",
          "dependencies": [
            "module.ecr.aws_ecr_repository.authentication_service",
            "module.ecr.aws_ecr_repository.finance_service",
            "module.ecs.aws_cloudwatch_log_group.ecs",
            "module.ecs.aws_service_discovery_private_dns_namespace.this",
            "module.iam.aws_iam_role.ecs_execution",
            "module.rds.aws_db_instance.this",
            "module.rds.aws_db_subnet_group.this",
            "module.security_groups.aws_security_group.alb",
            "module.security_groups.aws_security_group.frontend_ecs",
            "module.security_groups.aws_security_group.rds",
            "module.vpc.aws_subnet.private",
            "module.vpc.aws_vpc.main"
          ]
        }
      ]
    },
    {
      "module": "module.ecs",
      "mode": "managed",
      "type": "aws_ecs_task_definition",
      "name": "hr_model",
      "provider": "provider[\"registry.terraform.io/hashicorp/aws\"]",
      "instances": [
        {
          "schema_version": 1,
          "attributes": {
            "arn": "arn:aws:ecs:us-east-1:585768179815:task-definition/konecta-ass1-dev-hr-model:4",
            "arn_without_revision": "arn:aws:ecs:us-east-1:585768179815:task-definition/konecta-ass1-dev-hr-model",
            "container_definitions": "[{\"environment\":[],\"essential\":true,\"image\":\"585768179815.dkr.ecr.us-east-1.amazonaws.com/konecta-ass1-dev-hr-model:latest\",\"logConfiguration\":{\"logDriver\":\"awslogs\",\"options\":{\"awslogs-region\":\"us-east-1\",\"awslogs-stream-prefix\":\"hr-model\",\"awslogs-group\":\"/ecs/konecta-ass1-dev\"}},\"mountPoints\":[],\"name\":\"hr-model\",\"portMappings\":[{\"containerPort\":8000,\"hostPort\":8000,\"protocol\":\"tcp\"}],\"systemControls\":[],\"volumesFrom\":[]}]",
            "cpu": "1024",
            "enable_fault_injection": false,
            "ephemeral_storage": [],
            "execution_role_arn": "arn:aws:iam::585768179815:role/konecta-ass1-dev-ecs-execution-role",
            "family": "konecta-ass1-dev-hr-model",
            "id": "konecta-ass1-dev-hr-model",
            "inference_accelerator": [],
            "ipc_mode": "",
            "memory": "2048",
            "network_mode": "awsvpc",
            "pid_mode": "",
            "placement_constraints": [],
            "proxy_configuration": [],
            "requires_compatibilities": [
              "FARGATE"
            ],
            "revision": 4,
            "runtime_platform": [],
            "skip_destroy": false,
            "tags": {},
            "tags_all": {},
            "task_role_arn": "",
            "track_latest": false,
            "volume": []
          },
          "sensitive_attributes": [],
          "identity_schema_version": 0,
          "private": "eyJzY2hlbWFfdmVyc2lvbiI6IjEifQ==",
          "dependencies": [
            "module.ecr.aws_ecr_repository.authentication_service",
            "module.ecr.aws_ecr_repository.hr_model",
            "module.ecs.aws_cloudwatch_log_group.ecs",
            "module.iam.aws_iam_role.ecs_execution"
          ]
        }
      ]
    },
    {
      "module": "module.ecs",
      "mode": "managed",
      "type": "aws_ecs_task_definition",
      "name": "hr_service",
      "provider": "provider[\"registry.terraform.io/hashicorp/aws\"]",
      "instances": [
        {
          "schema_version": 1,
          "attributes": {
            "arn": "arn:aws:ecs:us-east-1:585768179815:task-definition/konecta-ass1-dev-hr-service:5",
            "arn_without_revision": "arn:aws:ecs:us-east-1:585768179815:task-definition/konecta-ass1-dev-hr-service",
            "container_definitions": "[{\"environment\":[{\"name\":\"ASPNETCORE_ENVIRONMENT\",\"value\":\"dev\"},{\"name\":\"ConnectionStrings__DefaultConnection\",\"value\":\"Server=konecta-ass1-dev-db.ckj2g0ue01hn.us-east-1.rds.amazonaws.com,1433;Database=Konecta_HR;User Id=dbuser;Password=KonectaERP2024!DevPass;TrustServerCertificate=True;\"},{\"name\":\"Consul__Host\",\"value\":\"\"},{\"name\":\"JwtSettings__JwksUri\",\"value\":\"http://authentication-service.konecta-ass1.local:7280/.well-known/jwks.json\"},{\"name\":\"SPRING__APPLICATION__NAME\",\"value\":\"hr-service\"},{\"name\":\"SPRING__CLOUD__CONFIG__URI\",\"value\":\"http://config-server.konecta-ass1.local:8888\"}],\"essential\":true,\"image\":\"585768179815.dkr.ecr.us-east-1.amazonaws.com/konecta-ass1-dev-hr-service:latest\",\"logConfiguration\":{\"logDriver\":\"awslogs\",\"options\":{\"awslogs-group\":\"/ecs/konecta-ass1-dev\",\"awslogs-region\":\"us-east-1\",\"awslogs-stream-prefix\":\"hr-service\"}},\"mountPoints\":[],\"name\":\"hr-service\",\"portMappings\":[{\"containerPort\":5005,\"hostPort\":5005,\"protocol\":\"tcp\"}],\"systemControls\":[],\"volumesFrom\":[]}]",
            "cpu": "512",
            "enable_fault_injection": false,
            "ephemeral_storage": [],
            "execution_role_arn": "arn:aws:iam::585768179815:role/konecta-ass1-dev-ecs-execution-role",
            "family": "konecta-ass1-dev-hr-service",
            "id": "konecta-ass1-dev-hr-service",
            "inference_accelerator": [],
            "ipc_mode": "",
            "memory": "1024",
            "network_mode": "awsvpc",
            "pid_mode": "",
            "placement_constraints": [],
            "proxy_configuration": [],
            "requires_compatibilities": [
              "FARGATE"
            ],
            "revision": 5,
            "runtime_platform": [],
            "skip_destroy": false,
            "tags": null,
            "tags_all": {},
            "task_role_arn": "",
            "track_latest": false,
            "volume": []
          },
          "sensitive_attributes": [
            [
              {
                "type": "get_attr",
                "value": "container_definitions"
              }
            ]
          ],
          "identity_schema_version": 0,
          "private": "eyJzY2hlbWFfdmVyc2lvbiI6IjEifQ==",
          "dependencies": [
            "module.ecr.aws_ecr_repository.authentication_service",
            "module.ecr.aws_ecr_repository.hr_service",
            "module.ecs.aws_cloudwatch_log_group.ecs",
            "module.ecs.aws_service_discovery_private_dns_namespace.this",
            "module.iam.aws_iam_role.ecs_execution",
            "module.rds.aws_db_instance.this",
            "module.rds.aws_db_subnet_group.this",
            "module.security_groups.aws_security_group.alb",
            "module.security_groups.aws_security_group.frontend_ecs",
            "module.security_groups.aws_security_group.rds",
            "module.vpc.aws_subnet.private",
            "module.vpc.aws_vpc.main"
          ]
        }
      ]
    },
    {
      "module": "module.ecs",
      "mode": "managed",
      "type": "aws_ecs_task_definition",
      "name": "inventory_service",
      "provider": "provider[\"registry.terraform.io/hashicorp/aws\"]",
      "instances": [
        {
          "schema_version": 1,
          "attributes": {
            "arn": "arn:aws:ecs:us-east-1:585768179815:task-definition/konecta-ass1-dev-inventory-service:5",
            "arn_without_revision": "arn:aws:ecs:us-east-1:585768179815:task-definition/konecta-ass1-dev-inventory-service",
            "container_definitions": "[{\"environment\":[{\"name\":\"ASPNETCORE_ENVIRONMENT\",\"value\":\"dev\"},{\"name\":\"ConnectionStrings__DefaultConnection\",\"value\":\"Server=konecta-ass1-dev-db.ckj2g0ue01hn.us-east-1.rds.amazonaws.com,1433;Database=Konecta_Inventory;User Id=dbuser;Password=KonectaERP2024!DevPass;TrustServerCertificate=True;\"},{\"name\":\"Consul__Host\",\"value\":\"\"},{\"name\":\"JwtSettings__JwksUri\",\"value\":\"http://authentication-service.konecta-ass1.local:7280/.well-known/jwks.json\"},{\"name\":\"SPRING__APPLICATION__NAME\",\"value\":\"inventory-service\"},{\"name\":\"SPRING__CLOUD__CONFIG__URI\",\"value\":\"http://config-server.konecta-ass1.local:8888\"}],\"essential\":true,\"image\":\"585768179815.dkr.ecr.us-east-1.amazonaws.com/konecta-ass1-dev-inventory-service:latest\",\"logConfiguration\":{\"logDriver\":\"awslogs\",\"options\":{\"awslogs-region\":\"us-east-1\",\"awslogs-stream-prefix\":\"inventory-service\",\"awslogs-group\":\"/ecs/konecta-ass1-dev\"}},\"mountPoints\":[],\"name\":\"inventory-service\",\"portMappings\":[{\"containerPort\":5020,\"hostPort\":5020,\"protocol\":\"tcp\"}],\"systemControls\":[],\"volumesFrom\":[]}]",
            "cpu": "512",
            "enable_fault_injection": false,
            "ephemeral_storage": [],
            "execution_role_arn": "arn:aws:iam::585768179815:role/konecta-ass1-dev-ecs-execution-role",
            "family": "konecta-ass1-dev-inventory-service",
            "id": "konecta-ass1-dev-inventory-service",
            "inference_accelerator": [],
            "ipc_mode": "",
            "memory": "1024",
            "network_mode": "awsvpc",
            "pid_mode": "",
            "placement_constraints": [],
            "proxy_configuration": [],
            "requires_compatibilities": [
              "FARGATE"
            ],
            "revision": 5,
            "runtime_platform": [],
            "skip_destroy": false,
            "tags": null,
            "tags_all": {},
            "task_role_arn": "",
            "track_latest": false,
            "volume": []
          },
          "sensitive_attributes": [
            [
              {
                "type": "get_attr",
                "value": "container_definitions"
              }
            ]
          ],
          "identity_schema_version": 0,
          "private": "eyJzY2hlbWFfdmVyc2lvbiI6IjEifQ==",
          "dependencies": [
            "module.ecr.aws_ecr_repository.authentication_service",
            "module.ecr.aws_ecr_repository.inventory_service",
            "module.ecs.aws_cloudwatch_log_group.ecs",
            "module.ecs.aws_service_discovery_private_dns_namespace.this",
            "module.iam.aws_iam_role.ecs_execution",
            "module.rds.aws_db_instance.this",
            "module.rds.aws_db_subnet_group.this",
            "module.security_groups.aws_security_group.alb",
            "module.security_groups.aws_security_group.frontend_ecs",
            "module.security_groups.aws_security_group.rds",
            "module.vpc.aws_subnet.private",
            "module.vpc.aws_vpc.main"
          ]
        }
      ]
    },
    {
      "module": "module.ecs",
      "mode": "managed",
      "type": "aws_ecs_task_definition",
      "name": "prophet_model",
      "provider": "provider[\"registry.terraform.io/hashicorp/aws\"]",
      "instances": [
        {
          "schema_version": 1,
          "attributes": {
            "arn": "arn:aws:ecs:us-east-1:585768179815:task-definition/konecta-ass1-dev-prophet-model:4",
            "arn_without_revision": "arn:aws:ecs:us-east-1:585768179815:task-definition/konecta-ass1-dev-prophet-model",
            "container_definitions": "[{\"environment\":[],\"essential\":true,\"image\":\"585768179815.dkr.ecr.us-east-1.amazonaws.com/konecta-ass1-dev-prophet-model:latest\",\"logConfiguration\":{\"logDriver\":\"awslogs\",\"options\":{\"awslogs-group\":\"/ecs/konecta-ass1-dev\",\"awslogs-region\":\"us-east-1\",\"awslogs-stream-prefix\":\"prophet-model\"}},\"mountPoints\":[],\"name\":\"prophet-model\",\"portMappings\":[{\"containerPort\":8001,\"hostPort\":8001,\"protocol\":\"tcp\"}],\"systemControls\":[],\"volumesFrom\":[]}]",
            "cpu": "1024",
            "enable_fault_injection": false,
            "ephemeral_storage": [],
            "execution_role_arn": "arn:aws:iam::585768179815:role/konecta-ass1-dev-ecs-execution-role",
            "family": "konecta-ass1-dev-prophet-model",
            "id": "konecta-ass1-dev-prophet-model",
            "inference_accelerator": [],
            "ipc_mode": "",
            "memory": "2048",
            "network_mode": "awsvpc",
            "pid_mode": "",
            "placement_constraints": [],
            "proxy_configuration": [],
            "requires_compatibilities": [
              "FARGATE"
            ],
            "revision": 4,
            "runtime_platform": [],
            "skip_destroy": false,
            "tags": {},
            "tags_all": {},
            "task_role_arn": "",
            "track_latest": false,
            "volume": []
          },
          "sensitive_attributes": [],
          "identity_schema_version": 0,
          "private": "eyJzY2hlbWFfdmVyc2lvbiI6IjEifQ==",
          "dependencies": [
            "module.ecr.aws_ecr_repository.authentication_service",
            "module.ecr.aws_ecr_repository.prophet_model",
            "module.ecs.aws_cloudwatch_log_group.ecs",
            "module.iam.aws_iam_role.ecs_execution"
          ]
        }
      ]
    },
    {
      "module": "module.ecs",
      "mode": "managed",
      "type": "aws_ecs_task_definition",
      "name": "reporting_service",
      "provider": "provider[\"registry.terraform.io/hashicorp/aws\"]",
      "instances": [
        {
          "schema_version": 1,
          "attributes": {
            "arn": "arn:aws:ecs:us-east-1:585768179815:task-definition/konecta-ass1-dev-reporting-service:4",
            "arn_without_revision": "arn:aws:ecs:us-east-1:585768179815:task-definition/konecta-ass1-dev-reporting-service",
            "container_definitions": "[{\"environment\":[{\"name\":\"FINANCE_SERVICE_URI\",\"value\":\"http://finance-service.konecta-ass1.local:5003\"},{\"name\":\"HR_SERVICE_URI\",\"value\":\"http://hr-service.konecta-ass1.local:5005\"},{\"name\":\"INVENTORY_SERVICE_URI\",\"value\":\"http://inventory-service.konecta-ass1.local:5020\"},{\"name\":\"SPRING_APPLICATION_NAME\",\"value\":\"reporting-service\"},{\"name\":\"SPRING_CLOUD_CONFIG_URI\",\"value\":\"http://config-server.konecta-ass1.local:8888\"}],\"essential\":true,\"image\":\"585768179815.dkr.ecr.us-east-1.amazonaws.com/konecta-ass1-dev-reporting-service:latest\",\"logConfiguration\":{\"logDriver\":\"awslogs\",\"options\":{\"awslogs-region\":\"us-east-1\",\"awslogs-stream-prefix\":\"reporting-service\",\"awslogs-group\":\"/ecs/konecta-ass1-dev\"}},\"mountPoints\":[],\"name\":\"reporting-service\",\"portMappings\":[{\"containerPort\":8085,\"hostPort\":8085,\"protocol\":\"tcp\"}],\"systemControls\":[],\"volumesFrom\":[]}]",
            "cpu": "512",
            "enable_fault_injection": false,
            "ephemeral_storage": [],
            "execution_role_arn": "arn:aws:iam::585768179815:role/konecta-ass1-dev-ecs-execution-role",
            "family": "konecta-ass1-dev-reporting-service",
            "id": "konecta-ass1-dev-reporting-service",
            "inference_accelerator": [],
            "ipc_mode": "",
            "memory": "1024",
            "network_mode": "awsvpc",
            "pid_mode": "",
            "placement_constraints": [],
            "proxy_configuration": [],
            "requires_compatibilities": [
              "FARGATE"
            ],
            "revision": 4,
            "runtime_platform": [],
            "skip_destroy": false,
            "tags": {},
            "tags_all": {},
            "task_role_arn": "",
            "track_latest": false,
            "volume": []
          },
          "sensitive_attributes": [],
          "identity_schema_version": 0,
          "private": "eyJzY2hlbWFfdmVyc2lvbiI6IjEifQ==",
          "dependencies": [
            "module.ecr.aws_ecr_repository.authentication_service",
            "module.ecr.aws_ecr_repository.reporting_service",
            "module.ecs.aws_cloudwatch_log_group.ecs",
            "module.ecs.aws_service_discovery_private_dns_namespace.this",
            "module.iam.aws_iam_role.ecs_execution",
            "module.vpc.aws_vpc.main"
          ]
        }
      ]
    },
    {
      "module": "module.ecs",
      "mode": "managed",
      "type": "aws_ecs_task_definition",
      "name": "user_management_service",
      "provider": "provider[\"registry.terraform.io/hashicorp/aws\"]",
      "instances": [
        {
          "schema_version": 1,
          "attributes": {
            "arn": "arn:aws:ecs:us-east-1:585768179815:task-definition/konecta-ass1-dev-user-management-service:5",
            "arn_without_revision": "arn:aws:ecs:us-east-1:585768179815:task-definition/konecta-ass1-dev-user-management-service",
            "container_definitions": "[{\"environment\":[{\"name\":\"ASPNETCORE_ENVIRONMENT\",\"value\":\"dev\"},{\"name\":\"ConnectionStrings__DefaultConnection\",\"value\":\"Server=konecta-ass1-dev-db.ckj2g0ue01hn.us-east-1.rds.amazonaws.com,1433;Database=Konecta_UserManagement;User Id=dbuser;Password=KonectaERP2024!DevPass;TrustServerCertificate=True;\"},{\"name\":\"Consul__Host\",\"value\":\"\"},{\"name\":\"JwtSettings__JwksUri\",\"value\":\"http://authentication-service.konecta-ass1.local:7280/.well-known/jwks.json\"},{\"name\":\"SPRING__APPLICATION__NAME\",\"value\":\"user-management-service\"},{\"name\":\"SPRING__CLOUD__CONFIG__URI\",\"value\":\"http://config-server.konecta-ass1.local:8888\"}],\"essential\":true,\"image\":\"585768179815.dkr.ecr.us-east-1.amazonaws.com/konecta-ass1-dev-user-management-service:latest\",\"logConfiguration\":{\"logDriver\":\"awslogs\",\"options\":{\"awslogs-group\":\"/ecs/konecta-ass1-dev\",\"awslogs-region\":\"us-east-1\",\"awslogs-stream-prefix\":\"user-management-service\"}},\"mountPoints\":[],\"name\":\"user-management-service\",\"portMappings\":[{\"containerPort\":5078,\"hostPort\":5078,\"protocol\":\"tcp\"}],\"systemControls\":[],\"volumesFrom\":[]}]",
            "cpu": "512",
            "enable_fault_injection": false,
            "ephemeral_storage": [],
            "execution_role_arn": "arn:aws:iam::585768179815:role/konecta-ass1-dev-ecs-execution-role",
            "family": "konecta-ass1-dev-user-management-service",
            "id": "konecta-ass1-dev-user-management-service",
            "inference_accelerator": [],
            "ipc_mode": "",
            "memory": "1024",
            "network_mode": "awsvpc",
            "pid_mode": "",
            "placement_constraints": [],
            "proxy_configuration": [],
            "requires_compatibilities": [
              "FARGATE"
            ],
            "revision": 5,
            "runtime_platform": [],
            "skip_destroy": false,
            "tags": null,
            "tags_all": {},
            "task_role_arn": "",
            "track_latest": false,
            "volume": []
          },
          "sensitive_attributes": [
            [
              {
                "type": "get_attr",
                "value": "container_definitions"
              }
            ]
          ],
          "identity_schema_version": 0,
          "private": "eyJzY2hlbWFfdmVyc2lvbiI6IjEifQ==",
          "dependencies": [
            "module.ecr.aws_ecr_repository.authentication_service",
            "module.ecr.aws_ecr_repository.user_management_service",
            "module.ecs.aws_cloudwatch_log_group.ecs",
            "module.ecs.aws_service_discovery_private_dns_namespace.this",
            "module.iam.aws_iam_role.ecs_execution",
            "module.rds.aws_db_instance.this",
            "module.rds.aws_db_subnet_group.this",
            "module.security_groups.aws_security_group.alb",
            "module.security_groups.aws_security_group.frontend_ecs",
            "module.security_groups.aws_security_group.rds",
            "module.vpc.aws_subnet.private",
            "module.vpc.aws_vpc.main"
          ]
        }
      ]
    },
    {
      "module": "module.ecs",
      "mode": "managed",
      "type": "aws_lb",
      "name": "alb",
      "provider": "provider[\"registry.terraform.io/hashicorp/aws\"]",
      "instances": [
        {
          "schema_version": 0,
          "attributes": {
            "access_logs": [
              {
                "bucket": "",
                "enabled": false,
                "prefix": ""
              }
            ],
            "arn": "arn:aws:elasticloadbalancing:us-east-1:585768179815:loadbalancer/app/konecta-ass1-dev-alb/a7d91d244ddb440a",
            "arn_suffix": "app/konecta-ass1-dev-alb/a7d91d244ddb440a",
            "client_keep_alive": 3600,
            "connection_logs": [
              {
                "bucket": "",
                "enabled": false,
                "prefix": ""
              }
            ],
            "customer_owned_ipv4_pool": "",
            "desync_mitigation_mode": "defensive",
            "dns_name": "konecta-ass1-dev-alb-2094459706.us-east-1.elb.amazonaws.com",
            "dns_record_client_routing_policy": null,
            "drop_invalid_header_fields": false,
            "enable_cross_zone_load_balancing": true,
            "enable_deletion_protection": false,
            "enable_http2": true,
            "enable_tls_version_and_cipher_suite_headers": false,
            "enable_waf_fail_open": false,
            "enable_xff_client_port": false,
            "enable_zonal_shift": false,
            "enforce_security_group_inbound_rules_on_private_link_traffic": "",
            "id": "arn:aws:elasticloadbalancing:us-east-1:585768179815:loadbalancer/app/konecta-ass1-dev-alb/a7d91d244ddb440a",
            "idle_timeout": 60,
            "internal": false,
            "ip_address_type": "ipv4",
            "ipam_pools": [],
            "load_balancer_type": "application",
            "minimum_load_balancer_capacity": [],
            "name": "konecta-ass1-dev-alb",
            "name_prefix": "",
            "preserve_host_header": false,
            "security_groups": [
              "sg-03a7a28402c7573be"
            ],
            "subnet_mapping": [
              {
                "allocation_id": "",
                "ipv6_address": "",
                "outpost_id": "",
                "private_ipv4_address": "",
                "subnet_id": "subnet-08d581eda956a088b"
              },
              {
                "allocation_id": "",
                "ipv6_address": "",
                "outpost_id": "",
                "private_ipv4_address": "",
                "subnet_id": "subnet-0e7360c276d692b93"
              }
            ],
            "subnets": [
              "subnet-08d581eda956a088b",
              "subnet-0e7360c276d692b93"
            ],
            "tags": {},
            "tags_all": {},
            "timeouts": null,
            "vpc_id": "vpc-0ea9fa2e27abda476",
            "xff_header_processing_mode": "append",
            "zone_id": "Z35SXDOTRQ7X7K"
          },
          "sensitive_attributes": [],
          "identity_schema_version": 0,
          "private": "eyJlMmJmYjczMC1lY2FhLTExZTYtOGY4OC0zNDM2M2JjN2M0YzAiOnsiY3JlYXRlIjo2MDAwMDAwMDAwMDAsImRlbGV0ZSI6NjAwMDAwMDAwMDAwLCJ1cGRhdGUiOjYwMDAwMDAwMDAwMH19",
          "dependencies": [
            "module.security_groups.aws_security_group.alb",
            "module.vpc.aws_subnet.public",
            "module.vpc.aws_vpc.main"
          ]
        }
      ]
    },
    {
      "module": "module.ecs",
      "mode": "managed",
      "type": "aws_lb_listener",
      "name": "api_gateway",
      "provider": "provider[\"registry.terraform.io/hashicorp/aws\"]",
      "instances": [
        {
          "schema_version": 0,
          "attributes": {
            "alpn_policy": null,
            "arn": "arn:aws:elasticloadbalancing:us-east-1:585768179815:listener/app/konecta-ass1-dev-alb/a7d91d244ddb440a/de1f2d12de1d45e6",
            "certificate_arn": null,
            "default_action": [
              {
                "authenticate_cognito": [],
                "authenticate_oidc": [],
                "fixed_response": [],
                "forward": [],
                "order": 1,
                "redirect": [],
                "target_group_arn": "arn:aws:elasticloadbalancing:us-east-1:585768179815:targetgroup/konecta-ass1-dev-api-gateway-tg/8d12b4fbff2af81e",
                "type": "forward"
              }
            ],
            "id": "arn:aws:elasticloadbalancing:us-east-1:585768179815:listener/app/konecta-ass1-dev-alb/a7d91d244ddb440a/de1f2d12de1d45e6",
            "load_balancer_arn": "arn:aws:elasticloadbalancing:us-east-1:585768179815:loadbalancer/app/konecta-ass1-dev-alb/a7d91d244ddb440a",
            "mutual_authentication": [],
            "port": 80,
            "protocol": "HTTP",
            "routing_http_request_x_amzn_mtls_clientcert_header_name": null,
            "routing_http_request_x_amzn_mtls_clientcert_issuer_header_name": null,
            "routing_http_request_x_amzn_mtls_clientcert_leaf_header_name": null,
            "routing_http_request_x_amzn_mtls_clientcert_serial_number_header_name": null,
            "routing_http_request_x_amzn_mtls_clientcert_subject_header_name": null,
            "routing_http_request_x_amzn_mtls_clientcert_validity_header_name": null,
            "routing_http_request_x_amzn_tls_cipher_suite_header_name": null,
            "routing_http_request_x_amzn_tls_version_header_name": null,
            "routing_http_response_access_control_allow_credentials_header_value": "",
            "routing_http_response_access_control_allow_headers_header_value": "",
            "routing_http_response_access_control_allow_methods_header_value": "",
            "routing_http_response_access_control_allow_origin_header_value": "",
            "routing_http_response_access_control_expose_headers_header_value": "",
            "routing_http_response_access_control_max_age_header_value": "",
            "routing_http_response_content_security_policy_header_value": "",
            "routing_http_response_server_enabled": true,
            "routing_http_response_strict_transport_security_header_value": "",
            "routing_http_response_x_content_type_options_header_value": "",
            "routing_http_response_x_frame_options_header_value": "",
            "ssl_policy": "",
            "tags": {},
            "tags_all": {},
            "tcp_idle_timeout_seconds": null,
            "timeouts": null
          },
          "sensitive_attributes": [],
          "identity_schema_version": 0,
          "private": "eyJlMmJmYjczMC1lY2FhLTExZTYtOGY4OC0zNDM2M2JjN2M0YzAiOnsiY3JlYXRlIjozMDAwMDAwMDAwMDAsInVwZGF0ZSI6MzAwMDAwMDAwMDAwfX0=",
          "dependencies": [
            "module.ecs.aws_lb.alb",
            "module.ecs.aws_lb_target_group.api_gateway",
            "module.security_groups.aws_security_group.alb",
            "module.vpc.aws_subnet.public",
            "module.vpc.aws_vpc.main"
          ]
        }
      ]
    },
    {
      "module": "module.ecs",
      "mode": "managed",
      "type": "aws_lb_target_group",
      "name": "api_gateway",
      "provider": "provider[\"registry.terraform.io/hashicorp/aws\"]",
      "instances": [
        {
          "schema_version": 0,
          "attributes": {
            "arn": "arn:aws:elasticloadbalancing:us-east-1:585768179815:targetgroup/konecta-ass1-dev-api-gateway-tg/8d12b4fbff2af81e",
            "arn_suffix": "targetgroup/konecta-ass1-dev-api-gateway-tg/8d12b4fbff2af81e",
            "connection_termination": null,
            "deregistration_delay": "30",
            "health_check": [
              {
                "enabled": true,
                "healthy_threshold": 2,
                "interval": 30,
                "matcher": "200",
                "path": "/actuator/health",
                "port": "traffic-port",
                "protocol": "HTTP",
                "timeout": 10,
                "unhealthy_threshold": 5
              }
            ],
            "id": "arn:aws:elasticloadbalancing:us-east-1:585768179815:targetgroup/konecta-ass1-dev-api-gateway-tg/8d12b4fbff2af81e",
            "ip_address_type": "ipv4",
            "lambda_multi_value_headers_enabled": false,
            "load_balancer_arns": [
              "arn:aws:elasticloadbalancing:us-east-1:585768179815:loadbalancer/app/konecta-ass1-dev-alb/a7d91d244ddb440a"
            ],
            "load_balancing_algorithm_type": "round_robin",
            "load_balancing_anomaly_mitigation": "off",
            "load_balancing_cross_zone_enabled": "use_load_balancer_configuration",
            "name": "konecta-ass1-dev-api-gateway-tg",
            "name_prefix": "",
            "port": 8080,
            "preserve_client_ip": null,
            "protocol": "HTTP",
            "protocol_version": "HTTP1",
            "proxy_protocol_v2": false,
            "slow_start": 0,
            "stickiness": [
              {
                "cookie_duration": 86400,
                "cookie_name": "",
                "enabled": false,
                "type": "lb_cookie"
              }
            ],
            "tags": {
              "Name": "konecta-ass1-dev-api-gateway-tg"
            },
            "tags_all": {
              "Name": "konecta-ass1-dev-api-gateway-tg"
            },
            "target_failover": [
              {
                "on_deregistration": null,
                "on_unhealthy": null
              }
            ],
            "target_group_health": [
              {
                "dns_failover": [
                  {
                    "minimum_healthy_targets_count": "1",
                    "minimum_healthy_targets_percentage": "off"
                  }
                ],
                "unhealthy_state_routing": [
                  {
                    "minimum_healthy_targets_count": 1,
                    "minimum_healthy_targets_percentage": "off"
                  }
                ]
              }
            ],
            "target_health_state": [
              {
                "enable_unhealthy_connection_termination": null,
                "unhealthy_draining_interval": null
              }
            ],
            "target_type": "ip",
            "vpc_id": "vpc-0ea9fa2e27abda476"
          },
          "sensitive_attributes": [],
          "identity_schema_version": 0,
          "private": "bnVsbA==",
          "dependencies": [
            "module.vpc.aws_vpc.main"
          ]
        }
      ]
    },
    {
      "module": "module.ecs",
      "mode": "managed",
      "type": "aws_service_discovery_private_dns_namespace",
      "name": "this",
      "provider": "provider[\"registry.terraform.io/hashicorp/aws\"]",
      "instances": [
        {
          "schema_version": 0,
          "attributes": {
            "arn": "arn:aws:servicediscovery:us-east-1:585768179815:namespace/ns-4ndib5luvout4a2i",
            "description": "Service discovery namespace for konecta-ass1",
            "hosted_zone": "Z04713341J87JE29UESPO",
            "id": "ns-4ndib5luvout4a2i",
            "name": "konecta-ass1.local",
            "tags": {},
            "tags_all": {},
            "vpc": "vpc-0ea9fa2e27abda476"
          },
          "sensitive_attributes": [],
          "identity_schema_version": 0,
          "private": "bnVsbA==",
          "dependencies": [
            "module.vpc.aws_vpc.main"
          ]
        }
      ]
    },
    {
      "module": "module.ecs",
      "mode": "managed",
      "type": "aws_service_discovery_service",
      "name": "api_gateway",
      "provider": "provider[\"registry.terraform.io/hashicorp/aws\"]",
      "instances": [
        {
          "schema_version": 0,
          "attributes": {
            "arn": "arn:aws:servicediscovery:us-east-1:585768179815:service/srv-neppgintkrzrso4p",
            "description": "",
            "dns_config": [
              {
                "dns_records": [
                  {
                    "ttl": 10,
                    "type": "A"
                  }
                ],
                "namespace_id": "ns-4ndib5luvout4a2i",
                "routing_policy": "MULTIVALUE"
              }
            ],
            "force_destroy": false,
            "health_check_config": [],
            "health_check_custom_config": [
              {
                "failure_threshold": 1
              }
            ],
            "id": "srv-neppgintkrzrso4p",
            "name": "api-gateway",
            "namespace_id": "ns-4ndib5luvout4a2i",
            "tags": {},
            "tags_all": {},
            "type": "DNS_HTTP"
          },
          "sensitive_attributes": [],
          "identity_schema_version": 0,
          "private": "bnVsbA==",
          "dependencies": [
            "module.ecs.aws_service_discovery_private_dns_namespace.this",
            "module.vpc.aws_vpc.main"
          ]
        }
      ]
    },
    {
      "module": "module.ecs",
      "mode": "managed",
      "type": "aws_service_discovery_service",
      "name": "authentication_service",
      "provider": "provider[\"registry.terraform.io/hashicorp/aws\"]",
      "instances": [
        {
          "schema_version": 0,
          "attributes": {
            "arn": "arn:aws:servicediscovery:us-east-1:585768179815:service/srv-nzutce6t7mcrq34q",
            "description": "",
            "dns_config": [
              {
                "dns_records": [
                  {
                    "ttl": 10,
                    "type": "A"
                  }
                ],
                "namespace_id": "ns-4ndib5luvout4a2i",
                "routing_policy": "MULTIVALUE"
              }
            ],
            "force_destroy": false,
            "health_check_config": [],
            "health_check_custom_config": [
              {
                "failure_threshold": 1
              }
            ],
            "id": "srv-nzutce6t7mcrq34q",
            "name": "authentication-service",
            "namespace_id": "ns-4ndib5luvout4a2i",
            "tags": {},
            "tags_all": {},
            "type": "DNS_HTTP"
          },
          "sensitive_attributes": [],
          "identity_schema_version": 0,
          "private": "bnVsbA==",
          "dependencies": [
            "module.ecs.aws_service_discovery_private_dns_namespace.this",
            "module.vpc.aws_vpc.main"
          ]
        }
      ]
    },
    {
      "module": "module.ecs",
      "mode": "managed",
      "type": "aws_service_discovery_service",
      "name": "config_server",
      "provider": "provider[\"registry.terraform.io/hashicorp/aws\"]",
      "instances": [
        {
          "schema_version": 0,
          "attributes": {
            "arn": "arn:aws:servicediscovery:us-east-1:585768179815:service/srv-t5t3rfdfi7dfhcak",
            "description": "",
            "dns_config": [
              {
                "dns_records": [
                  {
                    "ttl": 10,
                    "type": "A"
                  }
                ],
                "namespace_id": "ns-4ndib5luvout4a2i",
                "routing_policy": "MULTIVALUE"
              }
            ],
            "force_destroy": false,
            "health_check_config": [],
            "health_check_custom_config": [
              {
                "failure_threshold": 1
              }
            ],
            "id": "srv-t5t3rfdfi7dfhcak",
            "name": "config-server",
            "namespace_id": "ns-4ndib5luvout4a2i",
            "tags": {},
            "tags_all": {},
            "type": "DNS_HTTP"
          },
          "sensitive_attributes": [],
          "identity_schema_version": 0,
          "private": "bnVsbA==",
          "dependencies": [
            "module.ecs.aws_service_discovery_private_dns_namespace.this",
            "module.vpc.aws_vpc.main"
          ]
        }
      ]
    },
    {
      "module": "module.ecs",
      "mode": "managed",
      "type": "aws_service_discovery_service",
      "name": "finance_service",
      "provider": "provider[\"registry.terraform.io/hashicorp/aws\"]",
      "instances": [
        {
          "schema_version": 0,
          "attributes": {
            "arn": "arn:aws:servicediscovery:us-east-1:585768179815:service/srv-jjbhxgm262sctbbw",
            "description": "",
            "dns_config": [
              {
                "dns_records": [
                  {
                    "ttl": 10,
                    "type": "A"
                  }
                ],
                "namespace_id": "ns-4ndib5luvout4a2i",
                "routing_policy": "MULTIVALUE"
              }
            ],
            "force_destroy": false,
            "health_check_config": [],
            "health_check_custom_config": [
              {
                "failure_threshold": 1
              }
            ],
            "id": "srv-jjbhxgm262sctbbw",
            "name": "finance-service",
            "namespace_id": "ns-4ndib5luvout4a2i",
            "tags": {},
            "tags_all": {},
            "type": "DNS_HTTP"
          },
          "sensitive_attributes": [],
          "identity_schema_version": 0,
          "private": "bnVsbA==",
          "dependencies": [
            "module.ecs.aws_service_discovery_private_dns_namespace.this",
            "module.vpc.aws_vpc.main"
          ]
        }
      ]
    },
    {
      "module": "module.ecs",
      "mode": "managed",
      "type": "aws_service_discovery_service",
      "name": "hr_service",
      "provider": "provider[\"registry.terraform.io/hashicorp/aws\"]",
      "instances": [
        {
          "schema_version": 0,
          "attributes": {
            "arn": "arn:aws:servicediscovery:us-east-1:585768179815:service/srv-gw3wpqvoptuajp33",
            "description": "",
            "dns_config": [
              {
                "dns_records": [
                  {
                    "ttl": 10,
                    "type": "A"
                  }
                ],
                "namespace_id": "ns-4ndib5luvout4a2i",
                "routing_policy": "MULTIVALUE"
              }
            ],
            "force_destroy": false,
            "health_check_config": [],
            "health_check_custom_config": [
              {
                "failure_threshold": 1
              }
            ],
            "id": "srv-gw3wpqvoptuajp33",
            "name": "hr-service",
            "namespace_id": "ns-4ndib5luvout4a2i",
            "tags": {},
            "tags_all": {},
            "type": "DNS_HTTP"
          },
          "sensitive_attributes": [],
          "identity_schema_version": 0,
          "private": "bnVsbA==",
          "dependencies": [
            "module.ecs.aws_service_discovery_private_dns_namespace.this",
            "module.vpc.aws_vpc.main"
          ]
        }
      ]
    },
    {
      "module": "module.ecs",
      "mode": "managed",
      "type": "aws_service_discovery_service",
      "name": "inventory_service",
      "provider": "provider[\"registry.terraform.io/hashicorp/aws\"]",
      "instances": [
        {
          "schema_version": 0,
          "attributes": {
            "arn": "arn:aws:servicediscovery:us-east-1:585768179815:service/srv-ehwfxcpznleynhti",
            "description": "",
            "dns_config": [
              {
                "dns_records": [
                  {
                    "ttl": 10,
                    "type": "A"
                  }
                ],
                "namespace_id": "ns-4ndib5luvout4a2i",
                "routing_policy": "MULTIVALUE"
              }
            ],
            "force_destroy": false,
            "health_check_config": [],
            "health_check_custom_config": [
              {
                "failure_threshold": 1
              }
            ],
            "id": "srv-ehwfxcpznleynhti",
            "name": "inventory-service",
            "namespace_id": "ns-4ndib5luvout4a2i",
            "tags": {},
            "tags_all": {},
            "type": "DNS_HTTP"
          },
          "sensitive_attributes": [],
          "identity_schema_version": 0,
          "private": "bnVsbA==",
          "dependencies": [
            "module.ecs.aws_service_discovery_private_dns_namespace.this",
            "module.vpc.aws_vpc.main"
          ]
        }
      ]
    },
    {
      "module": "module.ecs",
      "mode": "managed",
      "type": "aws_service_discovery_service",
      "name": "reporting_service",
      "provider": "provider[\"registry.terraform.io/hashicorp/aws\"]",
      "instances": [
        {
          "schema_version": 0,
          "attributes": {
            "arn": "arn:aws:servicediscovery:us-east-1:585768179815:service/srv-nzsojdodrgsonun5",
            "description": "",
            "dns_config": [
              {
                "dns_records": [
                  {
                    "ttl": 10,
                    "type": "A"
                  }
                ],
                "namespace_id": "ns-4ndib5luvout4a2i",
                "routing_policy": "MULTIVALUE"
              }
            ],
            "force_destroy": false,
            "health_check_config": [],
            "health_check_custom_config": [
              {
                "failure_threshold": 1
              }
            ],
            "id": "srv-nzsojdodrgsonun5",
            "name": "reporting-service",
            "namespace_id": "ns-4ndib5luvout4a2i",
            "tags": {},
            "tags_all": {},
            "type": "DNS_HTTP"
          },
          "sensitive_attributes": [],
          "identity_schema_version": 0,
          "private": "bnVsbA==",
          "dependencies": [
            "module.ecs.aws_service_discovery_private_dns_namespace.this",
            "module.vpc.aws_vpc.main"
          ]
        }
      ]
    },
    {
      "module": "module.ecs",
      "mode": "managed",
      "type": "aws_service_discovery_service",
      "name": "user_management_service",
      "provider": "provider[\"registry.terraform.io/hashicorp/aws\"]",
      "instances": [
        {
          "schema_version": 0,
          "attributes": {
            "arn": "arn:aws:servicediscovery:us-east-1:585768179815:service/srv-2z6kufr6tjy3get3",
            "description": "",
            "dns_config": [
              {
                "dns_records": [
                  {
                    "ttl": 10,
                    "type": "A"
                  }
                ],
                "namespace_id": "ns-4ndib5luvout4a2i",
                "routing_policy": "MULTIVALUE"
              }
            ],
            "force_destroy": false,
            "health_check_config": [],
            "health_check_custom_config": [
              {
                "failure_threshold": 1
              }
            ],
            "id": "srv-2z6kufr6tjy3get3",
            "name": "user-management-service",
            "namespace_id": "ns-4ndib5luvout4a2i",
            "tags": {},
            "tags_all": {},
            "type": "DNS_HTTP"
          },
          "sensitive_attributes": [],
          "identity_schema_version": 0,
          "private": "bnVsbA==",
          "dependencies": [
            "module.ecs.aws_service_discovery_private_dns_namespace.this",
            "module.vpc.aws_vpc.main"
          ]
        }
      ]
    },
    {
      "module": "module.iam",
      "mode": "managed",
      "type": "aws_iam_role",
      "name": "ecs_execution",
      "provider": "provider[\"registry.terraform.io/hashicorp/aws\"]",
      "instances": [
        {
          "schema_version": 0,
          "attributes": {
            "arn": "arn:aws:iam::585768179815:role/konecta-ass1-dev-ecs-execution-role",
            "assume_role_policy": "{\"Statement\":[{\"Action\":\"sts:AssumeRole\",\"Effect\":\"Allow\",\"Principal\":{\"Service\":\"ecs-tasks.amazonaws.com\"}}],\"Version\":\"2012-10-17\"}",
            "create_date": "2025-11-30T19:55:21Z",
            "description": "",
            "force_detach_policies": false,
            "id": "konecta-ass1-dev-ecs-execution-role",
            "inline_policy": [
              {
                "name": "konecta-ass1-dev-ecs-execution-secrets",
                "policy": "{\"Version\":\"2012-10-17\",\"Statement\":[{\"Action\":[\"secretsmanager:GetSecretValue\",\"secretsmanager:DescribeSecret\"],\"Effect\":\"Allow\",\"Resource\":[\"arn:aws:secretsmanager:us-east-1:585768179815:secret:konecta-ass1-dev-docker-hub-credentials-oLW5ta\"]}]}"
              }
            ],
            "managed_policy_arns": [
              "arn:aws:iam::aws:policy/service-role/AmazonECSTaskExecutionRolePolicy"
            ],
            "max_session_duration": 3600,
            "name": "konecta-ass1-dev-ecs-execution-role",
            "name_prefix": "",
            "path": "/",
            "permissions_boundary": "",
            "tags": {},
            "tags_all": {},
            "unique_id": "AROAYQYUBDBT5JUFSDZDJ"
          },
          "sensitive_attributes": [],
          "identity_schema_version": 0,
          "private": "bnVsbA=="
        }
      ]
    },
    {
      "module": "module.iam",
      "mode": "managed",
      "type": "aws_iam_role_policy",
      "name": "ecs_execution_secrets",
      "provider": "provider[\"registry.terraform.io/hashicorp/aws\"]",
      "instances": [
        {
          "index_key": 0,
          "schema_version": 0,
          "attributes": {
            "id": "konecta-ass1-dev-ecs-execution-role:konecta-ass1-dev-ecs-execution-secrets",
            "name": "konecta-ass1-dev-ecs-execution-secrets",
            "name_prefix": "",
            "policy": "{\"Version\":\"2012-10-17\",\"Statement\":[{\"Action\":[\"secretsmanager:GetSecretValue\",\"secretsmanager:DescribeSecret\"],\"Effect\":\"Allow\",\"Resource\":[\"arn:aws:secretsmanager:us-east-1:585768179815:secret:konecta-ass1-dev-docker-hub-credentials-oLW5ta\"]}]}",
            "role": "konecta-ass1-dev-ecs-execution-role"
          },
          "sensitive_attributes": [],
          "identity_schema_version": 0,
          "private": "bnVsbA==",
          "dependencies": [
            "module.iam.aws_iam_role.ecs_execution"
          ]
        }
      ]
    },
    {
      "module": "module.iam",
      "mode": "managed",
      "type": "aws_iam_role_policy_attachment",
      "name": "ecs_execution",
      "provider": "provider[\"registry.terraform.io/hashicorp/aws\"]",
      "instances": [
        {
          "schema_version": 0,
          "attributes": {
            "id": "konecta-ass1-dev-ecs-execution-role-20251130195522939600000001",
            "policy_arn": "arn:aws:iam::aws:policy/service-role/AmazonECSTaskExecutionRolePolicy",
            "role": "konecta-ass1-dev-ecs-execution-role"
          },
          "sensitive_attributes": [],
          "identity_schema_version": 0,
          "private": "bnVsbA==",
          "dependencies": [
            "module.iam.aws_iam_role.ecs_execution"
          ]
        }
      ]
    },
    {
      "module": "module.rds",
      "mode": "managed",
      "type": "aws_db_instance",
      "name": "this",
      "provider": "provider[\"registry.terraform.io/hashicorp/aws\"]",
      "instances": [
        {
          "schema_version": 2,
          "attributes": {
            "address": "konecta-ass1-dev-db.ckj2g0ue01hn.us-east-1.rds.amazonaws.com",
            "allocated_storage": 20,
            "allow_major_version_upgrade": null,
            "apply_immediately": false,
            "arn": "arn:aws:rds:us-east-1:585768179815:db:konecta-ass1-dev-db",
            "auto_minor_version_upgrade": true,
            "availability_zone": "us-east-1b",
            "backup_retention_period": 0,
            "backup_target": "region",
            "backup_window": "07:28-07:58",
            "blue_green_update": [],
            "ca_cert_identifier": "rds-ca-rsa2048-g1",
            "character_set_name": "SQL_Latin1_General_CP1_CI_AS",
            "copy_tags_to_snapshot": false,
            "custom_iam_instance_profile": "",
            "customer_owned_ip_enabled": false,
            "database_insights_mode": "standard",
            "db_name": "",
            "db_subnet_group_name": "konecta-ass1-dev-db-subnet-group",
            "dedicated_log_volume": false,
            "delete_automated_backups": true,
            "deletion_protection": false,
            "domain": "",
            "domain_auth_secret_arn": "",
            "domain_dns_ips": null,
            "domain_fqdn": "",
            "domain_iam_role_name": "",
            "domain_ou": "",
            "enabled_cloudwatch_logs_exports": null,
            "endpoint": "konecta-ass1-dev-db.ckj2g0ue01hn.us-east-1.rds.amazonaws.com:1433",
            "engine": "sqlserver-ex",
            "engine_lifecycle_support": "",
            "engine_version": "15.00",
            "engine_version_actual": "15.00.4445.1.v1",
            "final_snapshot_identifier": null,
            "hosted_zone_id": "Z2R2ITUGPM61AM",
            "iam_database_authentication_enabled": false,
            "id": "db-SZGTU4KVB5EEURGRNVOZV5YGOM",
            "identifier": "konecta-ass1-dev-db",
            "identifier_prefix": "",
            "instance_class": "db.t3.micro",
            "iops": 0,
            "kms_key_id": "",
            "latest_restorable_time": "",
            "license_model": "license-included",
            "listener_endpoint": [],
            "maintenance_window": "mon:04:14-mon:04:44",
            "manage_master_user_password": null,
            "master_user_secret": [],
            "master_user_secret_kms_key_id": null,
            "max_allocated_storage": 0,
            "monitoring_interval": 0,
            "monitoring_role_arn": "",
            "multi_az": false,
            "nchar_character_set_name": "",
            "network_type": "IPV4",
            "option_group_name": "default:sqlserver-ex-15-00",
            "parameter_group_name": "default.sqlserver-ex-15.0",
            "password": "KonectaERP2024!DevPass",
            "password_wo": null,
            "password_wo_version": null,
            "performance_insights_enabled": false,
            "performance_insights_kms_key_id": "",
            "performance_insights_retention_period": 0,
            "port": 1433,
            "publicly_accessible": false,
            "replica_mode": "",
            "replicas": [],
            "replicate_source_db": "",
            "resource_id": "db-SZGTU4KVB5EEURGRNVOZV5YGOM",
            "restore_to_point_in_time": [],
            "s3_import": [],
            "skip_final_snapshot": true,
            "snapshot_identifier": null,
            "status": "available",
            "storage_encrypted": false,
            "storage_throughput": 0,
            "storage_type": "gp2",
            "tags": {
              "Name": "konecta-ass1-dev-rds"
            },
            "tags_all": {
              "Name": "konecta-ass1-dev-rds"
            },
            "timeouts": null,
            "timezone": "",
            "upgrade_storage_config": null,
            "username": "dbuser",
            "vpc_security_group_ids": [
              "sg-022fa994575798e66"
            ]
          },
          "sensitive_attributes": [
            [
              {
                "type": "get_attr",
                "value": "password"
              }
            ],
            [
              {
                "type": "get_attr",
                "value": "password_wo"
              }
            ]
          ],
          "identity_schema_version": 0,
          "private": "eyJlMmJmYjczMC1lY2FhLTExZTYtOGY4OC0zNDM2M2JjN2M0YzAiOnsiY3JlYXRlIjozMDAwMDAwMDAwMDAwLCJkZWxldGUiOjM2MDAwMDAwMDAwMDAsInVwZGF0ZSI6NDgwMDAwMDAwMDAwMH0sInNjaGVtYV92ZXJzaW9uIjoiMiJ9",
          "dependencies": [
            "module.rds.aws_db_subnet_group.this",
            "module.security_groups.aws_security_group.alb",
            "module.security_groups.aws_security_group.frontend_ecs",
            "module.security_groups.aws_security_group.rds",
            "module.vpc.aws_subnet.private",
            "module.vpc.aws_vpc.main"
          ]
        }
      ]
    },
    {
      "module": "module.rds",
      "mode": "managed",
      "type": "aws_db_subnet_group",
      "name": "this",
      "provider": "provider[\"registry.terraform.io/hashicorp/aws\"]",
      "instances": [
        {
          "schema_version": 0,
          "attributes": {
            "arn": "arn:aws:rds:us-east-1:585768179815:subgrp:konecta-ass1-dev-db-subnet-group",
            "description": "Managed by Terraform",
            "id": "konecta-ass1-dev-db-subnet-group",
            "name": "konecta-ass1-dev-db-subnet-group",
            "name_prefix": "",
            "subnet_ids": [
              "subnet-0582b6c829c182676",
              "subnet-065bdde15d9247621"
            ],
            "supported_network_types": [
              "IPV4"
            ],
            "tags": {},
            "tags_all": {},
            "vpc_id": "vpc-0ea9fa2e27abda476"
          },
          "sensitive_attributes": [],
          "identity_schema_version": 0,
          "private": "bnVsbA==",
          "dependencies": [
            "module.vpc.aws_subnet.private",
            "module.vpc.aws_vpc.main"
          ]
        }
      ]
    },
    {
      "module": "module.security_groups",
      "mode": "managed",
      "type": "aws_security_group",
      "name": "alb",
      "provider": "provider[\"registry.terraform.io/hashicorp/aws\"]",
      "instances": [
        {
          "schema_version": 1,
          "attributes": {
            "arn": "arn:aws:ec2:us-east-1:585768179815:security-group/sg-03a7a28402c7573be",
            "description": "Managed by Terraform",
            "egress": [
              {
                "cidr_blocks": [
                  "0.0.0.0/0"
                ],
                "description": "",
                "from_port": 0,
                "ipv6_cidr_blocks": [],
                "prefix_list_ids": [],
                "protocol": "-1",
                "security_groups": [],
                "self": false,
                "to_port": 0
              }
            ],
            "id": "sg-03a7a28402c7573be",
            "ingress": [
              {
                "cidr_blocks": [
                  "0.0.0.0/0"
                ],
                "description": "",
                "from_port": 80,
                "ipv6_cidr_blocks": [],
                "prefix_list_ids": [],
                "protocol": "tcp",
                "security_groups": [],
                "self": false,
                "to_port": 80
              }
            ],
            "name": "konecta-ass1-dev-alb-sg-20251130141559139900000003",
            "name_prefix": "konecta-ass1-dev-alb-sg-",
            "owner_id": "585768179815",
            "revoke_rules_on_delete": false,
            "tags": {
              "Name": "konecta-ass1-dev-alb-sg"
            },
            "tags_all": {
              "Name": "konecta-ass1-dev-alb-sg"
            },
            "timeouts": null,
            "vpc_id": "vpc-0ea9fa2e27abda476"
          },
          "sensitive_attributes": [],
          "identity_schema_version": 0,
          "private": "eyJlMmJmYjczMC1lY2FhLTExZTYtOGY4OC0zNDM2M2JjN2M0YzAiOnsiY3JlYXRlIjo2MDAwMDAwMDAwMDAsImRlbGV0ZSI6OTAwMDAwMDAwMDAwfSwic2NoZW1hX3ZlcnNpb24iOiIxIn0=",
          "dependencies": [
            "module.vpc.aws_vpc.main"
          ]
        }
      ]
    },
    {
      "module": "module.security_groups",
      "mode": "managed",
      "type": "aws_security_group",
      "name": "frontend_ecs",
      "provider": "provider[\"registry.terraform.io/hashicorp/aws\"]",
      "instances": [
        {
          "schema_version": 1,
          "attributes": {
            "arn": "arn:aws:ec2:us-east-1:585768179815:security-group/sg-08ed165cb6079f030",
            "description": "Managed by Terraform",
            "egress": [
              {
                "cidr_blocks": [
                  "0.0.0.0/0"
                ],
                "description": "",
                "from_port": 0,
                "ipv6_cidr_blocks": [],
                "prefix_list_ids": [],
                "protocol": "-1",
                "security_groups": [],
                "self": false,
                "to_port": 0
              }
            ],
            "id": "sg-08ed165cb6079f030",
            "ingress": [
              {
                "cidr_blocks": [],
                "description": "",
                "from_port": 8080,
                "ipv6_cidr_blocks": [],
                "prefix_list_ids": [],
                "protocol": "tcp",
                "security_groups": [
                  "sg-03a7a28402c7573be"
                ],
                "self": false,
                "to_port": 8080
              },
              {
                "cidr_blocks": [],
                "description": "API Gateway",
                "from_port": 8080,
                "ipv6_cidr_blocks": [],
                "prefix_list_ids": [],
                "protocol": "tcp",
                "security_groups": [],
                "self": true,
                "to_port": 8080
              },
              {
                "cidr_blocks": [],
                "description": "Authentication service",
                "from_port": 7280,
                "ipv6_cidr_blocks": [],
                "prefix_list_ids": [],
                "protocol": "tcp",
                "security_groups": [],
                "self": true,
                "to_port": 7280
              },
              {
                "cidr_blocks": [],
                "description": "Config server",
                "from_port": 8888,
                "ipv6_cidr_blocks": [],
                "prefix_list_ids": [],
                "protocol": "tcp",
                "security_groups": [],
                "self": true,
                "to_port": 8888
              },
              {
                "cidr_blocks": [],
                "description": "Finance service",
                "from_port": 5003,
                "ipv6_cidr_blocks": [],
                "prefix_list_ids": [],
                "protocol": "tcp",
                "security_groups": [],
                "self": true,
                "to_port": 5003
              },
              {
                "cidr_blocks": [],
                "description": "HR service",
                "from_port": 5005,
                "ipv6_cidr_blocks": [],
                "prefix_list_ids": [],
                "protocol": "tcp",
                "security_groups": [],
                "self": true,
                "to_port": 5005
              },
              {
                "cidr_blocks": [],
                "description": "Inventory service",
                "from_port": 5020,
                "ipv6_cidr_blocks": [],
                "prefix_list_ids": [],
                "protocol": "tcp",
                "security_groups": [],
                "self": true,
                "to_port": 5020
              },
              {
                "cidr_blocks": [],
                "description": "ML model services",
                "from_port": 8000,
                "ipv6_cidr_blocks": [],
                "prefix_list_ids": [],
                "protocol": "tcp",
                "security_groups": [],
                "self": true,
                "to_port": 8001
              },
              {
                "cidr_blocks": [],
                "description": "Reporting service",
                "from_port": 8085,
                "ipv6_cidr_blocks": [],
                "prefix_list_ids": [],
                "protocol": "tcp",
                "security_groups": [],
                "self": true,
                "to_port": 8085
              },
              {
                "cidr_blocks": [],
                "description": "User management service",
                "from_port": 5078,
                "ipv6_cidr_blocks": [],
                "prefix_list_ids": [],
                "protocol": "tcp",
                "security_groups": [],
                "self": true,
                "to_port": 5078
              }
            ],
            "name": "konecta-ass1-dev-ecs-sg-20251130195524051200000003",
            "name_prefix": "konecta-ass1-dev-ecs-sg-",
            "owner_id": "585768179815",
            "revoke_rules_on_delete": false,
            "tags": {
              "Name": "konecta-ass1-dev-ecs-sg"
            },
            "tags_all": {
              "Name": "konecta-ass1-dev-ecs-sg"
            },
            "timeouts": null,
            "vpc_id": "vpc-0ea9fa2e27abda476"
          },
          "sensitive_attributes": [],
          "identity_schema_version": 0,
          "private": "eyJlMmJmYjczMC1lY2FhLTExZTYtOGY4OC0zNDM2M2JjN2M0YzAiOnsiY3JlYXRlIjo2MDAwMDAwMDAwMDAsImRlbGV0ZSI6OTAwMDAwMDAwMDAwfSwic2NoZW1hX3ZlcnNpb24iOiIxIn0=",
          "dependencies": [
            "module.security_groups.aws_security_group.alb",
            "module.vpc.aws_vpc.main"
          ]
        }
      ]
    },
    {
      "module": "module.security_groups",
      "mode": "managed",
      "type": "aws_security_group",
      "name": "rds",
      "provider": "provider[\"registry.terraform.io/hashicorp/aws\"]",
      "instances": [
        {
          "schema_version": 1,
          "attributes": {
            "arn": "arn:aws:ec2:us-east-1:585768179815:security-group/sg-022fa994575798e66",
            "description": "Managed by Terraform",
            "egress": [],
            "id": "sg-022fa994575798e66",
            "ingress": [
              {
                "cidr_blocks": [],
                "description": "Allow ECS services to access RDS",
                "from_port": 1433,
                "ipv6_cidr_blocks": [],
                "prefix_list_ids": [],
                "protocol": "tcp",
                "security_groups": [
                  "sg-08ed165cb6079f030"
                ],
                "self": false,
                "to_port": 1433
              }
            ],
            "name": "konecta-ass1-dev-rds-sg-20251130195528175300000005",
            "name_prefix": "konecta-ass1-dev-rds-sg-",
            "owner_id": "585768179815",
            "revoke_rules_on_delete": false,
            "tags": {
              "Name": "konecta-ass1-dev-rds-sg"
            },
            "tags_all": {
              "Name": "konecta-ass1-dev-rds-sg"
            },
            "timeouts": null,
            "vpc_id": "vpc-0ea9fa2e27abda476"
          },
          "sensitive_attributes": [],
          "identity_schema_version": 0,
          "private": "eyJlMmJmYjczMC1lY2FhLTExZTYtOGY4OC0zNDM2M2JjN2M0YzAiOnsiY3JlYXRlIjo2MDAwMDAwMDAwMDAsImRlbGV0ZSI6OTAwMDAwMDAwMDAwfSwic2NoZW1hX3ZlcnNpb24iOiIxIn0=",
          "dependencies": [
            "module.security_groups.aws_security_group.alb",
            "module.security_groups.aws_security_group.frontend_ecs",
            "module.vpc.aws_vpc.main"
          ]
        }
      ]
    },
    {
      "module": "module.vpc",
      "mode": "managed",
      "type": "aws_eip",
      "name": "nat",
      "provider": "provider[\"registry.terraform.io/hashicorp/aws\"]",
      "instances": [
        {
          "index_key": 0,
          "schema_version": 0,
          "attributes": {
            "address": null,
            "allocation_id": "eipalloc-0d4629cf0b95234f1",
            "arn": "arn:aws:ec2:us-east-1:585768179815:elastic-ip/eipalloc-0d4629cf0b95234f1",
            "associate_with_private_ip": null,
            "association_id": "eipassoc-0fb1124e2c6c0b2f0",
            "carrier_ip": "",
            "customer_owned_ip": "",
            "customer_owned_ipv4_pool": "",
            "domain": "vpc",
            "id": "eipalloc-0d4629cf0b95234f1",
            "instance": "",
            "ipam_pool_id": null,
            "network_border_group": "us-east-1",
            "network_interface": "eni-0ed3abcdd505837ed",
            "private_dns": "ip-10-0-1-108.ec2.internal",
            "private_ip": "10.0.1.108",
            "ptr_record": "",
            "public_dns": "ec2-98-95-177-30.compute-1.amazonaws.com",
            "public_ip": "98.95.177.30",
            "public_ipv4_pool": "amazon",
            "tags": {
              "Name": "konecta-ass1-dev-eip-nat-1"
            },
            "tags_all": {
              "Name": "konecta-ass1-dev-eip-nat-1"
            },
            "timeouts": null,
            "vpc": true
          },
          "sensitive_attributes": [],
          "identity_schema_version": 0,
          "private": "eyJlMmJmYjczMC1lY2FhLTExZTYtOGY4OC0zNDM2M2JjN2M0YzAiOnsiZGVsZXRlIjoxODAwMDAwMDAwMDAsInJlYWQiOjkwMDAwMDAwMDAwMCwidXBkYXRlIjozMDAwMDAwMDAwMDB9fQ=="
        },
        {
          "index_key": 1,
          "schema_version": 0,
          "attributes": {
            "address": null,
            "allocation_id": "eipalloc-03bd8efd3511395be",
            "arn": "arn:aws:ec2:us-east-1:585768179815:elastic-ip/eipalloc-03bd8efd3511395be",
            "associate_with_private_ip": null,
            "association_id": "eipassoc-0d9de8b6e39eb3076",
            "carrier_ip": "",
            "customer_owned_ip": "",
            "customer_owned_ipv4_pool": "",
            "domain": "vpc",
            "id": "eipalloc-03bd8efd3511395be",
            "instance": "",
            "ipam_pool_id": null,
            "network_border_group": "us-east-1",
            "network_interface": "eni-054485bea378f7f9e",
            "private_dns": "ip-10-0-2-21.ec2.internal",
            "private_ip": "10.0.2.21",
            "ptr_record": "",
            "public_dns": "ec2-100-27-237-154.compute-1.amazonaws.com",
            "public_ip": "100.27.237.154",
            "public_ipv4_pool": "amazon",
            "tags": {
              "Name": "konecta-ass1-dev-eip-nat-2"
            },
            "tags_all": {
              "Name": "konecta-ass1-dev-eip-nat-2"
            },
            "timeouts": null,
            "vpc": true
          },
          "sensitive_attributes": [],
          "identity_schema_version": 0,
          "private": "eyJlMmJmYjczMC1lY2FhLTExZTYtOGY4OC0zNDM2M2JjN2M0YzAiOnsiZGVsZXRlIjoxODAwMDAwMDAwMDAsInJlYWQiOjkwMDAwMDAwMDAwMCwidXBkYXRlIjozMDAwMDAwMDAwMDB9fQ=="
        }
      ]
    },
    {
      "module": "module.vpc",
      "mode": "managed",
      "type": "aws_internet_gateway",
      "name": "main",
      "provider": "provider[\"registry.terraform.io/hashicorp/aws\"]",
      "instances": [
        {
          "schema_version": 0,
          "attributes": {
            "arn": "arn:aws:ec2:us-east-1:585768179815:internet-gateway/igw-0c05cff17656c8efa",
            "id": "igw-0c05cff17656c8efa",
            "owner_id": "585768179815",
            "tags": {
              "Name": "konecta-ass1-dev-igw"
            },
            "tags_all": {
              "Name": "konecta-ass1-dev-igw"
            },
            "timeouts": null,
            "vpc_id": "vpc-0ea9fa2e27abda476"
          },
          "sensitive_attributes": [],
          "identity_schema_version": 0,
          "private": "eyJlMmJmYjczMC1lY2FhLTExZTYtOGY4OC0zNDM2M2JjN2M0YzAiOnsiY3JlYXRlIjoxMjAwMDAwMDAwMDAwLCJkZWxldGUiOjEyMDAwMDAwMDAwMDAsInVwZGF0ZSI6MTIwMDAwMDAwMDAwMH19",
          "dependencies": [
            "module.vpc.aws_vpc.main"
          ]
        }
      ]
    },
    {
      "module": "module.vpc",
      "mode": "managed",
      "type": "aws_nat_gateway",
      "name": "main",
      "provider": "provider[\"registry.terraform.io/hashicorp/aws\"]",
      "instances": [
        {
          "index_key": 0,
          "schema_version": 0,
          "attributes": {
            "allocation_id": "eipalloc-0d4629cf0b95234f1",
            "association_id": "eipassoc-0fb1124e2c6c0b2f0",
            "connectivity_type": "public",
            "id": "nat-0ba443e8998483ce3",
            "network_interface_id": "eni-0ed3abcdd505837ed",
            "private_ip": "10.0.1.108",
            "public_ip": "98.95.177.30",
            "secondary_allocation_ids": [],
            "secondary_private_ip_address_count": 0,
            "secondary_private_ip_addresses": [],
            "subnet_id": "subnet-08d581eda956a088b",
            "tags": {
              "Name": "konecta-ass1-dev-nat-1"
            },
            "tags_all": {
              "Name": "konecta-ass1-dev-nat-1"
            },
            "timeouts": null
          },
          "sensitive_attributes": [],
          "identity_schema_version": 0,
          "private": "eyJlMmJmYjczMC1lY2FhLTExZTYtOGY4OC0zNDM2M2JjN2M0YzAiOnsiY3JlYXRlIjo2MDAwMDAwMDAwMDAsImRlbGV0ZSI6MTgwMDAwMDAwMDAwMCwidXBkYXRlIjo2MDAwMDAwMDAwMDB9fQ==",
          "dependencies": [
            "module.vpc.aws_eip.nat",
            "module.vpc.aws_subnet.public",
            "module.vpc.aws_vpc.main"
          ]
        },
        {
          "index_key": 1,
          "schema_version": 0,
          "attributes": {
            "allocation_id": "eipalloc-03bd8efd3511395be",
            "association_id": "eipassoc-0d9de8b6e39eb3076",
            "connectivity_type": "public",
            "id": "nat-07894443a15b0e5d4",
            "network_interface_id": "eni-054485bea378f7f9e",
            "private_ip": "10.0.2.21",
            "public_ip": "100.27.237.154",
            "secondary_allocation_ids": [],
            "secondary_private_ip_address_count": 0,
            "secondary_private_ip_addresses": [],
            "subnet_id": "subnet-0e7360c276d692b93",
            "tags": {
              "Name": "konecta-ass1-dev-nat-2"
            },
            "tags_all": {
              "Name": "konecta-ass1-dev-nat-2"
            },
            "timeouts": null
          },
          "sensitive_attributes": [],
          "identity_schema_version": 0,
          "private": "eyJlMmJmYjczMC1lY2FhLTExZTYtOGY4OC0zNDM2M2JjN2M0YzAiOnsiY3JlYXRlIjo2MDAwMDAwMDAwMDAsImRlbGV0ZSI6MTgwMDAwMDAwMDAwMCwidXBkYXRlIjo2MDAwMDAwMDAwMDB9fQ==",
          "dependencies": [
            "module.vpc.aws_eip.nat",
            "module.vpc.aws_subnet.public",
            "module.vpc.aws_vpc.main"
          ]
        }
      ]
    },
    {
      "module": "module.vpc",
      "mode": "managed",
      "type": "aws_route_table",
      "name": "private",
      "provider": "provider[\"registry.terraform.io/hashicorp/aws\"]",
      "instances": [
        {
          "index_key": 0,
          "schema_version": 0,
          "attributes": {
            "arn": "arn:aws:ec2:us-east-1:585768179815:route-table/rtb-0163f9108e7057424",
            "id": "rtb-0163f9108e7057424",
            "owner_id": "585768179815",
            "propagating_vgws": [],
            "route": [
              {
                "carrier_gateway_id": "",
                "cidr_block": "0.0.0.0/0",
                "core_network_arn": "",
                "destination_prefix_list_id": "",
                "egress_only_gateway_id": "",
                "gateway_id": "",
                "ipv6_cidr_block": "",
                "local_gateway_id": "",
                "nat_gateway_id": "nat-0ba443e8998483ce3",
                "network_interface_id": "",
                "transit_gateway_id": "",
                "vpc_endpoint_id": "",
                "vpc_peering_connection_id": ""
              }
            ],
            "tags": {
              "Name": "konecta-ass1-dev-private-rt-1"
            },
            "tags_all": {
              "Name": "konecta-ass1-dev-private-rt-1"
            },
            "timeouts": null,
            "vpc_id": "vpc-0ea9fa2e27abda476"
          },
          "sensitive_attributes": [],
          "identity_schema_version": 0,
          "private": "eyJlMmJmYjczMC1lY2FhLTExZTYtOGY4OC0zNDM2M2JjN2M0YzAiOnsiY3JlYXRlIjozMDAwMDAwMDAwMDAsImRlbGV0ZSI6MzAwMDAwMDAwMDAwLCJ1cGRhdGUiOjEyMDAwMDAwMDAwMH19",
          "dependencies": [
            "module.vpc.aws_eip.nat",
            "module.vpc.aws_nat_gateway.main",
            "module.vpc.aws_subnet.public",
            "module.vpc.aws_vpc.main"
          ]
        },
        {
          "index_key": 1,
          "schema_version": 0,
          "attributes": {
            "arn": "arn:aws:ec2:us-east-1:585768179815:route-table/rtb-0ecce5dc4aee8574a",
            "id": "rtb-0ecce5dc4aee8574a",
            "owner_id": "585768179815",
            "propagating_vgws": [],
            "route": [
              {
                "carrier_gateway_id": "",
                "cidr_block": "0.0.0.0/0",
                "core_network_arn": "",
                "destination_prefix_list_id": "",
                "egress_only_gateway_id": "",
                "gateway_id": "",
                "ipv6_cidr_block": "",
                "local_gateway_id": "",
                "nat_gateway_id": "nat-07894443a15b0e5d4",
                "network_interface_id": "",
                "transit_gateway_id": "",
                "vpc_endpoint_id": "",
                "vpc_peering_connection_id": ""
              }
            ],
            "tags": {
              "Name": "konecta-ass1-dev-private-rt-2"
            },
            "tags_all": {
              "Name": "konecta-ass1-dev-private-rt-2"
            },
            "timeouts": null,
            "vpc_id": "vpc-0ea9fa2e27abda476"
          },
          "sensitive_attributes": [],
          "identity_schema_version": 0,
          "private": "eyJlMmJmYjczMC1lY2FhLTExZTYtOGY4OC0zNDM2M2JjN2M0YzAiOnsiY3JlYXRlIjozMDAwMDAwMDAwMDAsImRlbGV0ZSI6MzAwMDAwMDAwMDAwLCJ1cGRhdGUiOjEyMDAwMDAwMDAwMH19",
          "dependencies": [
            "module.vpc.aws_eip.nat",
            "module.vpc.aws_nat_gateway.main",
            "module.vpc.aws_subnet.public",
            "module.vpc.aws_vpc.main"
          ]
        }
      ]
    },
    {
      "module": "module.vpc",
      "mode": "managed",
      "type": "aws_route_table",
      "name": "public",
      "provider": "provider[\"registry.terraform.io/hashicorp/aws\"]",
      "instances": [
        {
          "schema_version": 0,
          "attributes": {
            "arn": "arn:aws:ec2:us-east-1:585768179815:route-table/rtb-040311d3a76c61dc8",
            "id": "rtb-040311d3a76c61dc8",
            "owner_id": "585768179815",
            "propagating_vgws": [],
            "route": [
              {
                "carrier_gateway_id": "",
                "cidr_block": "0.0.0.0/0",
                "core_network_arn": "",
                "destination_prefix_list_id": "",
                "egress_only_gateway_id": "",
                "gateway_id": "igw-0c05cff17656c8efa",
                "ipv6_cidr_block": "",
                "local_gateway_id": "",
                "nat_gateway_id": "",
                "network_interface_id": "",
                "transit_gateway_id": "",
                "vpc_endpoint_id": "",
                "vpc_peering_connection_id": ""
              }
            ],
            "tags": {
              "Name": "konecta-ass1-dev-public-rt"
            },
            "tags_all": {
              "Name": "konecta-ass1-dev-public-rt"
            },
            "timeouts": null,
            "vpc_id": "vpc-0ea9fa2e27abda476"
          },
          "sensitive_attributes": [],
          "identity_schema_version": 0,
          "private": "eyJlMmJmYjczMC1lY2FhLTExZTYtOGY4OC0zNDM2M2JjN2M0YzAiOnsiY3JlYXRlIjozMDAwMDAwMDAwMDAsImRlbGV0ZSI6MzAwMDAwMDAwMDAwLCJ1cGRhdGUiOjEyMDAwMDAwMDAwMH19",
          "dependencies": [
            "module.vpc.aws_internet_gateway.main",
            "module.vpc.aws_vpc.main"
          ]
        }
      ]
    },
    {
      "module": "module.vpc",
      "mode": "managed",
      "type": "aws_route_table_association",
      "name": "private",
      "provider": "provider[\"registry.terraform.io/hashicorp/aws\"]",
      "instances": [
        {
          "index_key": 0,
          "schema_version": 0,
          "attributes": {
            "gateway_id": "",
            "id": "rtbassoc-027aeea60bcd1ac93",
            "route_table_id": "rtb-0163f9108e7057424",
            "subnet_id": "subnet-0582b6c829c182676",
            "timeouts": null
          },
          "sensitive_attributes": [],
          "identity_schema_version": 0,
          "private": "eyJlMmJmYjczMC1lY2FhLTExZTYtOGY4OC0zNDM2M2JjN2M0YzAiOnsiY3JlYXRlIjozMDAwMDAwMDAwMDAsImRlbGV0ZSI6MzAwMDAwMDAwMDAwLCJ1cGRhdGUiOjEyMDAwMDAwMDAwMH19",
          "dependencies": [
            "module.vpc.aws_eip.nat",
            "module.vpc.aws_nat_gateway.main",
            "module.vpc.aws_route_table.private",
            "module.vpc.aws_subnet.private",
            "module.vpc.aws_subnet.public",
            "module.vpc.aws_vpc.main"
          ]
        },
        {
          "index_key": 1,
          "schema_version": 0,
          "attributes": {
            "gateway_id": "",
            "id": "rtbassoc-0962c22a310b4293d",
            "route_table_id": "rtb-0ecce5dc4aee8574a",
            "subnet_id": "subnet-065bdde15d9247621",
            "timeouts": null
          },
          "sensitive_attributes": [],
          "identity_schema_version": 0,
          "private": "eyJlMmJmYjczMC1lY2FhLTExZTYtOGY4OC0zNDM2M2JjN2M0YzAiOnsiY3JlYXRlIjozMDAwMDAwMDAwMDAsImRlbGV0ZSI6MzAwMDAwMDAwMDAwLCJ1cGRhdGUiOjEyMDAwMDAwMDAwMH19",
          "dependencies": [
            "module.vpc.aws_eip.nat",
            "module.vpc.aws_nat_gateway.main",
            "module.vpc.aws_route_table.private",
            "module.vpc.aws_subnet.private",
            "module.vpc.aws_subnet.public",
            "module.vpc.aws_vpc.main"
          ]
        }
      ]
    },
    {
      "module": "module.vpc",
      "mode": "managed",
      "type": "aws_route_table_association",
      "name": "public",
      "provider": "provider[\"registry.terraform.io/hashicorp/aws\"]",
      "instances": [
        {
          "index_key": 0,
          "schema_version": 0,
          "attributes": {
            "gateway_id": "",
            "id": "rtbassoc-0ad1128eccc481301",
            "route_table_id": "rtb-040311d3a76c61dc8",
            "subnet_id": "subnet-08d581eda956a088b",
            "timeouts": null
          },
          "sensitive_attributes": [],
          "identity_schema_version": 0,
          "private": "eyJlMmJmYjczMC1lY2FhLTExZTYtOGY4OC0zNDM2M2JjN2M0YzAiOnsiY3JlYXRlIjozMDAwMDAwMDAwMDAsImRlbGV0ZSI6MzAwMDAwMDAwMDAwLCJ1cGRhdGUiOjEyMDAwMDAwMDAwMH19",
          "dependencies": [
            "module.vpc.aws_internet_gateway.main",
            "module.vpc.aws_route_table.public",
            "module.vpc.aws_subnet.public",
            "module.vpc.aws_vpc.main"
          ]
        },
        {
          "index_key": 1,
          "schema_version": 0,
          "attributes": {
            "gateway_id": "",
            "id": "rtbassoc-0ca1efd7ae4869eaf",
            "route_table_id": "rtb-040311d3a76c61dc8",
            "subnet_id": "subnet-0e7360c276d692b93",
            "timeouts": null
          },
          "sensitive_attributes": [],
          "identity_schema_version": 0,
          "private": "eyJlMmJmYjczMC1lY2FhLTExZTYtOGY4OC0zNDM2M2JjN2M0YzAiOnsiY3JlYXRlIjozMDAwMDAwMDAwMDAsImRlbGV0ZSI6MzAwMDAwMDAwMDAwLCJ1cGRhdGUiOjEyMDAwMDAwMDAwMH19",
          "dependencies": [
            "module.vpc.aws_internet_gateway.main",
            "module.vpc.aws_route_table.public",
            "module.vpc.aws_subnet.public",
            "module.vpc.aws_vpc.main"
          ]
        }
      ]
    },
    {
      "module": "module.vpc",
      "mode": "managed",
      "type": "aws_subnet",
      "name": "private",
      "provider": "provider[\"registry.terraform.io/hashicorp/aws\"]",
      "instances": [
        {
          "index_key": 0,
          "schema_version": 1,
          "attributes": {
            "arn": "arn:aws:ec2:us-east-1:585768179815:subnet/subnet-0582b6c829c182676",
            "assign_ipv6_address_on_creation": false,
            "availability_zone": "us-east-1a",
            "availability_zone_id": "use1-az1",
            "cidr_block": "10.0.3.0/24",
            "customer_owned_ipv4_pool": "",
            "enable_dns64": false,
            "enable_lni_at_device_index": 0,
            "enable_resource_name_dns_a_record_on_launch": false,
            "enable_resource_name_dns_aaaa_record_on_launch": false,
            "id": "subnet-0582b6c829c182676",
            "ipv6_cidr_block": "",
            "ipv6_cidr_block_association_id": "",
            "ipv6_native": false,
            "map_customer_owned_ip_on_launch": false,
            "map_public_ip_on_launch": false,
            "outpost_arn": "",
            "owner_id": "585768179815",
            "private_dns_hostname_type_on_launch": "ip-name",
            "tags": {
              "Name": "konecta-ass1-dev-private-1"
            },
            "tags_all": {
              "Name": "konecta-ass1-dev-private-1"
            },
            "timeouts": null,
            "vpc_id": "vpc-0ea9fa2e27abda476"
          },
          "sensitive_attributes": [],
          "identity_schema_version": 0,
          "private": "eyJlMmJmYjczMC1lY2FhLTExZTYtOGY4OC0zNDM2M2JjN2M0YzAiOnsiY3JlYXRlIjo2MDAwMDAwMDAwMDAsImRlbGV0ZSI6MTIwMDAwMDAwMDAwMH0sInNjaGVtYV92ZXJzaW9uIjoiMSJ9",
          "dependencies": [
            "module.vpc.aws_vpc.main"
          ]
        },
        {
          "index_key": 1,
          "schema_version": 1,
          "attributes": {
            "arn": "arn:aws:ec2:us-east-1:585768179815:subnet/subnet-065bdde15d9247621",
            "assign_ipv6_address_on_creation": false,
            "availability_zone": "us-east-1b",
            "availability_zone_id": "use1-az2",
            "cidr_block": "10.0.4.0/24",
            "customer_owned_ipv4_pool": "",
            "enable_dns64": false,
            "enable_lni_at_device_index": 0,
            "enable_resource_name_dns_a_record_on_launch": false,
            "enable_resource_name_dns_aaaa_record_on_launch": false,
            "id": "subnet-065bdde15d9247621",
            "ipv6_cidr_block": "",
            "ipv6_cidr_block_association_id": "",
            "ipv6_native": false,
            "map_customer_owned_ip_on_launch": false,
            "map_public_ip_on_launch": false,
            "outpost_arn": "",
            "owner_id": "585768179815",
            "private_dns_hostname_type_on_launch": "ip-name",
            "tags": {
              "Name": "konecta-ass1-dev-private-2"
            },
            "tags_all": {
              "Name": "konecta-ass1-dev-private-2"
            },
            "timeouts": null,
            "vpc_id": "vpc-0ea9fa2e27abda476"
          },
          "sensitive_attributes": [],
          "identity_schema_version": 0,
          "private": "eyJlMmJmYjczMC1lY2FhLTExZTYtOGY4OC0zNDM2M2JjN2M0YzAiOnsiY3JlYXRlIjo2MDAwMDAwMDAwMDAsImRlbGV0ZSI6MTIwMDAwMDAwMDAwMH0sInNjaGVtYV92ZXJzaW9uIjoiMSJ9",
          "dependencies": [
            "module.vpc.aws_vpc.main"
          ]
        }
      ]
    },
    {
      "module": "module.vpc",
      "mode": "managed",
      "type": "aws_subnet",
      "name": "public",
      "provider": "provider[\"registry.terraform.io/hashicorp/aws\"]",
      "instances": [
        {
          "index_key": 0,
          "schema_version": 1,
          "attributes": {
            "arn": "arn:aws:ec2:us-east-1:585768179815:subnet/subnet-08d581eda956a088b",
            "assign_ipv6_address_on_creation": false,
            "availability_zone": "us-east-1a",
            "availability_zone_id": "use1-az1",
            "cidr_block": "10.0.1.0/24",
            "customer_owned_ipv4_pool": "",
            "enable_dns64": false,
            "enable_lni_at_device_index": 0,
            "enable_resource_name_dns_a_record_on_launch": false,
            "enable_resource_name_dns_aaaa_record_on_launch": false,
            "id": "subnet-08d581eda956a088b",
            "ipv6_cidr_block": "",
            "ipv6_cidr_block_association_id": "",
            "ipv6_native": false,
            "map_customer_owned_ip_on_launch": false,
            "map_public_ip_on_launch": true,
            "outpost_arn": "",
            "owner_id": "585768179815",
            "private_dns_hostname_type_on_launch": "ip-name",
            "tags": {
              "Name": "konecta-ass1-dev-public-1"
            },
            "tags_all": {
              "Name": "konecta-ass1-dev-public-1"
            },
            "timeouts": null,
            "vpc_id": "vpc-0ea9fa2e27abda476"
          },
          "sensitive_attributes": [],
          "identity_schema_version": 0,
          "private": "eyJlMmJmYjczMC1lY2FhLTExZTYtOGY4OC0zNDM2M2JjN2M0YzAiOnsiY3JlYXRlIjo2MDAwMDAwMDAwMDAsImRlbGV0ZSI6MTIwMDAwMDAwMDAwMH0sInNjaGVtYV92ZXJzaW9uIjoiMSJ9",
          "dependencies": [
            "module.vpc.aws_vpc.main"
          ]
        },
        {
          "index_key": 1,
          "schema_version": 1,
          "attributes": {
            "arn": "arn:aws:ec2:us-east-1:585768179815:subnet/subnet-0e7360c276d692b93",
            "assign_ipv6_address_on_creation": false,
            "availability_zone": "us-east-1b",
            "availability_zone_id": "use1-az2",
            "cidr_block": "10.0.2.0/24",
            "customer_owned_ipv4_pool": "",
            "enable_dns64": false,
            "enable_lni_at_device_index": 0,
            "enable_resource_name_dns_a_record_on_launch": false,
            "enable_resource_name_dns_aaaa_record_on_launch": false,
            "id": "subnet-0e7360c276d692b93",
            "ipv6_cidr_block": "",
            "ipv6_cidr_block_association_id": "",
            "ipv6_native": false,
            "map_customer_owned_ip_on_launch": false,
            "map_public_ip_on_launch": true,
            "outpost_arn": "",
            "owner_id": "585768179815",
            "private_dns_hostname_type_on_launch": "ip-name",
            "tags": {
              "Name": "konecta-ass1-dev-public-2"
            },
            "tags_all": {
              "Name": "konecta-ass1-dev-public-2"
            },
            "timeouts": null,
            "vpc_id": "vpc-0ea9fa2e27abda476"
          },
          "sensitive_attributes": [],
          "identity_schema_version": 0,
          "private": "eyJlMmJmYjczMC1lY2FhLTExZTYtOGY4OC0zNDM2M2JjN2M0YzAiOnsiY3JlYXRlIjo2MDAwMDAwMDAwMDAsImRlbGV0ZSI6MTIwMDAwMDAwMDAwMH0sInNjaGVtYV92ZXJzaW9uIjoiMSJ9",
          "dependencies": [
            "module.vpc.aws_vpc.main"
          ]
        }
      ]
    },
    {
      "module": "module.vpc",
      "mode": "managed",
      "type": "aws_vpc",
      "name": "main",
      "provider": "provider[\"registry.terraform.io/hashicorp/aws\"]",
      "instances": [
        {
          "schema_version": 1,
          "attributes": {
            "arn": "arn:aws:ec2:us-east-1:585768179815:vpc/vpc-0ea9fa2e27abda476",
            "assign_generated_ipv6_cidr_block": false,
            "cidr_block": "10.0.0.0/16",
            "default_network_acl_id": "acl-0397d4adc9c0e5197",
            "default_route_table_id": "rtb-0e3267d000699c363",
            "default_security_group_id": "sg-0abd6d5118970befb",
            "dhcp_options_id": "dopt-0e219a94deeadd4a3",
            "enable_dns_hostnames": false,
            "enable_dns_support": true,
            "enable_network_address_usage_metrics": false,
            "id": "vpc-0ea9fa2e27abda476",
            "instance_tenancy": "default",
            "ipv4_ipam_pool_id": null,
            "ipv4_netmask_length": null,
            "ipv6_association_id": "",
            "ipv6_cidr_block": "",
            "ipv6_cidr_block_network_border_group": "",
            "ipv6_ipam_pool_id": "",
            "ipv6_netmask_length": 0,
            "main_route_table_id": "rtb-0e3267d000699c363",
            "owner_id": "585768179815",
            "tags": {
              "Name": "konecta-ass1-dev-vpc"
            },
            "tags_all": {
              "Name": "konecta-ass1-dev-vpc"
            }
          },
          "sensitive_attributes": [],
          "identity_schema_version": 0,
          "private": "eyJzY2hlbWFfdmVyc2lvbiI6IjEifQ=="
        }
      ]
    }
  ],
  "check_results": null
}
