{
  "version": 4,
  "terraform_version": "1.12.2",
  "serial": 577,
  "lineage": "d8b8f24e-efc4-7393-3bea-079a6558bf04",
  "outputs": {
    "vpc_id": {
      "value": "vpc-0ea9fa2e27abda476",
      "type": "string"
    }
  },
  "resources": [
    {
      "module": "module.ecr",
      "mode": "managed",
      "type": "aws_ecr_repository",
      "name": "api_gateway",
      "provider": "provider[\"registry.terraform.io/hashicorp/aws\"]",
      "instances": [
        {
          "schema_version": 0,
          "attributes": {
            "arn": "arn:aws:ecr:us-east-1:585768179815:repository/konecta-ass1-dev-api-gateway",
            "encryption_configuration": [
              {
                "encryption_type": "AES256",
                "kms_key": ""
              }
            ],
            "force_delete": null,
            "id": "konecta-ass1-dev-api-gateway",
            "image_scanning_configuration": [
              {
                "scan_on_push": true
              }
            ],
            "image_tag_mutability": "MUTABLE",
            "name": "konecta-ass1-dev-api-gateway",
            "registry_id": "585768179815",
            "repository_url": "585768179815.dkr.ecr.us-east-1.amazonaws.com/konecta-ass1-dev-api-gateway",
            "tags": {
              "Environment": "dev",
              "Name": "konecta-ass1-dev-api-gateway",
              "Service": "api-gateway"
            },
            "tags_all": {
              "Environment": "dev",
              "Name": "konecta-ass1-dev-api-gateway",
              "Service": "api-gateway"
            },
            "timeouts": null
          },
          "sensitive_attributes": [],
          "identity_schema_version": 0,
          "private": "eyJlMmJmYjczMC1lY2FhLTExZTYtOGY4OC0zNDM2M2JjN2M0YzAiOnsiZGVsZXRlIjoxMjAwMDAwMDAwMDAwfX0="
        }
      ]
    },
    {
      "module": "module.ecr",
      "mode": "managed",
      "type": "aws_ecr_repository",
      "name": "authentication_service",
      "provider": "provider[\"registry.terraform.io/hashicorp/aws\"]",
      "instances": [
        {
          "schema_version": 0,
          "attributes": {
            "arn": "arn:aws:ecr:us-east-1:585768179815:repository/konecta-ass1-dev-authentication-service",
            "encryption_configuration": [
              {
                "encryption_type": "AES256",
                "kms_key": ""
              }
            ],
            "force_delete": null,
            "id": "konecta-ass1-dev-authentication-service",
            "image_scanning_configuration": [
              {
                "scan_on_push": true
              }
            ],
            "image_tag_mutability": "MUTABLE",
            "name": "konecta-ass1-dev-authentication-service",
            "registry_id": "585768179815",
            "repository_url": "585768179815.dkr.ecr.us-east-1.amazonaws.com/konecta-ass1-dev-authentication-service",
            "tags": {
              "Environment": "dev",
              "Name": "konecta-ass1-dev-authentication-service",
              "Service": "authentication-service"
            },
            "tags_all": {
              "Environment": "dev",
              "Name": "konecta-ass1-dev-authentication-service",
              "Service": "authentication-service"
            },
            "timeouts": null
          },
          "sensitive_attributes": [],
          "identity_schema_version": 0,
          "private": "eyJlMmJmYjczMC1lY2FhLTExZTYtOGY4OC0zNDM2M2JjN2M0YzAiOnsiZGVsZXRlIjoxMjAwMDAwMDAwMDAwfX0="
        }
      ]
    },
    {
      "module": "module.ecr",
      "mode": "managed",
      "type": "aws_ecr_repository",
      "name": "config_server",
      "provider": "provider[\"registry.terraform.io/hashicorp/aws\"]",
      "instances": [
        {
          "schema_version": 0,
          "attributes": {
            "arn": "arn:aws:ecr:us-east-1:585768179815:repository/konecta-ass1-dev-config-server",
            "encryption_configuration": [
              {
                "encryption_type": "AES256",
                "kms_key": ""
              }
            ],
            "force_delete": null,
            "id": "konecta-ass1-dev-config-server",
            "image_scanning_configuration": [
              {
                "scan_on_push": true
              }
            ],
            "image_tag_mutability": "MUTABLE",
            "name": "konecta-ass1-dev-config-server",
            "registry_id": "585768179815",
            "repository_url": "585768179815.dkr.ecr.us-east-1.amazonaws.com/konecta-ass1-dev-config-server",
            "tags": {
              "Environment": "dev",
              "Name": "konecta-ass1-dev-config-server",
              "Service": "config-server"
            },
            "tags_all": {
              "Environment": "dev",
              "Name": "konecta-ass1-dev-config-server",
              "Service": "config-server"
            },
            "timeouts": null
          },
          "sensitive_attributes": [],
          "identity_schema_version": 0,
          "private": "eyJlMmJmYjczMC1lY2FhLTExZTYtOGY4OC0zNDM2M2JjN2M0YzAiOnsiZGVsZXRlIjoxMjAwMDAwMDAwMDAwfX0="
        }
      ]
    },
    {
      "module": "module.ecr",
      "mode": "managed",
      "type": "aws_ecr_repository",
      "name": "finance_service",
      "provider": "provider[\"registry.terraform.io/hashicorp/aws\"]",
      "instances": [
        {
          "schema_version": 0,
          "attributes": {
            "arn": "arn:aws:ecr:us-east-1:585768179815:repository/konecta-ass1-dev-finance-service",
            "encryption_configuration": [
              {
                "encryption_type": "AES256",
                "kms_key": ""
              }
            ],
            "force_delete": null,
            "id": "konecta-ass1-dev-finance-service",
            "image_scanning_configuration": [
              {
                "scan_on_push": true
              }
            ],
            "image_tag_mutability": "MUTABLE",
            "name": "konecta-ass1-dev-finance-service",
            "registry_id": "585768179815",
            "repository_url": "585768179815.dkr.ecr.us-east-1.amazonaws.com/konecta-ass1-dev-finance-service",
            "tags": {
              "Environment": "dev",
              "Name": "konecta-ass1-dev-finance-service",
              "Service": "finance-service"
            },
            "tags_all": {
              "Environment": "dev",
              "Name": "konecta-ass1-dev-finance-service",
              "Service": "finance-service"
            },
            "timeouts": null
          },
          "sensitive_attributes": [],
          "identity_schema_version": 0,
          "private": "eyJlMmJmYjczMC1lY2FhLTExZTYtOGY4OC0zNDM2M2JjN2M0YzAiOnsiZGVsZXRlIjoxMjAwMDAwMDAwMDAwfX0="
        }
      ]
    },
    {
      "module": "module.ecr",
      "mode": "managed",
      "type": "aws_ecr_repository",
      "name": "hr_service",
      "provider": "provider[\"registry.terraform.io/hashicorp/aws\"]",
      "instances": [
        {
          "schema_version": 0,
          "attributes": {
            "arn": "arn:aws:ecr:us-east-1:585768179815:repository/konecta-ass1-dev-hr-service",
            "encryption_configuration": [
              {
                "encryption_type": "AES256",
                "kms_key": ""
              }
            ],
            "force_delete": null,
            "id": "konecta-ass1-dev-hr-service",
            "image_scanning_configuration": [
              {
                "scan_on_push": true
              }
            ],
            "image_tag_mutability": "MUTABLE",
            "name": "konecta-ass1-dev-hr-service",
            "registry_id": "585768179815",
            "repository_url": "585768179815.dkr.ecr.us-east-1.amazonaws.com/konecta-ass1-dev-hr-service",
            "tags": {
              "Environment": "dev",
              "Name": "konecta-ass1-dev-hr-service",
              "Service": "hr-service"
            },
            "tags_all": {
              "Environment": "dev",
              "Name": "konecta-ass1-dev-hr-service",
              "Service": "hr-service"
            },
            "timeouts": null
          },
          "sensitive_attributes": [],
          "identity_schema_version": 0,
          "private": "eyJlMmJmYjczMC1lY2FhLTExZTYtOGY4OC0zNDM2M2JjN2M0YzAiOnsiZGVsZXRlIjoxMjAwMDAwMDAwMDAwfX0="
        }
      ]
    },
    {
      "module": "module.ecr",
      "mode": "managed",
      "type": "aws_ecr_repository",
      "name": "inventory_service",
      "provider": "provider[\"registry.terraform.io/hashicorp/aws\"]",
      "instances": [
        {
          "schema_version": 0,
          "attributes": {
            "arn": "arn:aws:ecr:us-east-1:585768179815:repository/konecta-ass1-dev-inventory-service",
            "encryption_configuration": [
              {
                "encryption_type": "AES256",
                "kms_key": ""
              }
            ],
            "force_delete": null,
            "id": "konecta-ass1-dev-inventory-service",
            "image_scanning_configuration": [
              {
                "scan_on_push": true
              }
            ],
            "image_tag_mutability": "MUTABLE",
            "name": "konecta-ass1-dev-inventory-service",
            "registry_id": "585768179815",
            "repository_url": "585768179815.dkr.ecr.us-east-1.amazonaws.com/konecta-ass1-dev-inventory-service",
            "tags": {
              "Environment": "dev",
              "Name": "konecta-ass1-dev-inventory-service",
              "Service": "inventory-service"
            },
            "tags_all": {
              "Environment": "dev",
              "Name": "konecta-ass1-dev-inventory-service",
              "Service": "inventory-service"
            },
            "timeouts": null
          },
          "sensitive_attributes": [],
          "identity_schema_version": 0,
          "private": "eyJlMmJmYjczMC1lY2FhLTExZTYtOGY4OC0zNDM2M2JjN2M0YzAiOnsiZGVsZXRlIjoxMjAwMDAwMDAwMDAwfX0="
        }
      ]
    },
    {
      "module": "module.ecr",
      "mode": "managed",
      "type": "aws_ecr_repository",
      "name": "reporting_service",
      "provider": "provider[\"registry.terraform.io/hashicorp/aws\"]",
      "instances": [
        {
          "schema_version": 0,
          "attributes": {
            "arn": "arn:aws:ecr:us-east-1:585768179815:repository/konecta-ass1-dev-reporting-service",
            "encryption_configuration": [
              {
                "encryption_type": "AES256",
                "kms_key": ""
              }
            ],
            "force_delete": null,
            "id": "konecta-ass1-dev-reporting-service",
            "image_scanning_configuration": [
              {
                "scan_on_push": true
              }
            ],
            "image_tag_mutability": "MUTABLE",
            "name": "konecta-ass1-dev-reporting-service",
            "registry_id": "585768179815",
            "repository_url": "585768179815.dkr.ecr.us-east-1.amazonaws.com/konecta-ass1-dev-reporting-service",
            "tags": {
              "Environment": "dev",
              "Name": "konecta-ass1-dev-reporting-service",
              "Service": "reporting-service"
            },
            "tags_all": {
              "Environment": "dev",
              "Name": "konecta-ass1-dev-reporting-service",
              "Service": "reporting-service"
            },
            "timeouts": null
          },
          "sensitive_attributes": [],
          "identity_schema_version": 0,
          "private": "eyJlMmJmYjczMC1lY2FhLTExZTYtOGY4OC0zNDM2M2JjN2M0YzAiOnsiZGVsZXRlIjoxMjAwMDAwMDAwMDAwfX0="
        }
      ]
    },
    {
      "module": "module.ecr",
      "mode": "managed",
      "type": "aws_ecr_repository",
      "name": "user_management_service",
      "provider": "provider[\"registry.terraform.io/hashicorp/aws\"]",
      "instances": [
        {
          "schema_version": 0,
          "attributes": {
            "arn": "arn:aws:ecr:us-east-1:585768179815:repository/konecta-ass1-dev-user-management-service",
            "encryption_configuration": [
              {
                "encryption_type": "AES256",
                "kms_key": ""
              }
            ],
            "force_delete": null,
            "id": "konecta-ass1-dev-user-management-service",
            "image_scanning_configuration": [
              {
                "scan_on_push": true
              }
            ],
            "image_tag_mutability": "MUTABLE",
            "name": "konecta-ass1-dev-user-management-service",
            "registry_id": "585768179815",
            "repository_url": "585768179815.dkr.ecr.us-east-1.amazonaws.com/konecta-ass1-dev-user-management-service",
            "tags": {
              "Environment": "dev",
              "Name": "konecta-ass1-dev-user-management-service",
              "Service": "user-management-service"
            },
            "tags_all": {
              "Environment": "dev",
              "Name": "konecta-ass1-dev-user-management-service",
              "Service": "user-management-service"
            },
            "timeouts": null
          },
          "sensitive_attributes": [],
          "identity_schema_version": 0,
          "private": "eyJlMmJmYjczMC1lY2FhLTExZTYtOGY4OC0zNDM2M2JjN2M0YzAiOnsiZGVsZXRlIjoxMjAwMDAwMDAwMDAwfX0="
        }
      ]
    },
    {
      "module": "module.security_groups",
      "mode": "managed",
      "type": "aws_security_group",
      "name": "alb",
      "provider": "provider[\"registry.terraform.io/hashicorp/aws\"]",
      "instances": [
        {
          "schema_version": 1,
          "attributes": {
            "arn": "arn:aws:ec2:us-east-1:585768179815:security-group/sg-03a7a28402c7573be",
            "description": "Managed by Terraform",
            "egress": [
              {
                "cidr_blocks": [
                  "0.0.0.0/0"
                ],
                "description": "",
                "from_port": 0,
                "ipv6_cidr_blocks": [],
                "prefix_list_ids": [],
                "protocol": "-1",
                "security_groups": [],
                "self": false,
                "to_port": 0
              }
            ],
            "id": "sg-03a7a28402c7573be",
            "ingress": [
              {
                "cidr_blocks": [
                  "0.0.0.0/0"
                ],
                "description": "",
                "from_port": 80,
                "ipv6_cidr_blocks": [],
                "prefix_list_ids": [],
                "protocol": "tcp",
                "security_groups": [],
                "self": false,
                "to_port": 80
              }
            ],
            "name": "konecta-ass1-dev-alb-sg-20251130141559139900000003",
            "name_prefix": "konecta-ass1-dev-alb-sg-",
            "owner_id": "585768179815",
            "revoke_rules_on_delete": false,
            "tags": {
              "Name": "konecta-ass1-dev-alb-sg"
            },
            "tags_all": {
              "Name": "konecta-ass1-dev-alb-sg"
            },
            "timeouts": null,
            "vpc_id": "vpc-0ea9fa2e27abda476"
          },
          "sensitive_attributes": [],
          "identity_schema_version": 0,
          "private": "eyJlMmJmYjczMC1lY2FhLTExZTYtOGY4OC0zNDM2M2JjN2M0YzAiOnsiY3JlYXRlIjo2MDAwMDAwMDAwMDAsImRlbGV0ZSI6OTAwMDAwMDAwMDAwfSwic2NoZW1hX3ZlcnNpb24iOiIxIn0=",
          "dependencies": [
            "module.vpc.aws_vpc.main"
          ]
        }
      ]
    },
    {
      "module": "module.vpc",
      "mode": "managed",
      "type": "aws_vpc",
      "name": "main",
      "provider": "provider[\"registry.terraform.io/hashicorp/aws\"]",
      "instances": [
        {
          "schema_version": 1,
          "attributes": {
            "arn": "arn:aws:ec2:us-east-1:585768179815:vpc/vpc-0ea9fa2e27abda476",
            "assign_generated_ipv6_cidr_block": false,
            "cidr_block": "10.0.0.0/16",
            "default_network_acl_id": "acl-0397d4adc9c0e5197",
            "default_route_table_id": "rtb-0e3267d000699c363",
            "default_security_group_id": "sg-0abd6d5118970befb",
            "dhcp_options_id": "dopt-0e219a94deeadd4a3",
            "enable_dns_hostnames": false,
            "enable_dns_support": true,
            "enable_network_address_usage_metrics": false,
            "id": "vpc-0ea9fa2e27abda476",
            "instance_tenancy": "default",
            "ipv4_ipam_pool_id": null,
            "ipv4_netmask_length": null,
            "ipv6_association_id": "",
            "ipv6_cidr_block": "",
            "ipv6_cidr_block_network_border_group": "",
            "ipv6_ipam_pool_id": "",
            "ipv6_netmask_length": 0,
            "main_route_table_id": "rtb-0e3267d000699c363",
            "owner_id": "585768179815",
            "tags": {
              "Name": "konecta-ass1-dev-vpc"
            },
            "tags_all": {
              "Name": "konecta-ass1-dev-vpc"
            }
          },
          "sensitive_attributes": [],
          "identity_schema_version": 0,
          "private": "eyJzY2hlbWFfdmVyc2lvbiI6IjEifQ=="
        }
      ]
    }
  ],
  "check_results": null
}
