{
  "version": 4,
  "terraform_version": "1.12.2",
  "serial": 320,
  "lineage": "d8b8f24e-efc4-7393-3bea-079a6558bf04",
  "outputs": {
    "alb_dns_name": {
      "value": "konecta-ass1-dev-alb-1850707690.us-east-1.elb.amazonaws.com",
      "type": "string"
    },
    "api_gateway_service_name": {
      "value": "konecta-ass1-dev-api-gateway",
      "type": "string"
    },
    "authentication_service_name": {
      "value": "konecta-ass1-dev-authentication-service",
      "type": "string"
    },
    "cluster_id": {
      "value": "arn:aws:ecs:us-east-1:585768179815:cluster/konecta-ass1-dev-cluster",
      "type": "string"
    },
    "cluster_name": {
      "value": "konecta-ass1-dev-cluster",
      "type": "string"
    },
    "private_subnet_ids": {
      "value": [
        "subnet-085a38cdaacbf307b",
        "subnet-084f882453e83e674"
      ],
      "type": [
        "tuple",
        [
          "string",
          "string"
        ]
      ]
    },
    "public_subnet_ids": {
      "value": [
        "subnet-078ac490142b47691",
        "subnet-070cb6588f48aa9d5"
      ],
      "type": [
        "tuple",
        [
          "string",
          "string"
        ]
      ]
    },
    "rds_endpoint": {
      "value": "konecta-ass1-dev-db.ckj2g0ue01hn.us-east-1.rds.amazonaws.com:1433",
      "type": "string"
    },
    "service_discovery_namespace": {
      "value": "konecta-ass1.local",
      "type": "string"
    },
    "vpc_id": {
      "value": "vpc-0ea9fa2e27abda476",
      "type": "string"
    }
  },
  "resources": [
    {
      "module": "module.ecs",
      "mode": "managed",
      "type": "aws_cloudwatch_log_group",
      "name": "ecs",
      "provider": "provider[\"registry.terraform.io/hashicorp/aws\"]",
      "instances": [
        {
          "schema_version": 0,
          "attributes": {
            "arn": "arn:aws:logs:us-east-1:585768179815:log-group:/ecs/konecta-ass1-dev",
            "id": "/ecs/konecta-ass1-dev",
            "kms_key_id": "",
            "log_group_class": "STANDARD",
            "name": "/ecs/konecta-ass1-dev",
            "name_prefix": "",
            "retention_in_days": 30,
            "skip_destroy": false,
            "tags": {},
            "tags_all": {}
          },
          "sensitive_attributes": [],
          "identity_schema_version": 0,
          "private": "bnVsbA=="
        }
      ]
    },
    {
      "module": "module.ecs",
      "mode": "managed",
      "type": "aws_ecs_cluster",
      "name": "main",
      "provider": "provider[\"registry.terraform.io/hashicorp/aws\"]",
      "instances": [
        {
          "schema_version": 0,
          "attributes": {
            "arn": "arn:aws:ecs:us-east-1:585768179815:cluster/konecta-ass1-dev-cluster",
            "configuration": [],
            "id": "arn:aws:ecs:us-east-1:585768179815:cluster/konecta-ass1-dev-cluster",
            "name": "konecta-ass1-dev-cluster",
            "service_connect_defaults": [],
            "setting": [
              {
                "name": "containerInsights",
                "value": "enabled"
              }
            ],
            "tags": {},
            "tags_all": {}
          },
          "sensitive_attributes": [],
          "identity_schema_version": 0,
          "private": "bnVsbA==",
          "create_before_destroy": true
        }
      ]
    },
    {
      "module": "module.ecs",
      "mode": "managed",
      "type": "aws_ecs_service",
      "name": "authentication_service",
      "provider": "provider[\"registry.terraform.io/hashicorp/aws\"]",
      "instances": [
        {
          "schema_version": 1,
          "attributes": {
            "alarms": [],
            "availability_zone_rebalancing": "DISABLED",
            "capacity_provider_strategy": [],
            "cluster": "arn:aws:ecs:us-east-1:585768179815:cluster/konecta-ass1-dev-cluster",
            "deployment_circuit_breaker": [
              {
                "enable": false,
                "rollback": false
              }
            ],
            "deployment_controller": [
              {
                "type": "ECS"
              }
            ],
            "deployment_maximum_percent": 200,
            "deployment_minimum_healthy_percent": 100,
            "desired_count": 2,
            "enable_ecs_managed_tags": false,
            "enable_execute_command": false,
            "force_delete": null,
            "force_new_deployment": null,
            "health_check_grace_period_seconds": 0,
            "iam_role": "/aws-service-role/ecs.amazonaws.com/AWSServiceRoleForECS",
            "id": "arn:aws:ecs:us-east-1:585768179815:service/konecta-ass1-dev-cluster/konecta-ass1-dev-authentication-service",
            "launch_type": "FARGATE",
            "load_balancer": [],
            "name": "konecta-ass1-dev-authentication-service",
            "network_configuration": [
              {
                "assign_public_ip": false,
                "security_groups": [
                  "sg-024206e4ca30d9e0c"
                ],
                "subnets": [
                  "subnet-084f882453e83e674",
                  "subnet-085a38cdaacbf307b"
                ]
              }
            ],
            "ordered_placement_strategy": [],
            "placement_constraints": [],
            "platform_version": "LATEST",
            "propagate_tags": "NONE",
            "scheduling_strategy": "REPLICA",
            "service_connect_configuration": [],
            "service_registries": [
              {
                "container_name": "",
                "container_port": 0,
                "port": 0,
                "registry_arn": "arn:aws:servicediscovery:us-east-1:585768179815:service/srv-5aatcuzqwptiqxkn"
              }
            ],
            "tags": {},
            "tags_all": {},
            "task_definition": "arn:aws:ecs:us-east-1:585768179815:task-definition/konecta-ass1-dev-authentication-service:1",
            "timeouts": null,
            "triggers": {},
            "volume_configuration": [],
            "vpc_lattice_configurations": [],
            "wait_for_steady_state": false
          },
          "sensitive_attributes": [],
          "identity_schema_version": 0,
          "private": "eyJlMmJmYjczMC1lY2FhLTExZTYtOGY4OC0zNDM2M2JjN2M0YzAiOnsiY3JlYXRlIjoxMjAwMDAwMDAwMDAwLCJkZWxldGUiOjEyMDAwMDAwMDAwMDAsInVwZGF0ZSI6MTIwMDAwMDAwMDAwMH0sInNjaGVtYV92ZXJzaW9uIjoiMSJ9",
          "dependencies": [
            "module.ecs.aws_cloudwatch_log_group.ecs",
            "module.ecs.aws_ecs_cluster.main",
            "module.ecs.aws_ecs_service.config_server",
            "module.ecs.aws_ecs_task_definition.authentication_service",
            "module.ecs.aws_ecs_task_definition.config_server",
            "module.ecs.aws_service_discovery_private_dns_namespace.this",
            "module.ecs.aws_service_discovery_service.authentication_service",
            "module.ecs.aws_service_discovery_service.config_server",
            "module.iam.aws_iam_role.ecs_execution",
            "module.rds.aws_db_instance.this",
            "module.rds.aws_db_subnet_group.this",
            "module.security_groups.aws_security_group.alb",
            "module.security_groups.aws_security_group.frontend_ecs",
            "module.security_groups.aws_security_group.rds",
            "module.vpc.aws_subnet.private",
            "module.vpc.aws_vpc.main"
          ]
        }
      ]
    },
    {
      "module": "module.ecs",
      "mode": "managed",
      "type": "aws_ecs_service",
      "name": "config_server",
      "provider": "provider[\"registry.terraform.io/hashicorp/aws\"]",
      "instances": [
        {
          "schema_version": 1,
          "attributes": {
            "alarms": [],
            "availability_zone_rebalancing": "DISABLED",
            "capacity_provider_strategy": [],
            "cluster": "arn:aws:ecs:us-east-1:585768179815:cluster/konecta-ass1-dev-cluster",
            "deployment_circuit_breaker": [
              {
                "enable": false,
                "rollback": false
              }
            ],
            "deployment_controller": [
              {
                "type": "ECS"
              }
            ],
            "deployment_maximum_percent": 200,
            "deployment_minimum_healthy_percent": 100,
            "desired_count": 1,
            "enable_ecs_managed_tags": false,
            "enable_execute_command": false,
            "force_delete": null,
            "force_new_deployment": null,
            "health_check_grace_period_seconds": 0,
            "iam_role": "/aws-service-role/ecs.amazonaws.com/AWSServiceRoleForECS",
            "id": "arn:aws:ecs:us-east-1:585768179815:service/konecta-ass1-dev-cluster/konecta-ass1-dev-config-server",
            "launch_type": "FARGATE",
            "load_balancer": [],
            "name": "konecta-ass1-dev-config-server",
            "network_configuration": [
              {
                "assign_public_ip": false,
                "security_groups": [
                  "sg-024206e4ca30d9e0c"
                ],
                "subnets": [
                  "subnet-084f882453e83e674",
                  "subnet-085a38cdaacbf307b"
                ]
              }
            ],
            "ordered_placement_strategy": [],
            "placement_constraints": [],
            "platform_version": "LATEST",
            "propagate_tags": "NONE",
            "scheduling_strategy": "REPLICA",
            "service_connect_configuration": [],
            "service_registries": [
              {
                "container_name": "",
                "container_port": 0,
                "port": 0,
                "registry_arn": "arn:aws:servicediscovery:us-east-1:585768179815:service/srv-wo4n6xsksovtft2h"
              }
            ],
            "tags": {},
            "tags_all": {},
            "task_definition": "arn:aws:ecs:us-east-1:585768179815:task-definition/konecta-ass1-dev-config-server:2",
            "timeouts": null,
            "triggers": {},
            "volume_configuration": [],
            "vpc_lattice_configurations": [],
            "wait_for_steady_state": false
          },
          "sensitive_attributes": [],
          "identity_schema_version": 0,
          "private": "eyJlMmJmYjczMC1lY2FhLTExZTYtOGY4OC0zNDM2M2JjN2M0YzAiOnsiY3JlYXRlIjoxMjAwMDAwMDAwMDAwLCJkZWxldGUiOjEyMDAwMDAwMDAwMDAsInVwZGF0ZSI6MTIwMDAwMDAwMDAwMH0sInNjaGVtYV92ZXJzaW9uIjoiMSJ9",
          "dependencies": [
            "module.ecs.aws_cloudwatch_log_group.ecs",
            "module.ecs.aws_ecs_cluster.main",
            "module.ecs.aws_ecs_task_definition.config_server",
            "module.ecs.aws_service_discovery_private_dns_namespace.this",
            "module.ecs.aws_service_discovery_service.config_server",
            "module.iam.aws_iam_role.ecs_execution",
            "module.security_groups.aws_security_group.alb",
            "module.security_groups.aws_security_group.frontend_ecs",
            "module.vpc.aws_subnet.private",
            "module.vpc.aws_vpc.main"
          ]
        }
      ]
    },
    {
      "module": "module.ecs",
      "mode": "managed",
      "type": "aws_ecs_service",
      "name": "finance_service",
      "provider": "provider[\"registry.terraform.io/hashicorp/aws\"]",
      "instances": [
        {
          "schema_version": 1,
          "attributes": {
            "alarms": [],
            "availability_zone_rebalancing": "DISABLED",
            "capacity_provider_strategy": [],
            "cluster": "arn:aws:ecs:us-east-1:585768179815:cluster/konecta-ass1-dev-cluster",
            "deployment_circuit_breaker": [
              {
                "enable": false,
                "rollback": false
              }
            ],
            "deployment_controller": [
              {
                "type": "ECS"
              }
            ],
            "deployment_maximum_percent": 200,
            "deployment_minimum_healthy_percent": 100,
            "desired_count": 2,
            "enable_ecs_managed_tags": false,
            "enable_execute_command": false,
            "force_delete": null,
            "force_new_deployment": null,
            "health_check_grace_period_seconds": 0,
            "iam_role": "/aws-service-role/ecs.amazonaws.com/AWSServiceRoleForECS",
            "id": "arn:aws:ecs:us-east-1:585768179815:service/konecta-ass1-dev-cluster/konecta-ass1-dev-finance-service",
            "launch_type": "FARGATE",
            "load_balancer": [],
            "name": "konecta-ass1-dev-finance-service",
            "network_configuration": [
              {
                "assign_public_ip": false,
                "security_groups": [
                  "sg-024206e4ca30d9e0c"
                ],
                "subnets": [
                  "subnet-084f882453e83e674",
                  "subnet-085a38cdaacbf307b"
                ]
              }
            ],
            "ordered_placement_strategy": [],
            "placement_constraints": [],
            "platform_version": "LATEST",
            "propagate_tags": "NONE",
            "scheduling_strategy": "REPLICA",
            "service_connect_configuration": [],
            "service_registries": [
              {
                "container_name": "",
                "container_port": 0,
                "port": 0,
                "registry_arn": "arn:aws:servicediscovery:us-east-1:585768179815:service/srv-wa5wmrcnogh5zye5"
              }
            ],
            "tags": {},
            "tags_all": {},
            "task_definition": "arn:aws:ecs:us-east-1:585768179815:task-definition/konecta-ass1-dev-finance-service:1",
            "timeouts": null,
            "triggers": {},
            "volume_configuration": [],
            "vpc_lattice_configurations": [],
            "wait_for_steady_state": false
          },
          "sensitive_attributes": [],
          "identity_schema_version": 0,
          "private": "eyJlMmJmYjczMC1lY2FhLTExZTYtOGY4OC0zNDM2M2JjN2M0YzAiOnsiY3JlYXRlIjoxMjAwMDAwMDAwMDAwLCJkZWxldGUiOjEyMDAwMDAwMDAwMDAsInVwZGF0ZSI6MTIwMDAwMDAwMDAwMH0sInNjaGVtYV92ZXJzaW9uIjoiMSJ9",
          "dependencies": [
            "module.ecs.aws_cloudwatch_log_group.ecs",
            "module.ecs.aws_ecs_cluster.main",
            "module.ecs.aws_ecs_service.config_server",
            "module.ecs.aws_ecs_task_definition.config_server",
            "module.ecs.aws_ecs_task_definition.finance_service",
            "module.ecs.aws_service_discovery_private_dns_namespace.this",
            "module.ecs.aws_service_discovery_service.config_server",
            "module.ecs.aws_service_discovery_service.finance_service",
            "module.iam.aws_iam_role.ecs_execution",
            "module.rds.aws_db_instance.this",
            "module.rds.aws_db_subnet_group.this",
            "module.security_groups.aws_security_group.alb",
            "module.security_groups.aws_security_group.frontend_ecs",
            "module.security_groups.aws_security_group.rds",
            "module.vpc.aws_subnet.private",
            "module.vpc.aws_vpc.main"
          ]
        }
      ]
    },
    {
      "module": "module.ecs",
      "mode": "managed",
      "type": "aws_ecs_service",
      "name": "hr_model",
      "provider": "provider[\"registry.terraform.io/hashicorp/aws\"]",
      "instances": [
        {
          "schema_version": 1,
          "attributes": {
            "alarms": [],
            "availability_zone_rebalancing": "DISABLED",
            "capacity_provider_strategy": [],
            "cluster": "arn:aws:ecs:us-east-1:585768179815:cluster/konecta-ass1-dev-cluster",
            "deployment_circuit_breaker": [
              {
                "enable": false,
                "rollback": false
              }
            ],
            "deployment_controller": [
              {
                "type": "ECS"
              }
            ],
            "deployment_maximum_percent": 200,
            "deployment_minimum_healthy_percent": 100,
            "desired_count": 1,
            "enable_ecs_managed_tags": false,
            "enable_execute_command": false,
            "force_delete": null,
            "force_new_deployment": null,
            "health_check_grace_period_seconds": 0,
            "iam_role": "/aws-service-role/ecs.amazonaws.com/AWSServiceRoleForECS",
            "id": "arn:aws:ecs:us-east-1:585768179815:service/konecta-ass1-dev-cluster/konecta-ass1-dev-hr-model",
            "launch_type": "FARGATE",
            "load_balancer": [],
            "name": "konecta-ass1-dev-hr-model",
            "network_configuration": [
              {
                "assign_public_ip": false,
                "security_groups": [
                  "sg-024206e4ca30d9e0c"
                ],
                "subnets": [
                  "subnet-084f882453e83e674",
                  "subnet-085a38cdaacbf307b"
                ]
              }
            ],
            "ordered_placement_strategy": [],
            "placement_constraints": [],
            "platform_version": "LATEST",
            "propagate_tags": "NONE",
            "scheduling_strategy": "REPLICA",
            "service_connect_configuration": [],
            "service_registries": [],
            "tags": {},
            "tags_all": {},
            "task_definition": "arn:aws:ecs:us-east-1:585768179815:task-definition/konecta-ass1-dev-hr-model:2",
            "timeouts": null,
            "triggers": {},
            "volume_configuration": [],
            "vpc_lattice_configurations": [],
            "wait_for_steady_state": false
          },
          "sensitive_attributes": [],
          "identity_schema_version": 0,
          "private": "eyJlMmJmYjczMC1lY2FhLTExZTYtOGY4OC0zNDM2M2JjN2M0YzAiOnsiY3JlYXRlIjoxMjAwMDAwMDAwMDAwLCJkZWxldGUiOjEyMDAwMDAwMDAwMDAsInVwZGF0ZSI6MTIwMDAwMDAwMDAwMH0sInNjaGVtYV92ZXJzaW9uIjoiMSJ9",
          "dependencies": [
            "module.ecs.aws_cloudwatch_log_group.ecs",
            "module.ecs.aws_ecs_cluster.main",
            "module.ecs.aws_ecs_task_definition.hr_model",
            "module.iam.aws_iam_role.ecs_execution",
            "module.security_groups.aws_security_group.alb",
            "module.security_groups.aws_security_group.frontend_ecs",
            "module.vpc.aws_subnet.private",
            "module.vpc.aws_vpc.main"
          ]
        }
      ]
    },
    {
      "module": "module.ecs",
      "mode": "managed",
      "type": "aws_ecs_service",
      "name": "hr_service",
      "provider": "provider[\"registry.terraform.io/hashicorp/aws\"]",
      "instances": [
        {
          "schema_version": 1,
          "attributes": {
            "alarms": [],
            "availability_zone_rebalancing": "DISABLED",
            "capacity_provider_strategy": [],
            "cluster": "arn:aws:ecs:us-east-1:585768179815:cluster/konecta-ass1-dev-cluster",
            "deployment_circuit_breaker": [
              {
                "enable": false,
                "rollback": false
              }
            ],
            "deployment_controller": [
              {
                "type": "ECS"
              }
            ],
            "deployment_maximum_percent": 200,
            "deployment_minimum_healthy_percent": 100,
            "desired_count": 2,
            "enable_ecs_managed_tags": false,
            "enable_execute_command": false,
            "force_delete": null,
            "force_new_deployment": null,
            "health_check_grace_period_seconds": 0,
            "iam_role": "/aws-service-role/ecs.amazonaws.com/AWSServiceRoleForECS",
            "id": "arn:aws:ecs:us-east-1:585768179815:service/konecta-ass1-dev-cluster/konecta-ass1-dev-hr-service",
            "launch_type": "FARGATE",
            "load_balancer": [],
            "name": "konecta-ass1-dev-hr-service",
            "network_configuration": [
              {
                "assign_public_ip": false,
                "security_groups": [
                  "sg-024206e4ca30d9e0c"
                ],
                "subnets": [
                  "subnet-084f882453e83e674",
                  "subnet-085a38cdaacbf307b"
                ]
              }
            ],
            "ordered_placement_strategy": [],
            "placement_constraints": [],
            "platform_version": "LATEST",
            "propagate_tags": "NONE",
            "scheduling_strategy": "REPLICA",
            "service_connect_configuration": [],
            "service_registries": [
              {
                "container_name": "",
                "container_port": 0,
                "port": 0,
                "registry_arn": "arn:aws:servicediscovery:us-east-1:585768179815:service/srv-hoiywjxzxfhgmm2c"
              }
            ],
            "tags": {},
            "tags_all": {},
            "task_definition": "arn:aws:ecs:us-east-1:585768179815:task-definition/konecta-ass1-dev-hr-service:1",
            "timeouts": null,
            "triggers": {},
            "volume_configuration": [],
            "vpc_lattice_configurations": [],
            "wait_for_steady_state": false
          },
          "sensitive_attributes": [],
          "identity_schema_version": 0,
          "private": "eyJlMmJmYjczMC1lY2FhLTExZTYtOGY4OC0zNDM2M2JjN2M0YzAiOnsiY3JlYXRlIjoxMjAwMDAwMDAwMDAwLCJkZWxldGUiOjEyMDAwMDAwMDAwMDAsInVwZGF0ZSI6MTIwMDAwMDAwMDAwMH0sInNjaGVtYV92ZXJzaW9uIjoiMSJ9",
          "dependencies": [
            "module.ecs.aws_cloudwatch_log_group.ecs",
            "module.ecs.aws_ecs_cluster.main",
            "module.ecs.aws_ecs_service.config_server",
            "module.ecs.aws_ecs_task_definition.config_server",
            "module.ecs.aws_ecs_task_definition.hr_service",
            "module.ecs.aws_service_discovery_private_dns_namespace.this",
            "module.ecs.aws_service_discovery_service.config_server",
            "module.ecs.aws_service_discovery_service.hr_service",
            "module.iam.aws_iam_role.ecs_execution",
            "module.rds.aws_db_instance.this",
            "module.rds.aws_db_subnet_group.this",
            "module.security_groups.aws_security_group.alb",
            "module.security_groups.aws_security_group.frontend_ecs",
            "module.security_groups.aws_security_group.rds",
            "module.vpc.aws_subnet.private",
            "module.vpc.aws_vpc.main"
          ]
        }
      ]
    },
    {
      "module": "module.ecs",
      "mode": "managed",
      "type": "aws_ecs_service",
      "name": "inventory_service",
      "provider": "provider[\"registry.terraform.io/hashicorp/aws\"]",
      "instances": [
        {
          "schema_version": 1,
          "attributes": {
            "alarms": [],
            "availability_zone_rebalancing": "DISABLED",
            "capacity_provider_strategy": [],
            "cluster": "arn:aws:ecs:us-east-1:585768179815:cluster/konecta-ass1-dev-cluster",
            "deployment_circuit_breaker": [
              {
                "enable": false,
                "rollback": false
              }
            ],
            "deployment_controller": [
              {
                "type": "ECS"
              }
            ],
            "deployment_maximum_percent": 200,
            "deployment_minimum_healthy_percent": 100,
            "desired_count": 2,
            "enable_ecs_managed_tags": false,
            "enable_execute_command": false,
            "force_delete": null,
            "force_new_deployment": null,
            "health_check_grace_period_seconds": 0,
            "iam_role": "/aws-service-role/ecs.amazonaws.com/AWSServiceRoleForECS",
            "id": "arn:aws:ecs:us-east-1:585768179815:service/konecta-ass1-dev-cluster/konecta-ass1-dev-inventory-service",
            "launch_type": "FARGATE",
            "load_balancer": [],
            "name": "konecta-ass1-dev-inventory-service",
            "network_configuration": [
              {
                "assign_public_ip": false,
                "security_groups": [
                  "sg-024206e4ca30d9e0c"
                ],
                "subnets": [
                  "subnet-084f882453e83e674",
                  "subnet-085a38cdaacbf307b"
                ]
              }
            ],
            "ordered_placement_strategy": [],
            "placement_constraints": [],
            "platform_version": "LATEST",
            "propagate_tags": "NONE",
            "scheduling_strategy": "REPLICA",
            "service_connect_configuration": [],
            "service_registries": [
              {
                "container_name": "",
                "container_port": 0,
                "port": 0,
                "registry_arn": "arn:aws:servicediscovery:us-east-1:585768179815:service/srv-e46ndwhoy37llofz"
              }
            ],
            "tags": {},
            "tags_all": {},
            "task_definition": "arn:aws:ecs:us-east-1:585768179815:task-definition/konecta-ass1-dev-inventory-service:1",
            "timeouts": null,
            "triggers": {},
            "volume_configuration": [],
            "vpc_lattice_configurations": [],
            "wait_for_steady_state": false
          },
          "sensitive_attributes": [],
          "identity_schema_version": 0,
          "private": "eyJlMmJmYjczMC1lY2FhLTExZTYtOGY4OC0zNDM2M2JjN2M0YzAiOnsiY3JlYXRlIjoxMjAwMDAwMDAwMDAwLCJkZWxldGUiOjEyMDAwMDAwMDAwMDAsInVwZGF0ZSI6MTIwMDAwMDAwMDAwMH0sInNjaGVtYV92ZXJzaW9uIjoiMSJ9",
          "dependencies": [
            "module.ecs.aws_cloudwatch_log_group.ecs",
            "module.ecs.aws_ecs_cluster.main",
            "module.ecs.aws_ecs_service.config_server",
            "module.ecs.aws_ecs_task_definition.config_server",
            "module.ecs.aws_ecs_task_definition.inventory_service",
            "module.ecs.aws_service_discovery_private_dns_namespace.this",
            "module.ecs.aws_service_discovery_service.config_server",
            "module.ecs.aws_service_discovery_service.inventory_service",
            "module.iam.aws_iam_role.ecs_execution",
            "module.rds.aws_db_instance.this",
            "module.rds.aws_db_subnet_group.this",
            "module.security_groups.aws_security_group.alb",
            "module.security_groups.aws_security_group.frontend_ecs",
            "module.security_groups.aws_security_group.rds",
            "module.vpc.aws_subnet.private",
            "module.vpc.aws_vpc.main"
          ]
        }
      ]
    },
    {
      "module": "module.ecs",
      "mode": "managed",
      "type": "aws_ecs_service",
      "name": "prophet_model",
      "provider": "provider[\"registry.terraform.io/hashicorp/aws\"]",
      "instances": [
        {
          "schema_version": 1,
          "attributes": {
            "alarms": [],
            "availability_zone_rebalancing": "DISABLED",
            "capacity_provider_strategy": [],
            "cluster": "arn:aws:ecs:us-east-1:585768179815:cluster/konecta-ass1-dev-cluster",
            "deployment_circuit_breaker": [
              {
                "enable": false,
                "rollback": false
              }
            ],
            "deployment_controller": [
              {
                "type": "ECS"
              }
            ],
            "deployment_maximum_percent": 200,
            "deployment_minimum_healthy_percent": 100,
            "desired_count": 1,
            "enable_ecs_managed_tags": false,
            "enable_execute_command": false,
            "force_delete": null,
            "force_new_deployment": null,
            "health_check_grace_period_seconds": 0,
            "iam_role": "/aws-service-role/ecs.amazonaws.com/AWSServiceRoleForECS",
            "id": "arn:aws:ecs:us-east-1:585768179815:service/konecta-ass1-dev-cluster/konecta-ass1-dev-prophet-model",
            "launch_type": "FARGATE",
            "load_balancer": [],
            "name": "konecta-ass1-dev-prophet-model",
            "network_configuration": [
              {
                "assign_public_ip": false,
                "security_groups": [
                  "sg-024206e4ca30d9e0c"
                ],
                "subnets": [
                  "subnet-084f882453e83e674",
                  "subnet-085a38cdaacbf307b"
                ]
              }
            ],
            "ordered_placement_strategy": [],
            "placement_constraints": [],
            "platform_version": "LATEST",
            "propagate_tags": "NONE",
            "scheduling_strategy": "REPLICA",
            "service_connect_configuration": [],
            "service_registries": [],
            "tags": {},
            "tags_all": {},
            "task_definition": "arn:aws:ecs:us-east-1:585768179815:task-definition/konecta-ass1-dev-prophet-model:2",
            "timeouts": null,
            "triggers": {},
            "volume_configuration": [],
            "vpc_lattice_configurations": [],
            "wait_for_steady_state": false
          },
          "sensitive_attributes": [],
          "identity_schema_version": 0,
          "private": "eyJlMmJmYjczMC1lY2FhLTExZTYtOGY4OC0zNDM2M2JjN2M0YzAiOnsiY3JlYXRlIjoxMjAwMDAwMDAwMDAwLCJkZWxldGUiOjEyMDAwMDAwMDAwMDAsInVwZGF0ZSI6MTIwMDAwMDAwMDAwMH0sInNjaGVtYV92ZXJzaW9uIjoiMSJ9",
          "dependencies": [
            "module.ecs.aws_cloudwatch_log_group.ecs",
            "module.ecs.aws_ecs_cluster.main",
            "module.ecs.aws_ecs_task_definition.prophet_model",
            "module.iam.aws_iam_role.ecs_execution",
            "module.security_groups.aws_security_group.alb",
            "module.security_groups.aws_security_group.frontend_ecs",
            "module.vpc.aws_subnet.private",
            "module.vpc.aws_vpc.main"
          ]
        }
      ]
    },
    {
      "module": "module.ecs",
      "mode": "managed",
      "type": "aws_ecs_service",
      "name": "reporting_service",
      "provider": "provider[\"registry.terraform.io/hashicorp/aws\"]",
      "instances": [
        {
          "schema_version": 1,
          "attributes": {
            "alarms": [],
            "availability_zone_rebalancing": "DISABLED",
            "capacity_provider_strategy": [],
            "cluster": "arn:aws:ecs:us-east-1:585768179815:cluster/konecta-ass1-dev-cluster",
            "deployment_circuit_breaker": [
              {
                "enable": false,
                "rollback": false
              }
            ],
            "deployment_controller": [
              {
                "type": "ECS"
              }
            ],
            "deployment_maximum_percent": 200,
            "deployment_minimum_healthy_percent": 100,
            "desired_count": 2,
            "enable_ecs_managed_tags": false,
            "enable_execute_command": false,
            "force_delete": null,
            "force_new_deployment": null,
            "health_check_grace_period_seconds": 0,
            "iam_role": "/aws-service-role/ecs.amazonaws.com/AWSServiceRoleForECS",
            "id": "arn:aws:ecs:us-east-1:585768179815:service/konecta-ass1-dev-cluster/konecta-ass1-dev-reporting-service",
            "launch_type": "FARGATE",
            "load_balancer": [],
            "name": "konecta-ass1-dev-reporting-service",
            "network_configuration": [
              {
                "assign_public_ip": false,
                "security_groups": [
                  "sg-024206e4ca30d9e0c"
                ],
                "subnets": [
                  "subnet-084f882453e83e674",
                  "subnet-085a38cdaacbf307b"
                ]
              }
            ],
            "ordered_placement_strategy": [],
            "placement_constraints": [],
            "platform_version": "LATEST",
            "propagate_tags": "NONE",
            "scheduling_strategy": "REPLICA",
            "service_connect_configuration": [],
            "service_registries": [
              {
                "container_name": "",
                "container_port": 0,
                "port": 0,
                "registry_arn": "arn:aws:servicediscovery:us-east-1:585768179815:service/srv-rttohmhx3rck3kgw"
              }
            ],
            "tags": {},
            "tags_all": {},
            "task_definition": "arn:aws:ecs:us-east-1:585768179815:task-definition/konecta-ass1-dev-reporting-service:2",
            "timeouts": null,
            "triggers": {},
            "volume_configuration": [],
            "vpc_lattice_configurations": [],
            "wait_for_steady_state": false
          },
          "sensitive_attributes": [],
          "identity_schema_version": 0,
          "private": "eyJlMmJmYjczMC1lY2FhLTExZTYtOGY4OC0zNDM2M2JjN2M0YzAiOnsiY3JlYXRlIjoxMjAwMDAwMDAwMDAwLCJkZWxldGUiOjEyMDAwMDAwMDAwMDAsInVwZGF0ZSI6MTIwMDAwMDAwMDAwMH0sInNjaGVtYV92ZXJzaW9uIjoiMSJ9",
          "dependencies": [
            "module.ecs.aws_cloudwatch_log_group.ecs",
            "module.ecs.aws_ecs_cluster.main",
            "module.ecs.aws_ecs_service.config_server",
            "module.ecs.aws_ecs_service.finance_service",
            "module.ecs.aws_ecs_service.hr_service",
            "module.ecs.aws_ecs_service.inventory_service",
            "module.ecs.aws_ecs_task_definition.config_server",
            "module.ecs.aws_ecs_task_definition.finance_service",
            "module.ecs.aws_ecs_task_definition.hr_service",
            "module.ecs.aws_ecs_task_definition.inventory_service",
            "module.ecs.aws_ecs_task_definition.reporting_service",
            "module.ecs.aws_service_discovery_private_dns_namespace.this",
            "module.ecs.aws_service_discovery_service.config_server",
            "module.ecs.aws_service_discovery_service.finance_service",
            "module.ecs.aws_service_discovery_service.hr_service",
            "module.ecs.aws_service_discovery_service.inventory_service",
            "module.ecs.aws_service_discovery_service.reporting_service",
            "module.iam.aws_iam_role.ecs_execution",
            "module.rds.aws_db_instance.this",
            "module.rds.aws_db_subnet_group.this",
            "module.security_groups.aws_security_group.alb",
            "module.security_groups.aws_security_group.frontend_ecs",
            "module.security_groups.aws_security_group.rds",
            "module.vpc.aws_subnet.private",
            "module.vpc.aws_vpc.main"
          ]
        }
      ]
    },
    {
      "module": "module.ecs",
      "mode": "managed",
      "type": "aws_ecs_service",
      "name": "user_management_service",
      "provider": "provider[\"registry.terraform.io/hashicorp/aws\"]",
      "instances": [
        {
          "schema_version": 1,
          "attributes": {
            "alarms": [],
            "availability_zone_rebalancing": "DISABLED",
            "capacity_provider_strategy": [],
            "cluster": "arn:aws:ecs:us-east-1:585768179815:cluster/konecta-ass1-dev-cluster",
            "deployment_circuit_breaker": [
              {
                "enable": false,
                "rollback": false
              }
            ],
            "deployment_controller": [
              {
                "type": "ECS"
              }
            ],
            "deployment_maximum_percent": 200,
            "deployment_minimum_healthy_percent": 100,
            "desired_count": 2,
            "enable_ecs_managed_tags": false,
            "enable_execute_command": false,
            "force_delete": null,
            "force_new_deployment": null,
            "health_check_grace_period_seconds": 0,
            "iam_role": "/aws-service-role/ecs.amazonaws.com/AWSServiceRoleForECS",
            "id": "arn:aws:ecs:us-east-1:585768179815:service/konecta-ass1-dev-cluster/konecta-ass1-dev-user-management-service",
            "launch_type": "FARGATE",
            "load_balancer": [],
            "name": "konecta-ass1-dev-user-management-service",
            "network_configuration": [
              {
                "assign_public_ip": false,
                "security_groups": [
                  "sg-024206e4ca30d9e0c"
                ],
                "subnets": [
                  "subnet-084f882453e83e674",
                  "subnet-085a38cdaacbf307b"
                ]
              }
            ],
            "ordered_placement_strategy": [],
            "placement_constraints": [],
            "platform_version": "LATEST",
            "propagate_tags": "NONE",
            "scheduling_strategy": "REPLICA",
            "service_connect_configuration": [],
            "service_registries": [
              {
                "container_name": "",
                "container_port": 0,
                "port": 0,
                "registry_arn": "arn:aws:servicediscovery:us-east-1:585768179815:service/srv-yjkpmlogl4vff2ie"
              }
            ],
            "tags": {},
            "tags_all": {},
            "task_definition": "arn:aws:ecs:us-east-1:585768179815:task-definition/konecta-ass1-dev-user-management-service:1",
            "timeouts": null,
            "triggers": {},
            "volume_configuration": [],
            "vpc_lattice_configurations": [],
            "wait_for_steady_state": false
          },
          "sensitive_attributes": [],
          "identity_schema_version": 0,
          "private": "eyJlMmJmYjczMC1lY2FhLTExZTYtOGY4OC0zNDM2M2JjN2M0YzAiOnsiY3JlYXRlIjoxMjAwMDAwMDAwMDAwLCJkZWxldGUiOjEyMDAwMDAwMDAwMDAsInVwZGF0ZSI6MTIwMDAwMDAwMDAwMH0sInNjaGVtYV92ZXJzaW9uIjoiMSJ9",
          "dependencies": [
            "module.ecs.aws_cloudwatch_log_group.ecs",
            "module.ecs.aws_ecs_cluster.main",
            "module.ecs.aws_ecs_service.config_server",
            "module.ecs.aws_ecs_task_definition.config_server",
            "module.ecs.aws_ecs_task_definition.user_management_service",
            "module.ecs.aws_service_discovery_private_dns_namespace.this",
            "module.ecs.aws_service_discovery_service.config_server",
            "module.ecs.aws_service_discovery_service.user_management_service",
            "module.iam.aws_iam_role.ecs_execution",
            "module.rds.aws_db_instance.this",
            "module.rds.aws_db_subnet_group.this",
            "module.security_groups.aws_security_group.alb",
            "module.security_groups.aws_security_group.frontend_ecs",
            "module.security_groups.aws_security_group.rds",
            "module.vpc.aws_subnet.private",
            "module.vpc.aws_vpc.main"
          ]
        }
      ]
    },
    {
      "module": "module.ecs",
      "mode": "managed",
      "type": "aws_ecs_task_definition",
      "name": "api_gateway",
      "provider": "provider[\"registry.terraform.io/hashicorp/aws\"]",
      "instances": [
        {
          "schema_version": 1,
          "attributes": {
            "arn": "arn:aws:ecs:us-east-1:585768179815:task-definition/konecta-ass1-dev-api-gateway:2",
            "arn_without_revision": "arn:aws:ecs:us-east-1:585768179815:task-definition/konecta-ass1-dev-api-gateway",
            "container_definitions": "[{\"environment\":[{\"name\":\"AUTH_JWKS_URI\",\"value\":\"http://authentication-service.konecta-ass1.local:7280/.well-known/jwks.json\"},{\"name\":\"AUTH_SERVICE_URI\",\"value\":\"http://authentication-service.konecta-ass1.local:7280\"},{\"name\":\"FINANCE_SERVICE_URI\",\"value\":\"http://finance-service.konecta-ass1.local:5003\"},{\"name\":\"HR_SERVICE_URI\",\"value\":\"http://hr-service.konecta-ass1.local:5005\"},{\"name\":\"INVENTORY_SERVICE_URI\",\"value\":\"http://inventory-service.konecta-ass1.local:5020\"},{\"name\":\"REPORTING_SERVICE_URI\",\"value\":\"http://reporting-service.konecta-ass1.local:8085\"},{\"name\":\"SPRING_APPLICATION_NAME\",\"value\":\"api-gateway\"},{\"name\":\"SPRING_CLOUD_CONFIG_URI\",\"value\":\"http://config-server.konecta-ass1.local:8888\"},{\"name\":\"USER_MANAGEMENT_SERVICE_URI\",\"value\":\"http://user-management-service.konecta-ass1.local:5078\"}],\"essential\":true,\"image\":\"mohamed710/api-gateway:latest\",\"logConfiguration\":{\"logDriver\":\"awslogs\",\"options\":{\"awslogs-group\":\"/ecs/konecta-ass1-dev\",\"awslogs-region\":\"us-east-1\",\"awslogs-stream-prefix\":\"api-gateway\"}},\"mountPoints\":[],\"name\":\"api-gateway\",\"portMappings\":[{\"containerPort\":8080,\"hostPort\":8080,\"protocol\":\"tcp\"}],\"systemControls\":[],\"volumesFrom\":[]}]",
            "cpu": "512",
            "enable_fault_injection": false,
            "ephemeral_storage": [],
            "execution_role_arn": "arn:aws:iam::585768179815:role/konecta-ass1-dev-ecs-execution-role",
            "family": "konecta-ass1-dev-api-gateway",
            "id": "konecta-ass1-dev-api-gateway",
            "inference_accelerator": [],
            "ipc_mode": "",
            "memory": "1024",
            "network_mode": "awsvpc",
            "pid_mode": "",
            "placement_constraints": [],
            "proxy_configuration": [],
            "requires_compatibilities": [
              "FARGATE"
            ],
            "revision": 2,
            "runtime_platform": [],
            "skip_destroy": false,
            "tags": {},
            "tags_all": {},
            "task_role_arn": "",
            "track_latest": false,
            "volume": []
          },
          "sensitive_attributes": [],
          "identity_schema_version": 0,
          "private": "eyJzY2hlbWFfdmVyc2lvbiI6IjEifQ==",
          "dependencies": [
            "module.ecs.aws_cloudwatch_log_group.ecs",
            "module.ecs.aws_service_discovery_private_dns_namespace.this",
            "module.iam.aws_iam_role.ecs_execution",
            "module.vpc.aws_vpc.main"
          ]
        }
      ]
    },
    {
      "module": "module.ecs",
      "mode": "managed",
      "type": "aws_ecs_task_definition",
      "name": "authentication_service",
      "provider": "provider[\"registry.terraform.io/hashicorp/aws\"]",
      "instances": [
        {
          "schema_version": 1,
          "attributes": {
            "arn": "arn:aws:ecs:us-east-1:585768179815:task-definition/konecta-ass1-dev-authentication-service:1",
            "arn_without_revision": "arn:aws:ecs:us-east-1:585768179815:task-definition/konecta-ass1-dev-authentication-service",
            "container_definitions": "[{\"environment\":[{\"name\":\"ASPNETCORE_ENVIRONMENT\",\"value\":\"dev\"},{\"name\":\"ConnectionStrings__DefaultConnection\",\"value\":\"Server=konecta-ass1-dev-db.ckj2g0ue01hn.us-east-1.rds.amazonaws.com,1433;Database=Konecta_Auth;User Id=dbuser;Password=dy+lYeX$r6Com_53}g!p;TrustServerCertificate=True;\"},{\"name\":\"Consul__Host\",\"value\":\"\"},{\"name\":\"SPRING__APPLICATION__NAME\",\"value\":\"authentication-service\"},{\"name\":\"SPRING__CLOUD__CONFIG__URI\",\"value\":\"http://config-server.konecta-ass1.local:8888\"}],\"essential\":true,\"image\":\"mohamed710/authentication-service:latest\",\"logConfiguration\":{\"logDriver\":\"awslogs\",\"options\":{\"awslogs-stream-prefix\":\"authentication-service\",\"awslogs-group\":\"/ecs/konecta-ass1-dev\",\"awslogs-region\":\"us-east-1\"}},\"mountPoints\":[],\"name\":\"authentication-service\",\"portMappings\":[{\"containerPort\":7280,\"hostPort\":7280,\"protocol\":\"tcp\"}],\"systemControls\":[],\"volumesFrom\":[]}]",
            "cpu": "512",
            "enable_fault_injection": false,
            "ephemeral_storage": [],
            "execution_role_arn": "arn:aws:iam::585768179815:role/konecta-ass1-dev-ecs-execution-role",
            "family": "konecta-ass1-dev-authentication-service",
            "id": "konecta-ass1-dev-authentication-service",
            "inference_accelerator": [],
            "ipc_mode": "",
            "memory": "1024",
            "network_mode": "awsvpc",
            "pid_mode": "",
            "placement_constraints": [],
            "proxy_configuration": [],
            "requires_compatibilities": [
              "FARGATE"
            ],
            "revision": 1,
            "runtime_platform": [],
            "skip_destroy": false,
            "tags": {},
            "tags_all": {},
            "task_role_arn": "",
            "track_latest": false,
            "volume": []
          },
          "sensitive_attributes": [
            [
              {
                "type": "get_attr",
                "value": "container_definitions"
              }
            ]
          ],
          "identity_schema_version": 0,
          "private": "eyJzY2hlbWFfdmVyc2lvbiI6IjEifQ==",
          "dependencies": [
            "module.ecs.aws_cloudwatch_log_group.ecs",
            "module.ecs.aws_service_discovery_private_dns_namespace.this",
            "module.iam.aws_iam_role.ecs_execution",
            "module.rds.aws_db_instance.this",
            "module.rds.aws_db_subnet_group.this",
            "module.security_groups.aws_security_group.alb",
            "module.security_groups.aws_security_group.frontend_ecs",
            "module.security_groups.aws_security_group.rds",
            "module.vpc.aws_subnet.private",
            "module.vpc.aws_vpc.main"
          ]
        }
      ]
    },
    {
      "module": "module.ecs",
      "mode": "managed",
      "type": "aws_ecs_task_definition",
      "name": "config_server",
      "provider": "provider[\"registry.terraform.io/hashicorp/aws\"]",
      "instances": [
        {
          "schema_version": 1,
          "attributes": {
            "arn": "arn:aws:ecs:us-east-1:585768179815:task-definition/konecta-ass1-dev-config-server:2",
            "arn_without_revision": "arn:aws:ecs:us-east-1:585768179815:task-definition/konecta-ass1-dev-config-server",
            "container_definitions": "[{\"environment\":[{\"name\":\"CONSUL_HOST\",\"value\":\"\"},{\"name\":\"CONSUL_PORT\",\"value\":\"8500\"},{\"name\":\"SERVER_PORT\",\"value\":\"8888\"}],\"essential\":true,\"image\":\"mohamed710/config-server:latest\",\"logConfiguration\":{\"logDriver\":\"awslogs\",\"options\":{\"awslogs-group\":\"/ecs/konecta-ass1-dev\",\"awslogs-region\":\"us-east-1\",\"awslogs-stream-prefix\":\"config-server\"}},\"mountPoints\":[],\"name\":\"config-server\",\"portMappings\":[{\"containerPort\":8888,\"hostPort\":8888,\"protocol\":\"tcp\"}],\"systemControls\":[],\"volumesFrom\":[]}]",
            "cpu": "256",
            "enable_fault_injection": false,
            "ephemeral_storage": [],
            "execution_role_arn": "arn:aws:iam::585768179815:role/konecta-ass1-dev-ecs-execution-role",
            "family": "konecta-ass1-dev-config-server",
            "id": "konecta-ass1-dev-config-server",
            "inference_accelerator": [],
            "ipc_mode": "",
            "memory": "512",
            "network_mode": "awsvpc",
            "pid_mode": "",
            "placement_constraints": [],
            "proxy_configuration": [],
            "requires_compatibilities": [
              "FARGATE"
            ],
            "revision": 2,
            "runtime_platform": [],
            "skip_destroy": false,
            "tags": {},
            "tags_all": {},
            "task_role_arn": "",
            "track_latest": false,
            "volume": []
          },
          "sensitive_attributes": [],
          "identity_schema_version": 0,
          "private": "eyJzY2hlbWFfdmVyc2lvbiI6IjEifQ==",
          "dependencies": [
            "module.ecs.aws_cloudwatch_log_group.ecs",
            "module.iam.aws_iam_role.ecs_execution"
          ]
        }
      ]
    },
    {
      "module": "module.ecs",
      "mode": "managed",
      "type": "aws_ecs_task_definition",
      "name": "finance_service",
      "provider": "provider[\"registry.terraform.io/hashicorp/aws\"]",
      "instances": [
        {
          "schema_version": 1,
          "attributes": {
            "arn": "arn:aws:ecs:us-east-1:585768179815:task-definition/konecta-ass1-dev-finance-service:1",
            "arn_without_revision": "arn:aws:ecs:us-east-1:585768179815:task-definition/konecta-ass1-dev-finance-service",
            "container_definitions": "[{\"environment\":[{\"name\":\"ASPNETCORE_ENVIRONMENT\",\"value\":\"dev\"},{\"name\":\"ConnectionStrings__DefaultConnection\",\"value\":\"Server=konecta-ass1-dev-db.ckj2g0ue01hn.us-east-1.rds.amazonaws.com,1433;Database=Konecta_Finance;User Id=dbuser;Password=dy+lYeX$r6Com_53}g!p;TrustServerCertificate=True;\"},{\"name\":\"Consul__Host\",\"value\":\"\"},{\"name\":\"JwtSettings__JwksUri\",\"value\":\"http://authentication-service.konecta-ass1.local:7280/.well-known/jwks.json\"},{\"name\":\"SPRING__APPLICATION__NAME\",\"value\":\"finance-service\"},{\"name\":\"SPRING__CLOUD__CONFIG__URI\",\"value\":\"http://config-server.konecta-ass1.local:8888\"}],\"essential\":true,\"image\":\"mohamed710/finance-service:latest\",\"logConfiguration\":{\"logDriver\":\"awslogs\",\"options\":{\"awslogs-region\":\"us-east-1\",\"awslogs-stream-prefix\":\"finance-service\",\"awslogs-group\":\"/ecs/konecta-ass1-dev\"}},\"mountPoints\":[],\"name\":\"finance-service\",\"portMappings\":[{\"containerPort\":5003,\"hostPort\":5003,\"protocol\":\"tcp\"}],\"systemControls\":[],\"volumesFrom\":[]}]",
            "cpu": "512",
            "enable_fault_injection": false,
            "ephemeral_storage": [],
            "execution_role_arn": "arn:aws:iam::585768179815:role/konecta-ass1-dev-ecs-execution-role",
            "family": "konecta-ass1-dev-finance-service",
            "id": "konecta-ass1-dev-finance-service",
            "inference_accelerator": [],
            "ipc_mode": "",
            "memory": "1024",
            "network_mode": "awsvpc",
            "pid_mode": "",
            "placement_constraints": [],
            "proxy_configuration": [],
            "requires_compatibilities": [
              "FARGATE"
            ],
            "revision": 1,
            "runtime_platform": [],
            "skip_destroy": false,
            "tags": {},
            "tags_all": {},
            "task_role_arn": "",
            "track_latest": false,
            "volume": []
          },
          "sensitive_attributes": [
            [
              {
                "type": "get_attr",
                "value": "container_definitions"
              }
            ]
          ],
          "identity_schema_version": 0,
          "private": "eyJzY2hlbWFfdmVyc2lvbiI6IjEifQ==",
          "dependencies": [
            "module.ecs.aws_cloudwatch_log_group.ecs",
            "module.ecs.aws_service_discovery_private_dns_namespace.this",
            "module.iam.aws_iam_role.ecs_execution",
            "module.rds.aws_db_instance.this",
            "module.rds.aws_db_subnet_group.this",
            "module.security_groups.aws_security_group.alb",
            "module.security_groups.aws_security_group.frontend_ecs",
            "module.security_groups.aws_security_group.rds",
            "module.vpc.aws_subnet.private",
            "module.vpc.aws_vpc.main"
          ]
        }
      ]
    },
    {
      "module": "module.ecs",
      "mode": "managed",
      "type": "aws_ecs_task_definition",
      "name": "hr_model",
      "provider": "provider[\"registry.terraform.io/hashicorp/aws\"]",
      "instances": [
        {
          "schema_version": 1,
          "attributes": {
            "arn": "arn:aws:ecs:us-east-1:585768179815:task-definition/konecta-ass1-dev-hr-model:2",
            "arn_without_revision": "arn:aws:ecs:us-east-1:585768179815:task-definition/konecta-ass1-dev-hr-model",
            "container_definitions": "[{\"environment\":[],\"essential\":true,\"image\":\"mohamed710/hr-model:latest\",\"logConfiguration\":{\"logDriver\":\"awslogs\",\"options\":{\"awslogs-group\":\"/ecs/konecta-ass1-dev\",\"awslogs-region\":\"us-east-1\",\"awslogs-stream-prefix\":\"hr-model\"}},\"mountPoints\":[],\"name\":\"hr-model\",\"portMappings\":[{\"containerPort\":8000,\"hostPort\":8000,\"protocol\":\"tcp\"}],\"systemControls\":[],\"volumesFrom\":[]}]",
            "cpu": "1024",
            "enable_fault_injection": false,
            "ephemeral_storage": [],
            "execution_role_arn": "arn:aws:iam::585768179815:role/konecta-ass1-dev-ecs-execution-role",
            "family": "konecta-ass1-dev-hr-model",
            "id": "konecta-ass1-dev-hr-model",
            "inference_accelerator": [],
            "ipc_mode": "",
            "memory": "2048",
            "network_mode": "awsvpc",
            "pid_mode": "",
            "placement_constraints": [],
            "proxy_configuration": [],
            "requires_compatibilities": [
              "FARGATE"
            ],
            "revision": 2,
            "runtime_platform": [],
            "skip_destroy": false,
            "tags": {},
            "tags_all": {},
            "task_role_arn": "",
            "track_latest": false,
            "volume": []
          },
          "sensitive_attributes": [],
          "identity_schema_version": 0,
          "private": "eyJzY2hlbWFfdmVyc2lvbiI6IjEifQ==",
          "dependencies": [
            "module.ecs.aws_cloudwatch_log_group.ecs",
            "module.iam.aws_iam_role.ecs_execution"
          ]
        }
      ]
    },
    {
      "module": "module.ecs",
      "mode": "managed",
      "type": "aws_ecs_task_definition",
      "name": "hr_service",
      "provider": "provider[\"registry.terraform.io/hashicorp/aws\"]",
      "instances": [
        {
          "schema_version": 1,
          "attributes": {
            "arn": "arn:aws:ecs:us-east-1:585768179815:task-definition/konecta-ass1-dev-hr-service:1",
            "arn_without_revision": "arn:aws:ecs:us-east-1:585768179815:task-definition/konecta-ass1-dev-hr-service",
            "container_definitions": "[{\"environment\":[{\"name\":\"ASPNETCORE_ENVIRONMENT\",\"value\":\"dev\"},{\"name\":\"ConnectionStrings__DefaultConnection\",\"value\":\"Server=konecta-ass1-dev-db.ckj2g0ue01hn.us-east-1.rds.amazonaws.com,1433;Database=Konecta_HR;User Id=dbuser;Password=dy+lYeX$r6Com_53}g!p;TrustServerCertificate=True;\"},{\"name\":\"Consul__Host\",\"value\":\"\"},{\"name\":\"JwtSettings__JwksUri\",\"value\":\"http://authentication-service.konecta-ass1.local:7280/.well-known/jwks.json\"},{\"name\":\"SPRING__APPLICATION__NAME\",\"value\":\"hr-service\"},{\"name\":\"SPRING__CLOUD__CONFIG__URI\",\"value\":\"http://config-server.konecta-ass1.local:8888\"}],\"essential\":true,\"image\":\"mohamed710/hr-service:latest\",\"logConfiguration\":{\"logDriver\":\"awslogs\",\"options\":{\"awslogs-group\":\"/ecs/konecta-ass1-dev\",\"awslogs-region\":\"us-east-1\",\"awslogs-stream-prefix\":\"hr-service\"}},\"mountPoints\":[],\"name\":\"hr-service\",\"portMappings\":[{\"containerPort\":5005,\"hostPort\":5005,\"protocol\":\"tcp\"}],\"systemControls\":[],\"volumesFrom\":[]}]",
            "cpu": "512",
            "enable_fault_injection": false,
            "ephemeral_storage": [],
            "execution_role_arn": "arn:aws:iam::585768179815:role/konecta-ass1-dev-ecs-execution-role",
            "family": "konecta-ass1-dev-hr-service",
            "id": "konecta-ass1-dev-hr-service",
            "inference_accelerator": [],
            "ipc_mode": "",
            "memory": "1024",
            "network_mode": "awsvpc",
            "pid_mode": "",
            "placement_constraints": [],
            "proxy_configuration": [],
            "requires_compatibilities": [
              "FARGATE"
            ],
            "revision": 1,
            "runtime_platform": [],
            "skip_destroy": false,
            "tags": {},
            "tags_all": {},
            "task_role_arn": "",
            "track_latest": false,
            "volume": []
          },
          "sensitive_attributes": [
            [
              {
                "type": "get_attr",
                "value": "container_definitions"
              }
            ]
          ],
          "identity_schema_version": 0,
          "private": "eyJzY2hlbWFfdmVyc2lvbiI6IjEifQ==",
          "dependencies": [
            "module.ecs.aws_cloudwatch_log_group.ecs",
            "module.ecs.aws_service_discovery_private_dns_namespace.this",
            "module.iam.aws_iam_role.ecs_execution",
            "module.rds.aws_db_instance.this",
            "module.rds.aws_db_subnet_group.this",
            "module.security_groups.aws_security_group.alb",
            "module.security_groups.aws_security_group.frontend_ecs",
            "module.security_groups.aws_security_group.rds",
            "module.vpc.aws_subnet.private",
            "module.vpc.aws_vpc.main"
          ]
        }
      ]
    },
    {
      "module": "module.ecs",
      "mode": "managed",
      "type": "aws_ecs_task_definition",
      "name": "inventory_service",
      "provider": "provider[\"registry.terraform.io/hashicorp/aws\"]",
      "instances": [
        {
          "schema_version": 1,
          "attributes": {
            "arn": "arn:aws:ecs:us-east-1:585768179815:task-definition/konecta-ass1-dev-inventory-service:1",
            "arn_without_revision": "arn:aws:ecs:us-east-1:585768179815:task-definition/konecta-ass1-dev-inventory-service",
            "container_definitions": "[{\"environment\":[{\"name\":\"ASPNETCORE_ENVIRONMENT\",\"value\":\"dev\"},{\"name\":\"ConnectionStrings__DefaultConnection\",\"value\":\"Server=konecta-ass1-dev-db.ckj2g0ue01hn.us-east-1.rds.amazonaws.com,1433;Database=Konecta_Inventory;User Id=dbuser;Password=dy+lYeX$r6Com_53}g!p;TrustServerCertificate=True;\"},{\"name\":\"Consul__Host\",\"value\":\"\"},{\"name\":\"JwtSettings__JwksUri\",\"value\":\"http://authentication-service.konecta-ass1.local:7280/.well-known/jwks.json\"},{\"name\":\"SPRING__APPLICATION__NAME\",\"value\":\"inventory-service\"},{\"name\":\"SPRING__CLOUD__CONFIG__URI\",\"value\":\"http://config-server.konecta-ass1.local:8888\"}],\"essential\":true,\"image\":\"mohamed710/inventory-service:latest\",\"logConfiguration\":{\"logDriver\":\"awslogs\",\"options\":{\"awslogs-group\":\"/ecs/konecta-ass1-dev\",\"awslogs-region\":\"us-east-1\",\"awslogs-stream-prefix\":\"inventory-service\"}},\"mountPoints\":[],\"name\":\"inventory-service\",\"portMappings\":[{\"containerPort\":5020,\"hostPort\":5020,\"protocol\":\"tcp\"}],\"systemControls\":[],\"volumesFrom\":[]}]",
            "cpu": "512",
            "enable_fault_injection": false,
            "ephemeral_storage": [],
            "execution_role_arn": "arn:aws:iam::585768179815:role/konecta-ass1-dev-ecs-execution-role",
            "family": "konecta-ass1-dev-inventory-service",
            "id": "konecta-ass1-dev-inventory-service",
            "inference_accelerator": [],
            "ipc_mode": "",
            "memory": "1024",
            "network_mode": "awsvpc",
            "pid_mode": "",
            "placement_constraints": [],
            "proxy_configuration": [],
            "requires_compatibilities": [
              "FARGATE"
            ],
            "revision": 1,
            "runtime_platform": [],
            "skip_destroy": false,
            "tags": {},
            "tags_all": {},
            "task_role_arn": "",
            "track_latest": false,
            "volume": []
          },
          "sensitive_attributes": [
            [
              {
                "type": "get_attr",
                "value": "container_definitions"
              }
            ]
          ],
          "identity_schema_version": 0,
          "private": "eyJzY2hlbWFfdmVyc2lvbiI6IjEifQ==",
          "dependencies": [
            "module.ecs.aws_cloudwatch_log_group.ecs",
            "module.ecs.aws_service_discovery_private_dns_namespace.this",
            "module.iam.aws_iam_role.ecs_execution",
            "module.rds.aws_db_instance.this",
            "module.rds.aws_db_subnet_group.this",
            "module.security_groups.aws_security_group.alb",
            "module.security_groups.aws_security_group.frontend_ecs",
            "module.security_groups.aws_security_group.rds",
            "module.vpc.aws_subnet.private",
            "module.vpc.aws_vpc.main"
          ]
        }
      ]
    },
    {
      "module": "module.ecs",
      "mode": "managed",
      "type": "aws_ecs_task_definition",
      "name": "prophet_model",
      "provider": "provider[\"registry.terraform.io/hashicorp/aws\"]",
      "instances": [
        {
          "schema_version": 1,
          "attributes": {
            "arn": "arn:aws:ecs:us-east-1:585768179815:task-definition/konecta-ass1-dev-prophet-model:2",
            "arn_without_revision": "arn:aws:ecs:us-east-1:585768179815:task-definition/konecta-ass1-dev-prophet-model",
            "container_definitions": "[{\"environment\":[],\"essential\":true,\"image\":\"mohamed710/prophet-model:latest\",\"logConfiguration\":{\"logDriver\":\"awslogs\",\"options\":{\"awslogs-group\":\"/ecs/konecta-ass1-dev\",\"awslogs-region\":\"us-east-1\",\"awslogs-stream-prefix\":\"prophet-model\"}},\"mountPoints\":[],\"name\":\"prophet-model\",\"portMappings\":[{\"containerPort\":8001,\"hostPort\":8001,\"protocol\":\"tcp\"}],\"systemControls\":[],\"volumesFrom\":[]}]",
            "cpu": "1024",
            "enable_fault_injection": false,
            "ephemeral_storage": [],
            "execution_role_arn": "arn:aws:iam::585768179815:role/konecta-ass1-dev-ecs-execution-role",
            "family": "konecta-ass1-dev-prophet-model",
            "id": "konecta-ass1-dev-prophet-model",
            "inference_accelerator": [],
            "ipc_mode": "",
            "memory": "2048",
            "network_mode": "awsvpc",
            "pid_mode": "",
            "placement_constraints": [],
            "proxy_configuration": [],
            "requires_compatibilities": [
              "FARGATE"
            ],
            "revision": 2,
            "runtime_platform": [],
            "skip_destroy": false,
            "tags": {},
            "tags_all": {},
            "task_role_arn": "",
            "track_latest": false,
            "volume": []
          },
          "sensitive_attributes": [],
          "identity_schema_version": 0,
          "private": "eyJzY2hlbWFfdmVyc2lvbiI6IjEifQ==",
          "dependencies": [
            "module.ecs.aws_cloudwatch_log_group.ecs",
            "module.iam.aws_iam_role.ecs_execution"
          ]
        }
      ]
    },
    {
      "module": "module.ecs",
      "mode": "managed",
      "type": "aws_ecs_task_definition",
      "name": "reporting_service",
      "provider": "provider[\"registry.terraform.io/hashicorp/aws\"]",
      "instances": [
        {
          "schema_version": 1,
          "attributes": {
            "arn": "arn:aws:ecs:us-east-1:585768179815:task-definition/konecta-ass1-dev-reporting-service:2",
            "arn_without_revision": "arn:aws:ecs:us-east-1:585768179815:task-definition/konecta-ass1-dev-reporting-service",
            "container_definitions": "[{\"environment\":[{\"name\":\"FINANCE_SERVICE_URI\",\"value\":\"http://finance-service.konecta-ass1.local:5003\"},{\"name\":\"HR_SERVICE_URI\",\"value\":\"http://hr-service.konecta-ass1.local:5005\"},{\"name\":\"INVENTORY_SERVICE_URI\",\"value\":\"http://inventory-service.konecta-ass1.local:5020\"},{\"name\":\"SPRING_APPLICATION_NAME\",\"value\":\"reporting-service\"},{\"name\":\"SPRING_CLOUD_CONFIG_URI\",\"value\":\"http://config-server.konecta-ass1.local:8888\"}],\"essential\":true,\"image\":\"mohamed710/reporting-service:latest\",\"logConfiguration\":{\"logDriver\":\"awslogs\",\"options\":{\"awslogs-stream-prefix\":\"reporting-service\",\"awslogs-group\":\"/ecs/konecta-ass1-dev\",\"awslogs-region\":\"us-east-1\"}},\"mountPoints\":[],\"name\":\"reporting-service\",\"portMappings\":[{\"containerPort\":8085,\"hostPort\":8085,\"protocol\":\"tcp\"}],\"systemControls\":[],\"volumesFrom\":[]}]",
            "cpu": "512",
            "enable_fault_injection": false,
            "ephemeral_storage": [],
            "execution_role_arn": "arn:aws:iam::585768179815:role/konecta-ass1-dev-ecs-execution-role",
            "family": "konecta-ass1-dev-reporting-service",
            "id": "konecta-ass1-dev-reporting-service",
            "inference_accelerator": [],
            "ipc_mode": "",
            "memory": "1024",
            "network_mode": "awsvpc",
            "pid_mode": "",
            "placement_constraints": [],
            "proxy_configuration": [],
            "requires_compatibilities": [
              "FARGATE"
            ],
            "revision": 2,
            "runtime_platform": [],
            "skip_destroy": false,
            "tags": {},
            "tags_all": {},
            "task_role_arn": "",
            "track_latest": false,
            "volume": []
          },
          "sensitive_attributes": [],
          "identity_schema_version": 0,
          "private": "eyJzY2hlbWFfdmVyc2lvbiI6IjEifQ==",
          "dependencies": [
            "module.ecs.aws_cloudwatch_log_group.ecs",
            "module.ecs.aws_service_discovery_private_dns_namespace.this",
            "module.iam.aws_iam_role.ecs_execution",
            "module.vpc.aws_vpc.main"
          ]
        }
      ]
    },
    {
      "module": "module.ecs",
      "mode": "managed",
      "type": "aws_ecs_task_definition",
      "name": "user_management_service",
      "provider": "provider[\"registry.terraform.io/hashicorp/aws\"]",
      "instances": [
        {
          "schema_version": 1,
          "attributes": {
            "arn": "arn:aws:ecs:us-east-1:585768179815:task-definition/konecta-ass1-dev-user-management-service:1",
            "arn_without_revision": "arn:aws:ecs:us-east-1:585768179815:task-definition/konecta-ass1-dev-user-management-service",
            "container_definitions": "[{\"environment\":[{\"name\":\"ASPNETCORE_ENVIRONMENT\",\"value\":\"dev\"},{\"name\":\"ConnectionStrings__DefaultConnection\",\"value\":\"Server=konecta-ass1-dev-db.ckj2g0ue01hn.us-east-1.rds.amazonaws.com,1433;Database=Konecta_UserManagement;User Id=dbuser;Password=dy+lYeX$r6Com_53}g!p;TrustServerCertificate=True;\"},{\"name\":\"Consul__Host\",\"value\":\"\"},{\"name\":\"JwtSettings__JwksUri\",\"value\":\"http://authentication-service.konecta-ass1.local:7280/.well-known/jwks.json\"},{\"name\":\"SPRING__APPLICATION__NAME\",\"value\":\"user-management-service\"},{\"name\":\"SPRING__CLOUD__CONFIG__URI\",\"value\":\"http://config-server.konecta-ass1.local:8888\"}],\"essential\":true,\"image\":\"mohamed710/user-management-service:latest\",\"logConfiguration\":{\"logDriver\":\"awslogs\",\"options\":{\"awslogs-stream-prefix\":\"user-management-service\",\"awslogs-group\":\"/ecs/konecta-ass1-dev\",\"awslogs-region\":\"us-east-1\"}},\"mountPoints\":[],\"name\":\"user-management-service\",\"portMappings\":[{\"containerPort\":5078,\"hostPort\":5078,\"protocol\":\"tcp\"}],\"systemControls\":[],\"volumesFrom\":[]}]",
            "cpu": "512",
            "enable_fault_injection": false,
            "ephemeral_storage": [],
            "execution_role_arn": "arn:aws:iam::585768179815:role/konecta-ass1-dev-ecs-execution-role",
            "family": "konecta-ass1-dev-user-management-service",
            "id": "konecta-ass1-dev-user-management-service",
            "inference_accelerator": [],
            "ipc_mode": "",
            "memory": "1024",
            "network_mode": "awsvpc",
            "pid_mode": "",
            "placement_constraints": [],
            "proxy_configuration": [],
            "requires_compatibilities": [
              "FARGATE"
            ],
            "revision": 1,
            "runtime_platform": [],
            "skip_destroy": false,
            "tags": {},
            "tags_all": {},
            "task_role_arn": "",
            "track_latest": false,
            "volume": []
          },
          "sensitive_attributes": [
            [
              {
                "type": "get_attr",
                "value": "container_definitions"
              }
            ]
          ],
          "identity_schema_version": 0,
          "private": "eyJzY2hlbWFfdmVyc2lvbiI6IjEifQ==",
          "dependencies": [
            "module.ecs.aws_cloudwatch_log_group.ecs",
            "module.ecs.aws_service_discovery_private_dns_namespace.this",
            "module.iam.aws_iam_role.ecs_execution",
            "module.rds.aws_db_instance.this",
            "module.rds.aws_db_subnet_group.this",
            "module.security_groups.aws_security_group.alb",
            "module.security_groups.aws_security_group.frontend_ecs",
            "module.security_groups.aws_security_group.rds",
            "module.vpc.aws_subnet.private",
            "module.vpc.aws_vpc.main"
          ]
        }
      ]
    },
    {
      "module": "module.ecs",
      "mode": "managed",
      "type": "aws_service_discovery_private_dns_namespace",
      "name": "this",
      "provider": "provider[\"registry.terraform.io/hashicorp/aws\"]",
      "instances": [
        {
          "schema_version": 0,
          "attributes": {
            "arn": "arn:aws:servicediscovery:us-east-1:585768179815:namespace/ns-4gvzvdvlihmnd32d",
            "description": "Service discovery namespace for konecta-ass1",
            "hosted_zone": "Z0112601WZJMMUSUAKM8",
            "id": "ns-4gvzvdvlihmnd32d",
            "name": "konecta-ass1.local",
            "tags": {},
            "tags_all": {},
            "vpc": "vpc-0ea9fa2e27abda476"
          },
          "sensitive_attributes": [],
          "identity_schema_version": 0,
          "private": "bnVsbA==",
          "dependencies": [
            "module.vpc.aws_vpc.main"
          ]
        }
      ]
    },
    {
      "module": "module.ecs",
      "mode": "managed",
      "type": "aws_service_discovery_service",
      "name": "api_gateway",
      "provider": "provider[\"registry.terraform.io/hashicorp/aws\"]",
      "instances": [
        {
          "schema_version": 0,
          "attributes": {
            "arn": "arn:aws:servicediscovery:us-east-1:585768179815:service/srv-iaolpn5vxftzgq2b",
            "description": "",
            "dns_config": [
              {
                "dns_records": [
                  {
                    "ttl": 10,
                    "type": "A"
                  }
                ],
                "namespace_id": "ns-4gvzvdvlihmnd32d",
                "routing_policy": "MULTIVALUE"
              }
            ],
            "force_destroy": false,
            "health_check_config": [],
            "health_check_custom_config": [
              {
                "failure_threshold": 1
              }
            ],
            "id": "srv-iaolpn5vxftzgq2b",
            "name": "api-gateway",
            "namespace_id": "ns-4gvzvdvlihmnd32d",
            "tags": {},
            "tags_all": {},
            "type": "DNS_HTTP"
          },
          "sensitive_attributes": [],
          "identity_schema_version": 0,
          "private": "bnVsbA==",
          "dependencies": [
            "module.ecs.aws_service_discovery_private_dns_namespace.this",
            "module.vpc.aws_vpc.main"
          ]
        }
      ]
    },
    {
      "module": "module.ecs",
      "mode": "managed",
      "type": "aws_service_discovery_service",
      "name": "authentication_service",
      "provider": "provider[\"registry.terraform.io/hashicorp/aws\"]",
      "instances": [
        {
          "schema_version": 0,
          "attributes": {
            "arn": "arn:aws:servicediscovery:us-east-1:585768179815:service/srv-5aatcuzqwptiqxkn",
            "description": "",
            "dns_config": [
              {
                "dns_records": [
                  {
                    "ttl": 10,
                    "type": "A"
                  }
                ],
                "namespace_id": "ns-4gvzvdvlihmnd32d",
                "routing_policy": "MULTIVALUE"
              }
            ],
            "force_destroy": false,
            "health_check_config": [],
            "health_check_custom_config": [
              {
                "failure_threshold": 1
              }
            ],
            "id": "srv-5aatcuzqwptiqxkn",
            "name": "authentication-service",
            "namespace_id": "ns-4gvzvdvlihmnd32d",
            "tags": {},
            "tags_all": {},
            "type": "DNS_HTTP"
          },
          "sensitive_attributes": [],
          "identity_schema_version": 0,
          "private": "bnVsbA==",
          "dependencies": [
            "module.ecs.aws_service_discovery_private_dns_namespace.this",
            "module.vpc.aws_vpc.main"
          ]
        }
      ]
    },
    {
      "module": "module.ecs",
      "mode": "managed",
      "type": "aws_service_discovery_service",
      "name": "config_server",
      "provider": "provider[\"registry.terraform.io/hashicorp/aws\"]",
      "instances": [
        {
          "schema_version": 0,
          "attributes": {
            "arn": "arn:aws:servicediscovery:us-east-1:585768179815:service/srv-wo4n6xsksovtft2h",
            "description": "",
            "dns_config": [
              {
                "dns_records": [
                  {
                    "ttl": 10,
                    "type": "A"
                  }
                ],
                "namespace_id": "ns-4gvzvdvlihmnd32d",
                "routing_policy": "MULTIVALUE"
              }
            ],
            "force_destroy": false,
            "health_check_config": [],
            "health_check_custom_config": [
              {
                "failure_threshold": 1
              }
            ],
            "id": "srv-wo4n6xsksovtft2h",
            "name": "config-server",
            "namespace_id": "ns-4gvzvdvlihmnd32d",
            "tags": {},
            "tags_all": {},
            "type": "DNS_HTTP"
          },
          "sensitive_attributes": [],
          "identity_schema_version": 0,
          "private": "bnVsbA==",
          "dependencies": [
            "module.ecs.aws_service_discovery_private_dns_namespace.this",
            "module.vpc.aws_vpc.main"
          ]
        }
      ]
    },
    {
      "module": "module.ecs",
      "mode": "managed",
      "type": "aws_service_discovery_service",
      "name": "finance_service",
      "provider": "provider[\"registry.terraform.io/hashicorp/aws\"]",
      "instances": [
        {
          "schema_version": 0,
          "attributes": {
            "arn": "arn:aws:servicediscovery:us-east-1:585768179815:service/srv-wa5wmrcnogh5zye5",
            "description": "",
            "dns_config": [
              {
                "dns_records": [
                  {
                    "ttl": 10,
                    "type": "A"
                  }
                ],
                "namespace_id": "ns-4gvzvdvlihmnd32d",
                "routing_policy": "MULTIVALUE"
              }
            ],
            "force_destroy": false,
            "health_check_config": [],
            "health_check_custom_config": [
              {
                "failure_threshold": 1
              }
            ],
            "id": "srv-wa5wmrcnogh5zye5",
            "name": "finance-service",
            "namespace_id": "ns-4gvzvdvlihmnd32d",
            "tags": {},
            "tags_all": {},
            "type": "DNS_HTTP"
          },
          "sensitive_attributes": [],
          "identity_schema_version": 0,
          "private": "bnVsbA==",
          "dependencies": [
            "module.ecs.aws_service_discovery_private_dns_namespace.this",
            "module.vpc.aws_vpc.main"
          ]
        }
      ]
    },
    {
      "module": "module.ecs",
      "mode": "managed",
      "type": "aws_service_discovery_service",
      "name": "hr_service",
      "provider": "provider[\"registry.terraform.io/hashicorp/aws\"]",
      "instances": [
        {
          "schema_version": 0,
          "attributes": {
            "arn": "arn:aws:servicediscovery:us-east-1:585768179815:service/srv-hoiywjxzxfhgmm2c",
            "description": "",
            "dns_config": [
              {
                "dns_records": [
                  {
                    "ttl": 10,
                    "type": "A"
                  }
                ],
                "namespace_id": "ns-4gvzvdvlihmnd32d",
                "routing_policy": "MULTIVALUE"
              }
            ],
            "force_destroy": false,
            "health_check_config": [],
            "health_check_custom_config": [
              {
                "failure_threshold": 1
              }
            ],
            "id": "srv-hoiywjxzxfhgmm2c",
            "name": "hr-service",
            "namespace_id": "ns-4gvzvdvlihmnd32d",
            "tags": {},
            "tags_all": {},
            "type": "DNS_HTTP"
          },
          "sensitive_attributes": [],
          "identity_schema_version": 0,
          "private": "bnVsbA==",
          "dependencies": [
            "module.ecs.aws_service_discovery_private_dns_namespace.this",
            "module.vpc.aws_vpc.main"
          ]
        }
      ]
    },
    {
      "module": "module.ecs",
      "mode": "managed",
      "type": "aws_service_discovery_service",
      "name": "inventory_service",
      "provider": "provider[\"registry.terraform.io/hashicorp/aws\"]",
      "instances": [
        {
          "schema_version": 0,
          "attributes": {
            "arn": "arn:aws:servicediscovery:us-east-1:585768179815:service/srv-e46ndwhoy37llofz",
            "description": "",
            "dns_config": [
              {
                "dns_records": [
                  {
                    "ttl": 10,
                    "type": "A"
                  }
                ],
                "namespace_id": "ns-4gvzvdvlihmnd32d",
                "routing_policy": "MULTIVALUE"
              }
            ],
            "force_destroy": false,
            "health_check_config": [],
            "health_check_custom_config": [
              {
                "failure_threshold": 1
              }
            ],
            "id": "srv-e46ndwhoy37llofz",
            "name": "inventory-service",
            "namespace_id": "ns-4gvzvdvlihmnd32d",
            "tags": {},
            "tags_all": {},
            "type": "DNS_HTTP"
          },
          "sensitive_attributes": [],
          "identity_schema_version": 0,
          "private": "bnVsbA==",
          "dependencies": [
            "module.ecs.aws_service_discovery_private_dns_namespace.this",
            "module.vpc.aws_vpc.main"
          ]
        }
      ]
    },
    {
      "module": "module.ecs",
      "mode": "managed",
      "type": "aws_service_discovery_service",
      "name": "reporting_service",
      "provider": "provider[\"registry.terraform.io/hashicorp/aws\"]",
      "instances": [
        {
          "schema_version": 0,
          "attributes": {
            "arn": "arn:aws:servicediscovery:us-east-1:585768179815:service/srv-rttohmhx3rck3kgw",
            "description": "",
            "dns_config": [
              {
                "dns_records": [
                  {
                    "ttl": 10,
                    "type": "A"
                  }
                ],
                "namespace_id": "ns-4gvzvdvlihmnd32d",
                "routing_policy": "MULTIVALUE"
              }
            ],
            "force_destroy": false,
            "health_check_config": [],
            "health_check_custom_config": [
              {
                "failure_threshold": 1
              }
            ],
            "id": "srv-rttohmhx3rck3kgw",
            "name": "reporting-service",
            "namespace_id": "ns-4gvzvdvlihmnd32d",
            "tags": {},
            "tags_all": {},
            "type": "DNS_HTTP"
          },
          "sensitive_attributes": [],
          "identity_schema_version": 0,
          "private": "bnVsbA==",
          "dependencies": [
            "module.ecs.aws_service_discovery_private_dns_namespace.this",
            "module.vpc.aws_vpc.main"
          ]
        }
      ]
    },
    {
      "module": "module.ecs",
      "mode": "managed",
      "type": "aws_service_discovery_service",
      "name": "user_management_service",
      "provider": "provider[\"registry.terraform.io/hashicorp/aws\"]",
      "instances": [
        {
          "schema_version": 0,
          "attributes": {
            "arn": "arn:aws:servicediscovery:us-east-1:585768179815:service/srv-yjkpmlogl4vff2ie",
            "description": "",
            "dns_config": [
              {
                "dns_records": [
                  {
                    "ttl": 10,
                    "type": "A"
                  }
                ],
                "namespace_id": "ns-4gvzvdvlihmnd32d",
                "routing_policy": "MULTIVALUE"
              }
            ],
            "force_destroy": false,
            "health_check_config": [],
            "health_check_custom_config": [
              {
                "failure_threshold": 1
              }
            ],
            "id": "srv-yjkpmlogl4vff2ie",
            "name": "user-management-service",
            "namespace_id": "ns-4gvzvdvlihmnd32d",
            "tags": {},
            "tags_all": {},
            "type": "DNS_HTTP"
          },
          "sensitive_attributes": [],
          "identity_schema_version": 0,
          "private": "bnVsbA==",
          "dependencies": [
            "module.ecs.aws_service_discovery_private_dns_namespace.this",
            "module.vpc.aws_vpc.main"
          ]
        }
      ]
    },
    {
      "module": "module.iam",
      "mode": "managed",
      "type": "aws_iam_role",
      "name": "ecs_execution",
      "provider": "provider[\"registry.terraform.io/hashicorp/aws\"]",
      "instances": [
        {
          "schema_version": 0,
          "attributes": {
            "arn": "arn:aws:iam::585768179815:role/konecta-ass1-dev-ecs-execution-role",
            "assume_role_policy": "{\"Statement\":[{\"Action\":\"sts:AssumeRole\",\"Effect\":\"Allow\",\"Principal\":{\"Service\":\"ecs-tasks.amazonaws.com\"}}],\"Version\":\"2012-10-17\"}",
            "create_date": "2025-11-30T14:15:52Z",
            "description": "",
            "force_detach_policies": false,
            "id": "konecta-ass1-dev-ecs-execution-role",
            "inline_policy": [],
            "managed_policy_arns": [
              "arn:aws:iam::aws:policy/service-role/AmazonECSTaskExecutionRolePolicy"
            ],
            "max_session_duration": 3600,
            "name": "konecta-ass1-dev-ecs-execution-role",
            "name_prefix": "",
            "path": "/",
            "permissions_boundary": "",
            "tags": {},
            "tags_all": {},
            "unique_id": "AROAYQYUBDBT7KZBQ5RR2"
          },
          "sensitive_attributes": [],
          "identity_schema_version": 0,
          "private": "bnVsbA=="
        }
      ]
    },
    {
      "module": "module.iam",
      "mode": "managed",
      "type": "aws_iam_role_policy_attachment",
      "name": "ecs_execution",
      "provider": "provider[\"registry.terraform.io/hashicorp/aws\"]",
      "instances": [
        {
          "schema_version": 0,
          "attributes": {
            "id": "konecta-ass1-dev-ecs-execution-role-20251130141554478400000001",
            "policy_arn": "arn:aws:iam::aws:policy/service-role/AmazonECSTaskExecutionRolePolicy",
            "role": "konecta-ass1-dev-ecs-execution-role"
          },
          "sensitive_attributes": [],
          "identity_schema_version": 0,
          "private": "bnVsbA==",
          "dependencies": [
            "module.iam.aws_iam_role.ecs_execution"
          ]
        }
      ]
    },
    {
      "module": "module.rds",
      "mode": "managed",
      "type": "aws_db_instance",
      "name": "this",
      "provider": "provider[\"registry.terraform.io/hashicorp/aws\"]",
      "instances": [
        {
          "schema_version": 2,
          "attributes": {
            "address": "konecta-ass1-dev-db.ckj2g0ue01hn.us-east-1.rds.amazonaws.com",
            "allocated_storage": 20,
            "allow_major_version_upgrade": null,
            "apply_immediately": false,
            "arn": "arn:aws:rds:us-east-1:585768179815:db:konecta-ass1-dev-db",
            "auto_minor_version_upgrade": true,
            "availability_zone": "us-east-1b",
            "backup_retention_period": 0,
            "backup_target": "region",
            "backup_window": "03:33-04:03",
            "blue_green_update": [],
            "ca_cert_identifier": "rds-ca-rsa2048-g1",
            "character_set_name": "SQL_Latin1_General_CP1_CI_AS",
            "copy_tags_to_snapshot": false,
            "custom_iam_instance_profile": "",
            "customer_owned_ip_enabled": false,
            "database_insights_mode": "standard",
            "db_name": "",
            "db_subnet_group_name": "konecta-ass1-dev-db-subnet-group",
            "dedicated_log_volume": false,
            "delete_automated_backups": true,
            "deletion_protection": false,
            "domain": "",
            "domain_auth_secret_arn": "",
            "domain_dns_ips": [],
            "domain_fqdn": "",
            "domain_iam_role_name": "",
            "domain_ou": "",
            "enabled_cloudwatch_logs_exports": [],
            "endpoint": "konecta-ass1-dev-db.ckj2g0ue01hn.us-east-1.rds.amazonaws.com:1433",
            "engine": "sqlserver-ex",
            "engine_lifecycle_support": "",
            "engine_version": "15.00",
            "engine_version_actual": "15.00.4445.1.v1",
            "final_snapshot_identifier": null,
            "hosted_zone_id": "Z2R2ITUGPM61AM",
            "iam_database_authentication_enabled": false,
            "id": "db-FUCK6REIFCOL22O5NNDKBUG5II",
            "identifier": "konecta-ass1-dev-db",
            "identifier_prefix": "",
            "instance_class": "db.t3.micro",
            "iops": 0,
            "kms_key_id": "",
            "latest_restorable_time": "",
            "license_model": "license-included",
            "listener_endpoint": [],
            "maintenance_window": "sat:04:16-sat:04:46",
            "manage_master_user_password": null,
            "master_user_secret": [],
            "master_user_secret_kms_key_id": null,
            "max_allocated_storage": 0,
            "monitoring_interval": 0,
            "monitoring_role_arn": "",
            "multi_az": false,
            "nchar_character_set_name": "",
            "network_type": "IPV4",
            "option_group_name": "default:sqlserver-ex-15-00",
            "parameter_group_name": "default.sqlserver-ex-15.0",
            "password": "dy+lYeX$r6Com_53}g!p",
            "password_wo": null,
            "password_wo_version": null,
            "performance_insights_enabled": false,
            "performance_insights_kms_key_id": "",
            "performance_insights_retention_period": 0,
            "port": 1433,
            "publicly_accessible": false,
            "replica_mode": "",
            "replicas": [],
            "replicate_source_db": "",
            "resource_id": "db-FUCK6REIFCOL22O5NNDKBUG5II",
            "restore_to_point_in_time": [],
            "s3_import": [],
            "skip_final_snapshot": true,
            "snapshot_identifier": null,
            "status": "available",
            "storage_encrypted": false,
            "storage_throughput": 0,
            "storage_type": "gp2",
            "tags": {
              "Name": "konecta-ass1-dev-rds"
            },
            "tags_all": {
              "Name": "konecta-ass1-dev-rds"
            },
            "timeouts": null,
            "timezone": "",
            "upgrade_storage_config": null,
            "username": "dbuser",
            "vpc_security_group_ids": [
              "sg-0f36db391312252a3"
            ]
          },
          "sensitive_attributes": [
            [
              {
                "type": "get_attr",
                "value": "password"
              }
            ],
            [
              {
                "type": "get_attr",
                "value": "password_wo"
              }
            ]
          ],
          "identity_schema_version": 0,
          "private": "eyJlMmJmYjczMC1lY2FhLTExZTYtOGY4OC0zNDM2M2JjN2M0YzAiOnsiY3JlYXRlIjozMDAwMDAwMDAwMDAwLCJkZWxldGUiOjM2MDAwMDAwMDAwMDAsInVwZGF0ZSI6NDgwMDAwMDAwMDAwMH0sInNjaGVtYV92ZXJzaW9uIjoiMiJ9",
          "dependencies": [
            "module.rds.aws_db_subnet_group.this",
            "module.security_groups.aws_security_group.alb",
            "module.security_groups.aws_security_group.frontend_ecs",
            "module.security_groups.aws_security_group.rds",
            "module.vpc.aws_subnet.private",
            "module.vpc.aws_vpc.main"
          ]
        }
      ]
    },
    {
      "module": "module.rds",
      "mode": "managed",
      "type": "aws_db_subnet_group",
      "name": "this",
      "provider": "provider[\"registry.terraform.io/hashicorp/aws\"]",
      "instances": [
        {
          "schema_version": 0,
          "attributes": {
            "arn": "arn:aws:rds:us-east-1:585768179815:subgrp:konecta-ass1-dev-db-subnet-group",
            "description": "Managed by Terraform",
            "id": "konecta-ass1-dev-db-subnet-group",
            "name": "konecta-ass1-dev-db-subnet-group",
            "name_prefix": "",
            "subnet_ids": [
              "subnet-084f882453e83e674",
              "subnet-085a38cdaacbf307b"
            ],
            "supported_network_types": [
              "IPV4"
            ],
            "tags": {},
            "tags_all": {},
            "vpc_id": "vpc-0ea9fa2e27abda476"
          },
          "sensitive_attributes": [],
          "identity_schema_version": 0,
          "private": "bnVsbA==",
          "dependencies": [
            "module.vpc.aws_subnet.private",
            "module.vpc.aws_vpc.main"
          ]
        }
      ]
    },
    {
      "module": "module.security_groups",
      "mode": "managed",
      "type": "aws_security_group",
      "name": "alb",
      "provider": "provider[\"registry.terraform.io/hashicorp/aws\"]",
      "instances": [
        {
          "schema_version": 1,
          "attributes": {
            "arn": "arn:aws:ec2:us-east-1:585768179815:security-group/sg-03a7a28402c7573be",
            "description": "Managed by Terraform",
            "egress": [
              {
                "cidr_blocks": [
                  "0.0.0.0/0"
                ],
                "description": "",
                "from_port": 0,
                "ipv6_cidr_blocks": [],
                "prefix_list_ids": [],
                "protocol": "-1",
                "security_groups": [],
                "self": false,
                "to_port": 0
              }
            ],
            "id": "sg-03a7a28402c7573be",
            "ingress": [
              {
                "cidr_blocks": [
                  "0.0.0.0/0"
                ],
                "description": "",
                "from_port": 80,
                "ipv6_cidr_blocks": [],
                "prefix_list_ids": [],
                "protocol": "tcp",
                "security_groups": [],
                "self": false,
                "to_port": 80
              }
            ],
            "name": "konecta-ass1-dev-alb-sg-20251130141559139900000003",
            "name_prefix": "konecta-ass1-dev-alb-sg-",
            "owner_id": "585768179815",
            "revoke_rules_on_delete": false,
            "tags": {
              "Name": "konecta-ass1-dev-alb-sg"
            },
            "tags_all": {
              "Name": "konecta-ass1-dev-alb-sg"
            },
            "timeouts": null,
            "vpc_id": "vpc-0ea9fa2e27abda476"
          },
          "sensitive_attributes": [],
          "identity_schema_version": 0,
          "private": "eyJlMmJmYjczMC1lY2FhLTExZTYtOGY4OC0zNDM2M2JjN2M0YzAiOnsiY3JlYXRlIjo2MDAwMDAwMDAwMDAsImRlbGV0ZSI6OTAwMDAwMDAwMDAwfSwic2NoZW1hX3ZlcnNpb24iOiIxIn0=",
          "dependencies": [
            "module.vpc.aws_vpc.main"
          ]
        }
      ]
    },
    {
      "module": "module.security_groups",
      "mode": "managed",
      "type": "aws_security_group",
      "name": "frontend_ecs",
      "provider": "provider[\"registry.terraform.io/hashicorp/aws\"]",
      "instances": [
        {
          "schema_version": 1,
          "attributes": {
            "arn": "arn:aws:ec2:us-east-1:585768179815:security-group/sg-024206e4ca30d9e0c",
            "description": "Managed by Terraform",
            "egress": [
              {
                "cidr_blocks": [
                  "0.0.0.0/0"
                ],
                "description": "",
                "from_port": 0,
                "ipv6_cidr_blocks": [],
                "prefix_list_ids": [],
                "protocol": "-1",
                "security_groups": [],
                "self": false,
                "to_port": 0
              }
            ],
            "id": "sg-024206e4ca30d9e0c",
            "ingress": [
              {
                "cidr_blocks": [],
                "description": "",
                "from_port": 8080,
                "ipv6_cidr_blocks": [],
                "prefix_list_ids": [],
                "protocol": "tcp",
                "security_groups": [
                  "sg-03a7a28402c7573be"
                ],
                "self": false,
                "to_port": 8080
              },
              {
                "cidr_blocks": [],
                "description": "API Gateway",
                "from_port": 8080,
                "ipv6_cidr_blocks": [],
                "prefix_list_ids": [],
                "protocol": "tcp",
                "security_groups": [],
                "self": true,
                "to_port": 8080
              },
              {
                "cidr_blocks": [],
                "description": "Authentication service",
                "from_port": 7280,
                "ipv6_cidr_blocks": [],
                "prefix_list_ids": [],
                "protocol": "tcp",
                "security_groups": [],
                "self": true,
                "to_port": 7280
              },
              {
                "cidr_blocks": [],
                "description": "Config server",
                "from_port": 8888,
                "ipv6_cidr_blocks": [],
                "prefix_list_ids": [],
                "protocol": "tcp",
                "security_groups": [],
                "self": true,
                "to_port": 8888
              },
              {
                "cidr_blocks": [],
                "description": "Finance service",
                "from_port": 5003,
                "ipv6_cidr_blocks": [],
                "prefix_list_ids": [],
                "protocol": "tcp",
                "security_groups": [],
                "self": true,
                "to_port": 5003
              },
              {
                "cidr_blocks": [],
                "description": "HR service",
                "from_port": 5005,
                "ipv6_cidr_blocks": [],
                "prefix_list_ids": [],
                "protocol": "tcp",
                "security_groups": [],
                "self": true,
                "to_port": 5005
              },
              {
                "cidr_blocks": [],
                "description": "Inventory service",
                "from_port": 5020,
                "ipv6_cidr_blocks": [],
                "prefix_list_ids": [],
                "protocol": "tcp",
                "security_groups": [],
                "self": true,
                "to_port": 5020
              },
              {
                "cidr_blocks": [],
                "description": "ML model services",
                "from_port": 8000,
                "ipv6_cidr_blocks": [],
                "prefix_list_ids": [],
                "protocol": "tcp",
                "security_groups": [],
                "self": true,
                "to_port": 8001
              },
              {
                "cidr_blocks": [],
                "description": "Reporting service",
                "from_port": 8085,
                "ipv6_cidr_blocks": [],
                "prefix_list_ids": [],
                "protocol": "tcp",
                "security_groups": [],
                "self": true,
                "to_port": 8085
              },
              {
                "cidr_blocks": [],
                "description": "User management service",
                "from_port": 5078,
                "ipv6_cidr_blocks": [],
                "prefix_list_ids": [],
                "protocol": "tcp",
                "security_groups": [],
                "self": true,
                "to_port": 5078
              }
            ],
            "name": "konecta-ass1-dev-ecs-sg-20251130141606311600000005",
            "name_prefix": "konecta-ass1-dev-ecs-sg-",
            "owner_id": "585768179815",
            "revoke_rules_on_delete": false,
            "tags": {
              "Name": "konecta-ass1-dev-ecs-sg"
            },
            "tags_all": {
              "Name": "konecta-ass1-dev-ecs-sg"
            },
            "timeouts": null,
            "vpc_id": "vpc-0ea9fa2e27abda476"
          },
          "sensitive_attributes": [],
          "identity_schema_version": 0,
          "private": "eyJlMmJmYjczMC1lY2FhLTExZTYtOGY4OC0zNDM2M2JjN2M0YzAiOnsiY3JlYXRlIjo2MDAwMDAwMDAwMDAsImRlbGV0ZSI6OTAwMDAwMDAwMDAwfSwic2NoZW1hX3ZlcnNpb24iOiIxIn0=",
          "dependencies": [
            "module.security_groups.aws_security_group.alb",
            "module.vpc.aws_vpc.main"
          ]
        }
      ]
    },
    {
      "module": "module.security_groups",
      "mode": "managed",
      "type": "aws_security_group",
      "name": "rds",
      "provider": "provider[\"registry.terraform.io/hashicorp/aws\"]",
      "instances": [
        {
          "schema_version": 1,
          "attributes": {
            "arn": "arn:aws:ec2:us-east-1:585768179815:security-group/sg-0f36db391312252a3",
            "description": "Managed by Terraform",
            "egress": [],
            "id": "sg-0f36db391312252a3",
            "ingress": [
              {
                "cidr_blocks": [],
                "description": "Allow ECS services to access RDS",
                "from_port": 1433,
                "ipv6_cidr_blocks": [],
                "prefix_list_ids": [],
                "protocol": "tcp",
                "security_groups": [
                  "sg-024206e4ca30d9e0c"
                ],
                "self": false,
                "to_port": 1433
              }
            ],
            "name": "konecta-ass1-dev-rds-sg-20251130141611919400000006",
            "name_prefix": "konecta-ass1-dev-rds-sg-",
            "owner_id": "585768179815",
            "revoke_rules_on_delete": false,
            "tags": {
              "Name": "konecta-ass1-dev-rds-sg"
            },
            "tags_all": {
              "Name": "konecta-ass1-dev-rds-sg"
            },
            "timeouts": null,
            "vpc_id": "vpc-0ea9fa2e27abda476"
          },
          "sensitive_attributes": [],
          "identity_schema_version": 0,
          "private": "eyJlMmJmYjczMC1lY2FhLTExZTYtOGY4OC0zNDM2M2JjN2M0YzAiOnsiY3JlYXRlIjo2MDAwMDAwMDAwMDAsImRlbGV0ZSI6OTAwMDAwMDAwMDAwfSwic2NoZW1hX3ZlcnNpb24iOiIxIn0=",
          "dependencies": [
            "module.security_groups.aws_security_group.alb",
            "module.security_groups.aws_security_group.frontend_ecs",
            "module.vpc.aws_vpc.main"
          ]
        }
      ]
    },
    {
      "module": "module.vpc",
      "mode": "managed",
      "type": "aws_eip",
      "name": "nat",
      "provider": "provider[\"registry.terraform.io/hashicorp/aws\"]",
      "instances": [
        {
          "index_key": 0,
          "schema_version": 0,
          "attributes": {
            "address": null,
            "allocation_id": "eipalloc-0cc1729bdab44a3d8",
            "arn": "arn:aws:ec2:us-east-1:585768179815:elastic-ip/eipalloc-0cc1729bdab44a3d8",
            "associate_with_private_ip": null,
            "association_id": "eipassoc-0b0376b035d390ce7",
            "carrier_ip": "",
            "customer_owned_ip": "",
            "customer_owned_ipv4_pool": "",
            "domain": "vpc",
            "id": "eipalloc-0cc1729bdab44a3d8",
            "instance": "",
            "ipam_pool_id": null,
            "network_border_group": "us-east-1",
            "network_interface": "eni-0c59be604c587ffe8",
            "private_dns": "ip-10-0-1-199.ec2.internal",
            "private_ip": "10.0.1.199",
            "ptr_record": "",
            "public_dns": "ec2-3-90-82-111.compute-1.amazonaws.com",
            "public_ip": "3.90.82.111",
            "public_ipv4_pool": "amazon",
            "tags": {
              "Name": "konecta-ass1-dev-eip-nat-1"
            },
            "tags_all": {
              "Name": "konecta-ass1-dev-eip-nat-1"
            },
            "timeouts": null,
            "vpc": true
          },
          "sensitive_attributes": [],
          "identity_schema_version": 0,
          "private": "eyJlMmJmYjczMC1lY2FhLTExZTYtOGY4OC0zNDM2M2JjN2M0YzAiOnsiZGVsZXRlIjoxODAwMDAwMDAwMDAsInJlYWQiOjkwMDAwMDAwMDAwMCwidXBkYXRlIjozMDAwMDAwMDAwMDB9fQ=="
        },
        {
          "index_key": 1,
          "schema_version": 0,
          "attributes": {
            "address": null,
            "allocation_id": "eipalloc-009c550f140bc0284",
            "arn": "arn:aws:ec2:us-east-1:585768179815:elastic-ip/eipalloc-009c550f140bc0284",
            "associate_with_private_ip": null,
            "association_id": "eipassoc-0cd1ecdc2d07843bf",
            "carrier_ip": "",
            "customer_owned_ip": "",
            "customer_owned_ipv4_pool": "",
            "domain": "vpc",
            "id": "eipalloc-009c550f140bc0284",
            "instance": "",
            "ipam_pool_id": null,
            "network_border_group": "us-east-1",
            "network_interface": "eni-0bc32c65b46cc6448",
            "private_dns": "ip-10-0-2-181.ec2.internal",
            "private_ip": "10.0.2.181",
            "ptr_record": "",
            "public_dns": "ec2-54-80-179-47.compute-1.amazonaws.com",
            "public_ip": "54.80.179.47",
            "public_ipv4_pool": "amazon",
            "tags": {
              "Name": "konecta-ass1-dev-eip-nat-2"
            },
            "tags_all": {
              "Name": "konecta-ass1-dev-eip-nat-2"
            },
            "timeouts": null,
            "vpc": true
          },
          "sensitive_attributes": [],
          "identity_schema_version": 0,
          "private": "eyJlMmJmYjczMC1lY2FhLTExZTYtOGY4OC0zNDM2M2JjN2M0YzAiOnsiZGVsZXRlIjoxODAwMDAwMDAwMDAsInJlYWQiOjkwMDAwMDAwMDAwMCwidXBkYXRlIjozMDAwMDAwMDAwMDB9fQ=="
        }
      ]
    },
    {
      "module": "module.vpc",
      "mode": "managed",
      "type": "aws_internet_gateway",
      "name": "main",
      "provider": "provider[\"registry.terraform.io/hashicorp/aws\"]",
      "instances": [
        {
          "schema_version": 0,
          "attributes": {
            "arn": "arn:aws:ec2:us-east-1:585768179815:internet-gateway/igw-001875a8046166c51",
            "id": "igw-001875a8046166c51",
            "owner_id": "585768179815",
            "tags": {
              "Name": "konecta-ass1-dev-igw"
            },
            "tags_all": {
              "Name": "konecta-ass1-dev-igw"
            },
            "timeouts": null,
            "vpc_id": "vpc-0ea9fa2e27abda476"
          },
          "sensitive_attributes": [],
          "identity_schema_version": 0,
          "private": "eyJlMmJmYjczMC1lY2FhLTExZTYtOGY4OC0zNDM2M2JjN2M0YzAiOnsiY3JlYXRlIjoxMjAwMDAwMDAwMDAwLCJkZWxldGUiOjEyMDAwMDAwMDAwMDAsInVwZGF0ZSI6MTIwMDAwMDAwMDAwMH19",
          "dependencies": [
            "module.vpc.aws_vpc.main"
          ]
        }
      ]
    },
    {
      "module": "module.vpc",
      "mode": "managed",
      "type": "aws_nat_gateway",
      "name": "main",
      "provider": "provider[\"registry.terraform.io/hashicorp/aws\"]",
      "instances": [
        {
          "index_key": 0,
          "schema_version": 0,
          "attributes": {
            "allocation_id": "eipalloc-0cc1729bdab44a3d8",
            "association_id": "eipassoc-0b0376b035d390ce7",
            "connectivity_type": "public",
            "id": "nat-01e4d85da3075414d",
            "network_interface_id": "eni-0c59be604c587ffe8",
            "private_ip": "10.0.1.199",
            "public_ip": "3.90.82.111",
            "secondary_allocation_ids": [],
            "secondary_private_ip_address_count": 0,
            "secondary_private_ip_addresses": [],
            "subnet_id": "subnet-078ac490142b47691",
            "tags": {
              "Name": "konecta-ass1-dev-nat-1"
            },
            "tags_all": {
              "Name": "konecta-ass1-dev-nat-1"
            },
            "timeouts": null
          },
          "sensitive_attributes": [],
          "identity_schema_version": 0,
          "private": "eyJlMmJmYjczMC1lY2FhLTExZTYtOGY4OC0zNDM2M2JjN2M0YzAiOnsiY3JlYXRlIjo2MDAwMDAwMDAwMDAsImRlbGV0ZSI6MTgwMDAwMDAwMDAwMCwidXBkYXRlIjo2MDAwMDAwMDAwMDB9fQ==",
          "dependencies": [
            "module.vpc.aws_eip.nat",
            "module.vpc.aws_subnet.public",
            "module.vpc.aws_vpc.main"
          ]
        },
        {
          "index_key": 1,
          "schema_version": 0,
          "attributes": {
            "allocation_id": "eipalloc-009c550f140bc0284",
            "association_id": "eipassoc-0cd1ecdc2d07843bf",
            "connectivity_type": "public",
            "id": "nat-054e080ae1bedb78f",
            "network_interface_id": "eni-0bc32c65b46cc6448",
            "private_ip": "10.0.2.181",
            "public_ip": "54.80.179.47",
            "secondary_allocation_ids": [],
            "secondary_private_ip_address_count": 0,
            "secondary_private_ip_addresses": [],
            "subnet_id": "subnet-070cb6588f48aa9d5",
            "tags": {
              "Name": "konecta-ass1-dev-nat-2"
            },
            "tags_all": {
              "Name": "konecta-ass1-dev-nat-2"
            },
            "timeouts": null
          },
          "sensitive_attributes": [],
          "identity_schema_version": 0,
          "private": "eyJlMmJmYjczMC1lY2FhLTExZTYtOGY4OC0zNDM2M2JjN2M0YzAiOnsiY3JlYXRlIjo2MDAwMDAwMDAwMDAsImRlbGV0ZSI6MTgwMDAwMDAwMDAwMCwidXBkYXRlIjo2MDAwMDAwMDAwMDB9fQ==",
          "dependencies": [
            "module.vpc.aws_eip.nat",
            "module.vpc.aws_subnet.public",
            "module.vpc.aws_vpc.main"
          ]
        }
      ]
    },
    {
      "module": "module.vpc",
      "mode": "managed",
      "type": "aws_route_table",
      "name": "private",
      "provider": "provider[\"registry.terraform.io/hashicorp/aws\"]",
      "instances": [
        {
          "index_key": 0,
          "schema_version": 0,
          "attributes": {
            "arn": "arn:aws:ec2:us-east-1:585768179815:route-table/rtb-03fdb2246921fe12c",
            "id": "rtb-03fdb2246921fe12c",
            "owner_id": "585768179815",
            "propagating_vgws": [],
            "route": [
              {
                "carrier_gateway_id": "",
                "cidr_block": "0.0.0.0/0",
                "core_network_arn": "",
                "destination_prefix_list_id": "",
                "egress_only_gateway_id": "",
                "gateway_id": "",
                "ipv6_cidr_block": "",
                "local_gateway_id": "",
                "nat_gateway_id": "nat-01e4d85da3075414d",
                "network_interface_id": "",
                "transit_gateway_id": "",
                "vpc_endpoint_id": "",
                "vpc_peering_connection_id": ""
              }
            ],
            "tags": {
              "Name": "konecta-ass1-dev-private-rt-1"
            },
            "tags_all": {
              "Name": "konecta-ass1-dev-private-rt-1"
            },
            "timeouts": null,
            "vpc_id": "vpc-0ea9fa2e27abda476"
          },
          "sensitive_attributes": [],
          "identity_schema_version": 0,
          "private": "eyJlMmJmYjczMC1lY2FhLTExZTYtOGY4OC0zNDM2M2JjN2M0YzAiOnsiY3JlYXRlIjozMDAwMDAwMDAwMDAsImRlbGV0ZSI6MzAwMDAwMDAwMDAwLCJ1cGRhdGUiOjEyMDAwMDAwMDAwMH19",
          "dependencies": [
            "module.vpc.aws_eip.nat",
            "module.vpc.aws_nat_gateway.main",
            "module.vpc.aws_subnet.public",
            "module.vpc.aws_vpc.main"
          ]
        },
        {
          "index_key": 1,
          "schema_version": 0,
          "attributes": {
            "arn": "arn:aws:ec2:us-east-1:585768179815:route-table/rtb-01f8d96e42363cca9",
            "id": "rtb-01f8d96e42363cca9",
            "owner_id": "585768179815",
            "propagating_vgws": [],
            "route": [
              {
                "carrier_gateway_id": "",
                "cidr_block": "0.0.0.0/0",
                "core_network_arn": "",
                "destination_prefix_list_id": "",
                "egress_only_gateway_id": "",
                "gateway_id": "",
                "ipv6_cidr_block": "",
                "local_gateway_id": "",
                "nat_gateway_id": "nat-054e080ae1bedb78f",
                "network_interface_id": "",
                "transit_gateway_id": "",
                "vpc_endpoint_id": "",
                "vpc_peering_connection_id": ""
              }
            ],
            "tags": {
              "Name": "konecta-ass1-dev-private-rt-2"
            },
            "tags_all": {
              "Name": "konecta-ass1-dev-private-rt-2"
            },
            "timeouts": null,
            "vpc_id": "vpc-0ea9fa2e27abda476"
          },
          "sensitive_attributes": [],
          "identity_schema_version": 0,
          "private": "eyJlMmJmYjczMC1lY2FhLTExZTYtOGY4OC0zNDM2M2JjN2M0YzAiOnsiY3JlYXRlIjozMDAwMDAwMDAwMDAsImRlbGV0ZSI6MzAwMDAwMDAwMDAwLCJ1cGRhdGUiOjEyMDAwMDAwMDAwMH19",
          "dependencies": [
            "module.vpc.aws_eip.nat",
            "module.vpc.aws_nat_gateway.main",
            "module.vpc.aws_subnet.public",
            "module.vpc.aws_vpc.main"
          ]
        }
      ]
    },
    {
      "module": "module.vpc",
      "mode": "managed",
      "type": "aws_route_table",
      "name": "public",
      "provider": "provider[\"registry.terraform.io/hashicorp/aws\"]",
      "instances": [
        {
          "schema_version": 0,
          "attributes": {
            "arn": "arn:aws:ec2:us-east-1:585768179815:route-table/rtb-09f3d37b856adb03f",
            "id": "rtb-09f3d37b856adb03f",
            "owner_id": "585768179815",
            "propagating_vgws": [],
            "route": [
              {
                "carrier_gateway_id": "",
                "cidr_block": "0.0.0.0/0",
                "core_network_arn": "",
                "destination_prefix_list_id": "",
                "egress_only_gateway_id": "",
                "gateway_id": "igw-001875a8046166c51",
                "ipv6_cidr_block": "",
                "local_gateway_id": "",
                "nat_gateway_id": "",
                "network_interface_id": "",
                "transit_gateway_id": "",
                "vpc_endpoint_id": "",
                "vpc_peering_connection_id": ""
              }
            ],
            "tags": {
              "Name": "konecta-ass1-dev-public-rt"
            },
            "tags_all": {
              "Name": "konecta-ass1-dev-public-rt"
            },
            "timeouts": null,
            "vpc_id": "vpc-0ea9fa2e27abda476"
          },
          "sensitive_attributes": [],
          "identity_schema_version": 0,
          "private": "eyJlMmJmYjczMC1lY2FhLTExZTYtOGY4OC0zNDM2M2JjN2M0YzAiOnsiY3JlYXRlIjozMDAwMDAwMDAwMDAsImRlbGV0ZSI6MzAwMDAwMDAwMDAwLCJ1cGRhdGUiOjEyMDAwMDAwMDAwMH19",
          "dependencies": [
            "module.vpc.aws_internet_gateway.main",
            "module.vpc.aws_vpc.main"
          ]
        }
      ]
    },
    {
      "module": "module.vpc",
      "mode": "managed",
      "type": "aws_route_table_association",
      "name": "private",
      "provider": "provider[\"registry.terraform.io/hashicorp/aws\"]",
      "instances": [
        {
          "index_key": 0,
          "schema_version": 0,
          "attributes": {
            "gateway_id": "",
            "id": "rtbassoc-0f2dc130ab83ba0a1",
            "route_table_id": "rtb-03fdb2246921fe12c",
            "subnet_id": "subnet-085a38cdaacbf307b",
            "timeouts": null
          },
          "sensitive_attributes": [],
          "identity_schema_version": 0,
          "private": "eyJlMmJmYjczMC1lY2FhLTExZTYtOGY4OC0zNDM2M2JjN2M0YzAiOnsiY3JlYXRlIjozMDAwMDAwMDAwMDAsImRlbGV0ZSI6MzAwMDAwMDAwMDAwLCJ1cGRhdGUiOjEyMDAwMDAwMDAwMH19",
          "dependencies": [
            "module.vpc.aws_eip.nat",
            "module.vpc.aws_nat_gateway.main",
            "module.vpc.aws_route_table.private",
            "module.vpc.aws_subnet.private",
            "module.vpc.aws_subnet.public",
            "module.vpc.aws_vpc.main"
          ]
        },
        {
          "index_key": 1,
          "schema_version": 0,
          "attributes": {
            "gateway_id": "",
            "id": "rtbassoc-04235a2fcf4c498ee",
            "route_table_id": "rtb-01f8d96e42363cca9",
            "subnet_id": "subnet-084f882453e83e674",
            "timeouts": null
          },
          "sensitive_attributes": [],
          "identity_schema_version": 0,
          "private": "eyJlMmJmYjczMC1lY2FhLTExZTYtOGY4OC0zNDM2M2JjN2M0YzAiOnsiY3JlYXRlIjozMDAwMDAwMDAwMDAsImRlbGV0ZSI6MzAwMDAwMDAwMDAwLCJ1cGRhdGUiOjEyMDAwMDAwMDAwMH19",
          "dependencies": [
            "module.vpc.aws_eip.nat",
            "module.vpc.aws_nat_gateway.main",
            "module.vpc.aws_route_table.private",
            "module.vpc.aws_subnet.private",
            "module.vpc.aws_subnet.public",
            "module.vpc.aws_vpc.main"
          ]
        }
      ]
    },
    {
      "module": "module.vpc",
      "mode": "managed",
      "type": "aws_route_table_association",
      "name": "public",
      "provider": "provider[\"registry.terraform.io/hashicorp/aws\"]",
      "instances": [
        {
          "index_key": 0,
          "schema_version": 0,
          "attributes": {
            "gateway_id": "",
            "id": "rtbassoc-038c7910edb06b808",
            "route_table_id": "rtb-09f3d37b856adb03f",
            "subnet_id": "subnet-078ac490142b47691",
            "timeouts": null
          },
          "sensitive_attributes": [],
          "identity_schema_version": 0,
          "private": "eyJlMmJmYjczMC1lY2FhLTExZTYtOGY4OC0zNDM2M2JjN2M0YzAiOnsiY3JlYXRlIjozMDAwMDAwMDAwMDAsImRlbGV0ZSI6MzAwMDAwMDAwMDAwLCJ1cGRhdGUiOjEyMDAwMDAwMDAwMH19",
          "dependencies": [
            "module.vpc.aws_internet_gateway.main",
            "module.vpc.aws_route_table.public",
            "module.vpc.aws_subnet.public",
            "module.vpc.aws_vpc.main"
          ]
        },
        {
          "index_key": 1,
          "schema_version": 0,
          "attributes": {
            "gateway_id": "",
            "id": "rtbassoc-05e2ee58304eefc5f",
            "route_table_id": "rtb-09f3d37b856adb03f",
            "subnet_id": "subnet-070cb6588f48aa9d5",
            "timeouts": null
          },
          "sensitive_attributes": [],
          "identity_schema_version": 0,
          "private": "eyJlMmJmYjczMC1lY2FhLTExZTYtOGY4OC0zNDM2M2JjN2M0YzAiOnsiY3JlYXRlIjozMDAwMDAwMDAwMDAsImRlbGV0ZSI6MzAwMDAwMDAwMDAwLCJ1cGRhdGUiOjEyMDAwMDAwMDAwMH19",
          "dependencies": [
            "module.vpc.aws_internet_gateway.main",
            "module.vpc.aws_route_table.public",
            "module.vpc.aws_subnet.public",
            "module.vpc.aws_vpc.main"
          ]
        }
      ]
    },
    {
      "module": "module.vpc",
      "mode": "managed",
      "type": "aws_subnet",
      "name": "private",
      "provider": "provider[\"registry.terraform.io/hashicorp/aws\"]",
      "instances": [
        {
          "index_key": 0,
          "schema_version": 1,
          "attributes": {
            "arn": "arn:aws:ec2:us-east-1:585768179815:subnet/subnet-085a38cdaacbf307b",
            "assign_ipv6_address_on_creation": false,
            "availability_zone": "us-east-1a",
            "availability_zone_id": "use1-az1",
            "cidr_block": "10.0.3.0/24",
            "customer_owned_ipv4_pool": "",
            "enable_dns64": false,
            "enable_lni_at_device_index": 0,
            "enable_resource_name_dns_a_record_on_launch": false,
            "enable_resource_name_dns_aaaa_record_on_launch": false,
            "id": "subnet-085a38cdaacbf307b",
            "ipv6_cidr_block": "",
            "ipv6_cidr_block_association_id": "",
            "ipv6_native": false,
            "map_customer_owned_ip_on_launch": false,
            "map_public_ip_on_launch": false,
            "outpost_arn": "",
            "owner_id": "585768179815",
            "private_dns_hostname_type_on_launch": "ip-name",
            "tags": {
              "Name": "konecta-ass1-dev-private-1"
            },
            "tags_all": {
              "Name": "konecta-ass1-dev-private-1"
            },
            "timeouts": null,
            "vpc_id": "vpc-0ea9fa2e27abda476"
          },
          "sensitive_attributes": [],
          "identity_schema_version": 0,
          "private": "eyJlMmJmYjczMC1lY2FhLTExZTYtOGY4OC0zNDM2M2JjN2M0YzAiOnsiY3JlYXRlIjo2MDAwMDAwMDAwMDAsImRlbGV0ZSI6MTIwMDAwMDAwMDAwMH0sInNjaGVtYV92ZXJzaW9uIjoiMSJ9",
          "dependencies": [
            "module.vpc.aws_vpc.main"
          ]
        },
        {
          "index_key": 1,
          "schema_version": 1,
          "attributes": {
            "arn": "arn:aws:ec2:us-east-1:585768179815:subnet/subnet-084f882453e83e674",
            "assign_ipv6_address_on_creation": false,
            "availability_zone": "us-east-1b",
            "availability_zone_id": "use1-az2",
            "cidr_block": "10.0.4.0/24",
            "customer_owned_ipv4_pool": "",
            "enable_dns64": false,
            "enable_lni_at_device_index": 0,
            "enable_resource_name_dns_a_record_on_launch": false,
            "enable_resource_name_dns_aaaa_record_on_launch": false,
            "id": "subnet-084f882453e83e674",
            "ipv6_cidr_block": "",
            "ipv6_cidr_block_association_id": "",
            "ipv6_native": false,
            "map_customer_owned_ip_on_launch": false,
            "map_public_ip_on_launch": false,
            "outpost_arn": "",
            "owner_id": "585768179815",
            "private_dns_hostname_type_on_launch": "ip-name",
            "tags": {
              "Name": "konecta-ass1-dev-private-2"
            },
            "tags_all": {
              "Name": "konecta-ass1-dev-private-2"
            },
            "timeouts": null,
            "vpc_id": "vpc-0ea9fa2e27abda476"
          },
          "sensitive_attributes": [],
          "identity_schema_version": 0,
          "private": "eyJlMmJmYjczMC1lY2FhLTExZTYtOGY4OC0zNDM2M2JjN2M0YzAiOnsiY3JlYXRlIjo2MDAwMDAwMDAwMDAsImRlbGV0ZSI6MTIwMDAwMDAwMDAwMH0sInNjaGVtYV92ZXJzaW9uIjoiMSJ9",
          "dependencies": [
            "module.vpc.aws_vpc.main"
          ]
        }
      ]
    },
    {
      "module": "module.vpc",
      "mode": "managed",
      "type": "aws_subnet",
      "name": "public",
      "provider": "provider[\"registry.terraform.io/hashicorp/aws\"]",
      "instances": [
        {
          "index_key": 0,
          "schema_version": 1,
          "attributes": {
            "arn": "arn:aws:ec2:us-east-1:585768179815:subnet/subnet-078ac490142b47691",
            "assign_ipv6_address_on_creation": false,
            "availability_zone": "us-east-1a",
            "availability_zone_id": "use1-az1",
            "cidr_block": "10.0.1.0/24",
            "customer_owned_ipv4_pool": "",
            "enable_dns64": false,
            "enable_lni_at_device_index": 0,
            "enable_resource_name_dns_a_record_on_launch": false,
            "enable_resource_name_dns_aaaa_record_on_launch": false,
            "id": "subnet-078ac490142b47691",
            "ipv6_cidr_block": "",
            "ipv6_cidr_block_association_id": "",
            "ipv6_native": false,
            "map_customer_owned_ip_on_launch": false,
            "map_public_ip_on_launch": true,
            "outpost_arn": "",
            "owner_id": "585768179815",
            "private_dns_hostname_type_on_launch": "ip-name",
            "tags": {
              "Name": "konecta-ass1-dev-public-1"
            },
            "tags_all": {
              "Name": "konecta-ass1-dev-public-1"
            },
            "timeouts": null,
            "vpc_id": "vpc-0ea9fa2e27abda476"
          },
          "sensitive_attributes": [],
          "identity_schema_version": 0,
          "private": "eyJlMmJmYjczMC1lY2FhLTExZTYtOGY4OC0zNDM2M2JjN2M0YzAiOnsiY3JlYXRlIjo2MDAwMDAwMDAwMDAsImRlbGV0ZSI6MTIwMDAwMDAwMDAwMH0sInNjaGVtYV92ZXJzaW9uIjoiMSJ9",
          "dependencies": [
            "module.vpc.aws_vpc.main"
          ]
        },
        {
          "index_key": 1,
          "schema_version": 1,
          "attributes": {
            "arn": "arn:aws:ec2:us-east-1:585768179815:subnet/subnet-070cb6588f48aa9d5",
            "assign_ipv6_address_on_creation": false,
            "availability_zone": "us-east-1b",
            "availability_zone_id": "use1-az2",
            "cidr_block": "10.0.2.0/24",
            "customer_owned_ipv4_pool": "",
            "enable_dns64": false,
            "enable_lni_at_device_index": 0,
            "enable_resource_name_dns_a_record_on_launch": false,
            "enable_resource_name_dns_aaaa_record_on_launch": false,
            "id": "subnet-070cb6588f48aa9d5",
            "ipv6_cidr_block": "",
            "ipv6_cidr_block_association_id": "",
            "ipv6_native": false,
            "map_customer_owned_ip_on_launch": false,
            "map_public_ip_on_launch": true,
            "outpost_arn": "",
            "owner_id": "585768179815",
            "private_dns_hostname_type_on_launch": "ip-name",
            "tags": {
              "Name": "konecta-ass1-dev-public-2"
            },
            "tags_all": {
              "Name": "konecta-ass1-dev-public-2"
            },
            "timeouts": null,
            "vpc_id": "vpc-0ea9fa2e27abda476"
          },
          "sensitive_attributes": [],
          "identity_schema_version": 0,
          "private": "eyJlMmJmYjczMC1lY2FhLTExZTYtOGY4OC0zNDM2M2JjN2M0YzAiOnsiY3JlYXRlIjo2MDAwMDAwMDAwMDAsImRlbGV0ZSI6MTIwMDAwMDAwMDAwMH0sInNjaGVtYV92ZXJzaW9uIjoiMSJ9",
          "dependencies": [
            "module.vpc.aws_vpc.main"
          ]
        }
      ]
    },
    {
      "module": "module.vpc",
      "mode": "managed",
      "type": "aws_vpc",
      "name": "main",
      "provider": "provider[\"registry.terraform.io/hashicorp/aws\"]",
      "instances": [
        {
          "schema_version": 1,
          "attributes": {
            "arn": "arn:aws:ec2:us-east-1:585768179815:vpc/vpc-0ea9fa2e27abda476",
            "assign_generated_ipv6_cidr_block": false,
            "cidr_block": "10.0.0.0/16",
            "default_network_acl_id": "acl-0397d4adc9c0e5197",
            "default_route_table_id": "rtb-0e3267d000699c363",
            "default_security_group_id": "sg-0abd6d5118970befb",
            "dhcp_options_id": "dopt-0e219a94deeadd4a3",
            "enable_dns_hostnames": false,
            "enable_dns_support": true,
            "enable_network_address_usage_metrics": false,
            "id": "vpc-0ea9fa2e27abda476",
            "instance_tenancy": "default",
            "ipv4_ipam_pool_id": null,
            "ipv4_netmask_length": null,
            "ipv6_association_id": "",
            "ipv6_cidr_block": "",
            "ipv6_cidr_block_network_border_group": "",
            "ipv6_ipam_pool_id": "",
            "ipv6_netmask_length": 0,
            "main_route_table_id": "rtb-0e3267d000699c363",
            "owner_id": "585768179815",
            "tags": {
              "Name": "konecta-ass1-dev-vpc"
            },
            "tags_all": {
              "Name": "konecta-ass1-dev-vpc"
            }
          },
          "sensitive_attributes": [],
          "identity_schema_version": 0,
          "private": "eyJzY2hlbWFfdmVyc2lvbiI6IjEifQ=="
        }
      ]
    }
  ],
  "check_results": null
}
